
Microsoft Visual Studio Solution File, Format Version 12.00
# Visual Studio 14
VisualStudioVersion = 14.0.25123.0
MinimumVisualStudioVersion = 10.0.40219.1
Project("{FAE04EC0-301F-11D3-BF4B-00C04F79EFBC}") = "ApiTester", "ApiTester\ApiTester.csproj", "{80BC2F72-3596-4F15-970C-F1012EE074D2}"
EndProject
Project("{FAE04EC0-301F-11D3-BF4B-00C04F79EFBC}") = "Common", "Common\Common.csproj", "{4D5ECA11-0727-485D-985A-7FCADCFB25C7}"
EndProject
Project("{FAE04EC0-301F-11D3-BF4B-00C04F79EFBC}") = "FluentTesting", "FluentTesting\FluentTesting.csproj", "{3813CDFF-94EF-4A71-BD83-C69F43B029B0}"
EndProject
Project("{FAE04EC0-301F-11D3-BF4B-00C04F79EFBC}") = "ApiTester.Client", "ApiTester.Client\ApiTester.Client.csproj", "{1DF60133-50BD-43E4-A5ED-27EEADDA7057}"
EndProject
Project("{FAE04EC0-301F-11D3-BF4B-00C04F79EFBC}") = "ApiTester.Wpf", "ApiTester.Wpf\ApiTester.Wpf.csproj", "{47EFEE67-305A-4672-BAAA-165BA8EBFC39}"
EndProject
Project("{FAE04EC0-301F-11D3-BF4B-00C04F79EFBC}") = "ApiTester.Console", "ApiTester.Console\ApiTester.Console.csproj", "{B90BA7DE-E7E2-4DF9-AC93-20C0546F28B8}"
EndProject
Project("{FAE04EC0-301F-11D3-BF4B-00C04F79EFBC}") = "FluentTesting.Tests", "FluentTesting.Tests\FluentTesting.Tests.csproj", "{0EE766D9-4055-4679-A277-54EE7AD08E30}"
EndProject
Project("{FAE04EC0-301F-11D3-BF4B-00C04F79EFBC}") = "Common.Data", "Common.Data\Common.Data.csproj", "{7E864A0D-402F-4D90-8A9D-A2D309E8BA08}"
EndProject
Project("{FAE04EC0-301F-11D3-BF4B-00C04F79EFBC}") = "Code.Service", "Code.Service\Code.Service.csproj", "{8432F653-F808-4768-964B-6422C92A422E}"
EndProject
Project("{FAE04EC0-301F-11D3-BF4B-00C04F79EFBC}") = "Common.Generics", "Common.Generics\Common.Generics.csproj", "{6CF371CD-4BAE-4CC7-8BAA-A984863AE040}"
EndProject
Project("{FAE04EC0-301F-11D3-BF4B-00C04F79EFBC}") = "Trainer.Domain", "Trainer.Domain\Trainer.Domain.csproj", "{8CB4A0BD-82A1-4B4C-B3A1-DD880B82DAB7}"
EndProject
Project("{FAE04EC0-301F-11D3-BF4B-00C04F79EFBC}") = "Common.Controllers", "Common.Controllers\Common.Controllers.csproj", "{2DDA8938-B74B-4A3C-8635-D2EA41A0B9C8}"
EndProject
Global
	GlobalSection(SolutionConfigurationPlatforms) = preSolution
		Debug|Any CPU = Debug|Any CPU
		Release|Any CPU = Release|Any CPU
	EndGlobalSection
	GlobalSection(ProjectConfigurationPlatforms) = postSolution
		{80BC2F72-3596-4F15-970C-F1012EE074D2}.Debug|Any CPU.ActiveCfg = Debug|Any CPU
		{80BC2F72-3596-4F15-970C-F1012EE074D2}.Debug|Any CPU.Build.0 = Debug|Any CPU
		{80BC2F72-3596-4F15-970C-F1012EE074D2}.Release|Any CPU.ActiveCfg = Release|Any CPU
		{80BC2F72-3596-4F15-970C-F1012EE074D2}.Release|Any CPU.Build.0 = Release|Any CPU
		{4D5ECA11-0727-485D-985A-7FCADCFB25C7}.Debug|Any CPU.ActiveCfg = Debug|Any CPU
		{4D5ECA11-0727-485D-985A-7FCADCFB25C7}.Debug|Any CPU.Build.0 = Debug|Any CPU
		{4D5ECA11-0727-485D-985A-7FCADCFB25C7}.Release|Any CPU.ActiveCfg = Release|Any CPU
		{4D5ECA11-0727-485D-985A-7FCADCFB25C7}.Release|Any CPU.Build.0 = Release|Any CPU
		{3813CDFF-94EF-4A71-BD83-C69F43B029B0}.Debug|Any CPU.ActiveCfg = Debug|Any CPU
		{3813CDFF-94EF-4A71-BD83-C69F43B029B0}.Debug|Any CPU.Build.0 = Debug|Any CPU
		{3813CDFF-94EF-4A71-BD83-C69F43B029B0}.Release|Any CPU.ActiveCfg = Release|Any CPU
		{3813CDFF-94EF-4A71-BD83-C69F43B029B0}.Release|Any CPU.Build.0 = Release|Any CPU
		{1DF60133-50BD-43E4-A5ED-27EEADDA7057}.Debug|Any CPU.ActiveCfg = Debug|Any CPU
		{1DF60133-50BD-43E4-A5ED-27EEADDA7057}.Debug|Any CPU.Build.0 = Debug|Any CPU
		{1DF60133-50BD-43E4-A5ED-27EEADDA7057}.Release|Any CPU.ActiveCfg = Release|Any CPU
		{1DF60133-50BD-43E4-A5ED-27EEADDA7057}.Release|Any CPU.Build.0 = Release|Any CPU
		{47EFEE67-305A-4672-BAAA-165BA8EBFC39}.Debug|Any CPU.ActiveCfg = Debug|Any CPU
		{47EFEE67-305A-4672-BAAA-165BA8EBFC39}.Debug|Any CPU.Build.0 = Debug|Any CPU
		{47EFEE67-305A-4672-BAAA-165BA8EBFC39}.Release|Any CPU.ActiveCfg = Release|Any CPU
		{47EFEE67-305A-4672-BAAA-165BA8EBFC39}.Release|Any CPU.Build.0 = Release|Any CPU
		{B90BA7DE-E7E2-4DF9-AC93-20C0546F28B8}.Debug|Any CPU.ActiveCfg = Debug|Any CPU
		{B90BA7DE-E7E2-4DF9-AC93-20C0546F28B8}.Debug|Any CPU.Build.0 = Debug|Any CPU
		{B90BA7DE-E7E2-4DF9-AC93-20C0546F28B8}.Release|Any CPU.ActiveCfg = Release|Any CPU
		{B90BA7DE-E7E2-4DF9-AC93-20C0546F28B8}.Release|Any CPU.Build.0 = Release|Any CPU
		{0EE766D9-4055-4679-A277-54EE7AD08E30}.Debug|Any CPU.ActiveCfg = Debug|Any CPU
		{0EE766D9-4055-4679-A277-54EE7AD08E30}.Debug|Any CPU.Build.0 = Debug|Any CPU
		{0EE766D9-4055-4679-A277-54EE7AD08E30}.Release|Any CPU.ActiveCfg = Release|Any CPU
		{0EE766D9-4055-4679-A277-54EE7AD08E30}.Release|Any CPU.Build.0 = Release|Any CPU
		{7E864A0D-402F-4D90-8A9D-A2D309E8BA08}.Debug|Any CPU.ActiveCfg = Debug|Any CPU
		{7E864A0D-402F-4D90-8A9D-A2D309E8BA08}.Debug|Any CPU.Build.0 = Debug|Any CPU
		{7E864A0D-402F-4D90-8A9D-A2D309E8BA08}.Release|Any CPU.ActiveCfg = Release|Any CPU
		{7E864A0D-402F-4D90-8A9D-A2D309E8BA08}.Release|Any CPU.Build.0 = Release|Any CPU
		{8432F653-F808-4768-964B-6422C92A422E}.Debug|Any CPU.ActiveCfg = Debug|Any CPU
		{8432F653-F808-4768-964B-6422C92A422E}.Debug|Any CPU.Build.0 = Debug|Any CPU
		{8432F653-F808-4768-964B-6422C92A422E}.Release|Any CPU.ActiveCfg = Release|Any CPU
		{8432F653-F808-4768-964B-6422C92A422E}.Release|Any CPU.Build.0 = Release|Any CPU
		{6CF371CD-4BAE-4CC7-8BAA-A984863AE040}.Debug|Any CPU.ActiveCfg = Debug|Any CPU
		{6CF371CD-4BAE-4CC7-8BAA-A984863AE040}.Debug|Any CPU.Build.0 = Debug|Any CPU
		{6CF371CD-4BAE-4CC7-8BAA-A984863AE040}.Release|Any CPU.ActiveCfg = Release|Any CPU
		{6CF371CD-4BAE-4CC7-8BAA-A984863AE040}.Release|Any CPU.Build.0 = Release|Any CPU
		{8CB4A0BD-82A1-4B4C-B3A1-DD880B82DAB7}.Debug|Any CPU.ActiveCfg = Debug|Any CPU
		{8CB4A0BD-82A1-4B4C-B3A1-DD880B82DAB7}.Debug|Any CPU.Build.0 = Debug|Any CPU
		{8CB4A0BD-82A1-4B4C-B3A1-DD880B82DAB7}.Release|Any CPU.ActiveCfg = Release|Any CPU
		{8CB4A0BD-82A1-4B4C-B3A1-DD880B82DAB7}.Release|Any CPU.Build.0 = Release|Any CPU
		{2DDA8938-B74B-4A3C-8635-D2EA41A0B9C8}.Debug|Any CPU.ActiveCfg = Debug|Any CPU
		{2DDA8938-B74B-4A3C-8635-D2EA41A0B9C8}.Debug|Any CPU.Build.0 = Debug|Any CPU
		{2DDA8938-B74B-4A3C-8635-D2EA41A0B9C8}.Release|Any CPU.ActiveCfg = Release|Any CPU
		{2DDA8938-B74B-4A3C-8635-D2EA41A0B9C8}.Release|Any CPU.Build.0 = Release|Any CPU
	EndGlobalSection
	GlobalSection(SolutionProperties) = preSolution
		HideSolutionNode = FALSE
	EndGlobalSection
EndGlobal
