
Microsoft Visual Studio Solution File, Format Version 12.00
# Visual Studio 14
VisualStudioVersion = 14.0.25123.0
MinimumVisualStudioVersion = 10.0.40219.1
Project("{FAE04EC0-301F-11D3-BF4B-00C04F79EFBC}") = "ApiTester", "ApiTester\ApiTester.csproj", "{80BC2F72-3596-4F15-970C-F1012EE074D2}"
EndProject
Project("{FAE04EC0-301F-11D3-BF4B-00C04F79EFBC}") = "Common", "Common\Common.csproj", "{4D5ECA11-0727-485D-985A-7FCADCFB25C7}"
EndProject
Project("{FAE04EC0-301F-11D3-BF4B-00C04F79EFBC}") = "FluentTesting", "FluentTesting\FluentTesting.csproj", "{3813CDFF-94EF-4A71-BD83-C69F43B029B0}"
EndProject
Project("{FAE04EC0-301F-11D3-BF4B-00C04F79EFBC}") = "ApiTester.Client", "ApiTester.Client\ApiTester.Client.csproj", "{1DF60133-50BD-43E4-A5ED-27EEADDA7057}"
EndProject
Project("{FAE04EC0-301F-11D3-BF4B-00C04F79EFBC}") = "ApiTester.Wpf", "ApiTester.Wpf\ApiTester.Wpf.csproj", "{47EFEE67-305A-4672-BAAA-165BA8EBFC39}"
EndProject
Project("{FAE04EC0-301F-11D3-BF4B-00C04F79EFBC}") = "ApiTester.Console", "ApiTester.Console\ApiTester.Console.csproj", "{B90BA7DE-E7E2-4DF9-AC93-20C0546F28B8}"
EndProject
Project("{FAE04EC0-301F-11D3-BF4B-00C04F79EFBC}") = "FluentTesting.Tests", "FluentTesting.Tests\FluentTesting.Tests.csproj", "{0EE766D9-4055-4679-A277-54EE7AD08E30}"
EndProject
Global
	GlobalSection(SolutionConfigurationPlatforms) = preSolution
		Debug|Any CPU = Debug|Any CPU
		Release|Any CPU = Release|Any CPU
	EndGlobalSection
	GlobalSection(ProjectConfigurationPlatforms) = postSolution
		{80BC2F72-3596-4F15-970C-F1012EE074D2}.Debug|Any CPU.ActiveCfg = Debug|Any CPU
		{80BC2F72-3596-4F15-970C-F1012EE074D2}.Debug|Any CPU.Build.0 = Debug|Any CPU
		{80BC2F72-3596-4F15-970C-F1012EE074D2}.Release|Any CPU.ActiveCfg = Release|Any CPU
		{80BC2F72-3596-4F15-970C-F1012EE074D2}.Release|Any CPU.Build.0 = Release|Any CPU
		{4D5ECA11-0727-485D-985A-7FCADCFB25C7}.Debug|Any CPU.ActiveCfg = Debug|Any CPU
		{4D5ECA11-0727-485D-985A-7FCADCFB25C7}.Debug|Any CPU.Build.0 = Debug|Any CPU
		{4D5ECA11-0727-485D-985A-7FCADCFB25C7}.Release|Any CPU.ActiveCfg = Release|Any CPU
		{4D5ECA11-0727-485D-985A-7FCADCFB25C7}.Release|Any CPU.Build.0 = Release|Any CPU
		{3813CDFF-94EF-4A71-BD83-C69F43B029B0}.Debug|Any CPU.ActiveCfg = Debug|Any CPU
		{3813CDFF-94EF-4A71-BD83-C69F43B029B0}.Debug|Any CPU.Build.0 = Debug|Any CPU
		{3813CDFF-94EF-4A71-BD83-C69F43B029B0}.Release|Any CPU.ActiveCfg = Release|Any CPU
		{3813CDFF-94EF-4A71-BD83-C69F43B029B0}.Release|Any CPU.Build.0 = Release|Any CPU
		{1DF60133-50BD-43E4-A5ED-27EEADDA7057}.Debug|Any CPU.ActiveCfg = Debug|Any CPU
		{1DF60133-50BD-43E4-A5ED-27EEADDA7057}.Debug|Any CPU.Build.0 = Debug|Any CPU
		{1DF60133-50BD-43E4-A5ED-27EEADDA7057}.Release|Any CPU.ActiveCfg = Release|Any CPU
		{1DF60133-50BD-43E4-A5ED-27EEADDA7057}.Release|Any CPU.Build.0 = Release|Any CPU
		{47EFEE67-305A-4672-BAAA-165BA8EBFC39}.Debug|Any CPU.ActiveCfg = Debug|Any CPU
		{47EFEE67-305A-4672-BAAA-165BA8EBFC39}.Debug|Any CPU.Build.0 = Debug|Any CPU
		{47EFEE67-305A-4672-BAAA-165BA8EBFC39}.Release|Any CPU.ActiveCfg = Release|Any CPU
		{47EFEE67-305A-4672-BAAA-165BA8EBFC39}.Release|Any CPU.Build.0 = Release|Any CPU
		{B90BA7DE-E7E2-4DF9-AC93-20C0546F28B8}.Debug|Any CPU.ActiveCfg = Debug|Any CPU
		{B90BA7DE-E7E2-4DF9-AC93-20C0546F28B8}.Debug|Any CPU.Build.0 = Debug|Any CPU
		{B90BA7DE-E7E2-4DF9-AC93-20C0546F28B8}.Release|Any CPU.ActiveCfg = Release|Any CPU
		{B90BA7DE-E7E2-4DF9-AC93-20C0546F28B8}.Release|Any CPU.Build.0 = Release|Any CPU
		{0EE766D9-4055-4679-A277-54EE7AD08E30}.Debug|Any CPU.ActiveCfg = Debug|Any CPU
		{0EE766D9-4055-4679-A277-54EE7AD08E30}.Debug|Any CPU.Build.0 = Debug|Any CPU
		{0EE766D9-4055-4679-A277-54EE7AD08E30}.Release|Any CPU.ActiveCfg = Release|Any CPU
		{0EE766D9-4055-4679-A277-54EE7AD08E30}.Release|Any CPU.Build.0 = Release|Any CPU
	EndGlobalSection
	GlobalSection(SolutionProperties) = preSolution
		HideSolutionNode = FALSE
	EndGlobalSection
EndGlobal
