
Microsoft Visual Studio Solution File, Format Version 12.00
# Visual Studio 14
VisualStudioVersion = 14.0.24720.0
MinimumVisualStudioVersion = 10.0.40219.1
Project("{FAE04EC0-301F-11D3-BF4B-00C04F79EFBC}") = "Interviewer.Xamarin.Droid", "Interviewer.Xamarin\Interviewer.Xamarin.Droid\Interviewer.Xamarin.Droid.csproj", "{D3D8F053-4C7F-43AC-8F31-E9D0F30687D6}"
EndProject
Project("{FAE04EC0-301F-11D3-BF4B-00C04F79EFBC}") = "Interviewer.Xamarin.iOS", "Interviewer.Xamarin\Interviewer.Xamarin.iOS\Interviewer.Xamarin.iOS.csproj", "{E77DC363-CB71-48FC-958A-E93FF38402BB}"
EndProject
Project("{FAE04EC0-301F-11D3-BF4B-00C04F79EFBC}") = "Interviewer.Xamarin.WinPhone", "Interviewer.Xamarin\Interviewer.Xamarin.WinPhone\Interviewer.Xamarin.WinPhone.csproj", "{7BF691B4-45C4-4323-9143-E0217314DEC6}"
EndProject
Project("{FAE04EC0-301F-11D3-BF4B-00C04F79EFBC}") = "Interviewer.Xamarin.UWP", "Interviewer.Xamarin\Interviewer.Xamarin.UWP\Interviewer.Xamarin.UWP.csproj", "{4AAC81B3-AC39-45D4-897B-41DED782B21D}"
EndProject
Project("{FAE04EC0-301F-11D3-BF4B-00C04F79EFBC}") = "Interviewer.Xamarin.Windows", "Interviewer.Xamarin\Interviewer.Xamarin.Windows\Interviewer.Xamarin.Windows.csproj", "{5DA03E5B-08A2-450A-BB37-4260974A9ADE}"
EndProject
Project("{FAE04EC0-301F-11D3-BF4B-00C04F79EFBC}") = "Interviewer.Xamarin", "Interviewer.Xamarin\Interviewer.Xamarin\Interviewer.Xamarin.csproj", "{23E785E4-700F-40E0-B0F3-637404C2ED6C}"
EndProject
Global
	GlobalSection(SolutionConfigurationPlatforms) = preSolution
		Ad-Hoc|Any CPU = Ad-Hoc|Any CPU
		Ad-Hoc|ARM = Ad-Hoc|ARM
		Ad-Hoc|iPhone = Ad-Hoc|iPhone
		Ad-Hoc|iPhoneSimulator = Ad-Hoc|iPhoneSimulator
		Ad-Hoc|x64 = Ad-Hoc|x64
		Ad-Hoc|x86 = Ad-Hoc|x86
		AppStore|Any CPU = AppStore|Any CPU
		AppStore|ARM = AppStore|ARM
		AppStore|iPhone = AppStore|iPhone
		AppStore|iPhoneSimulator = AppStore|iPhoneSimulator
		AppStore|x64 = AppStore|x64
		AppStore|x86 = AppStore|x86
		Debug|Any CPU = Debug|Any CPU
		Debug|ARM = Debug|ARM
		Debug|iPhone = Debug|iPhone
		Debug|iPhoneSimulator = Debug|iPhoneSimulator
		Debug|x64 = Debug|x64
		Debug|x86 = Debug|x86
		Release|Any CPU = Release|Any CPU
		Release|ARM = Release|ARM
		Release|iPhone = Release|iPhone
		Release|iPhoneSimulator = Release|iPhoneSimulator
		Release|x64 = Release|x64
		Release|x86 = Release|x86
	EndGlobalSection
	GlobalSection(ProjectConfigurationPlatforms) = postSolution
		{D3D8F053-4C7F-43AC-8F31-E9D0F30687D6}.Ad-Hoc|Any CPU.ActiveCfg = Release|Any CPU
		{D3D8F053-4C7F-43AC-8F31-E9D0F30687D6}.Ad-Hoc|Any CPU.Build.0 = Release|Any CPU
		{D3D8F053-4C7F-43AC-8F31-E9D0F30687D6}.Ad-Hoc|Any CPU.Deploy.0 = Release|Any CPU
		{D3D8F053-4C7F-43AC-8F31-E9D0F30687D6}.Ad-Hoc|ARM.ActiveCfg = Release|Any CPU
		{D3D8F053-4C7F-43AC-8F31-E9D0F30687D6}.Ad-Hoc|ARM.Build.0 = Release|Any CPU
		{D3D8F053-4C7F-43AC-8F31-E9D0F30687D6}.Ad-Hoc|ARM.Deploy.0 = Release|Any CPU
		{D3D8F053-4C7F-43AC-8F31-E9D0F30687D6}.Ad-Hoc|iPhone.ActiveCfg = Release|Any CPU
		{D3D8F053-4C7F-43AC-8F31-E9D0F30687D6}.Ad-Hoc|iPhone.Build.0 = Release|Any CPU
		{D3D8F053-4C7F-43AC-8F31-E9D0F30687D6}.Ad-Hoc|iPhone.Deploy.0 = Release|Any CPU
		{D3D8F053-4C7F-43AC-8F31-E9D0F30687D6}.Ad-Hoc|iPhoneSimulator.ActiveCfg = Release|Any CPU
		{D3D8F053-4C7F-43AC-8F31-E9D0F30687D6}.Ad-Hoc|iPhoneSimulator.Build.0 = Release|Any CPU
		{D3D8F053-4C7F-43AC-8F31-E9D0F30687D6}.Ad-Hoc|iPhoneSimulator.Deploy.0 = Release|Any CPU
		{D3D8F053-4C7F-43AC-8F31-E9D0F30687D6}.Ad-Hoc|x64.ActiveCfg = Release|Any CPU
		{D3D8F053-4C7F-43AC-8F31-E9D0F30687D6}.Ad-Hoc|x64.Build.0 = Release|Any CPU
		{D3D8F053-4C7F-43AC-8F31-E9D0F30687D6}.Ad-Hoc|x64.Deploy.0 = Release|Any CPU
		{D3D8F053-4C7F-43AC-8F31-E9D0F30687D6}.Ad-Hoc|x86.ActiveCfg = Release|Any CPU
		{D3D8F053-4C7F-43AC-8F31-E9D0F30687D6}.Ad-Hoc|x86.Build.0 = Release|Any CPU
		{D3D8F053-4C7F-43AC-8F31-E9D0F30687D6}.Ad-Hoc|x86.Deploy.0 = Release|Any CPU
		{D3D8F053-4C7F-43AC-8F31-E9D0F30687D6}.AppStore|Any CPU.ActiveCfg = Release|Any CPU
		{D3D8F053-4C7F-43AC-8F31-E9D0F30687D6}.AppStore|Any CPU.Build.0 = Release|Any CPU
		{D3D8F053-4C7F-43AC-8F31-E9D0F30687D6}.AppStore|Any CPU.Deploy.0 = Release|Any CPU
		{D3D8F053-4C7F-43AC-8F31-E9D0F30687D6}.AppStore|ARM.ActiveCfg = Release|Any CPU
		{D3D8F053-4C7F-43AC-8F31-E9D0F30687D6}.AppStore|ARM.Build.0 = Release|Any CPU
		{D3D8F053-4C7F-43AC-8F31-E9D0F30687D6}.AppStore|ARM.Deploy.0 = Release|Any CPU
		{D3D8F053-4C7F-43AC-8F31-E9D0F30687D6}.AppStore|iPhone.ActiveCfg = Release|Any CPU
		{D3D8F053-4C7F-43AC-8F31-E9D0F30687D6}.AppStore|iPhone.Build.0 = Release|Any CPU
		{D3D8F053-4C7F-43AC-8F31-E9D0F30687D6}.AppStore|iPhone.Deploy.0 = Release|Any CPU
		{D3D8F053-4C7F-43AC-8F31-E9D0F30687D6}.AppStore|iPhoneSimulator.ActiveCfg = Release|Any CPU
		{D3D8F053-4C7F-43AC-8F31-E9D0F30687D6}.AppStore|iPhoneSimulator.Build.0 = Release|Any CPU
		{D3D8F053-4C7F-43AC-8F31-E9D0F30687D6}.AppStore|iPhoneSimulator.Deploy.0 = Release|Any CPU
		{D3D8F053-4C7F-43AC-8F31-E9D0F30687D6}.AppStore|x64.ActiveCfg = Release|Any CPU
		{D3D8F053-4C7F-43AC-8F31-E9D0F30687D6}.AppStore|x64.Build.0 = Release|Any CPU
		{D3D8F053-4C7F-43AC-8F31-E9D0F30687D6}.AppStore|x64.Deploy.0 = Release|Any CPU
		{D3D8F053-4C7F-43AC-8F31-E9D0F30687D6}.AppStore|x86.ActiveCfg = Release|Any CPU
		{D3D8F053-4C7F-43AC-8F31-E9D0F30687D6}.AppStore|x86.Build.0 = Release|Any CPU
		{D3D8F053-4C7F-43AC-8F31-E9D0F30687D6}.AppStore|x86.Deploy.0 = Release|Any CPU
		{D3D8F053-4C7F-43AC-8F31-E9D0F30687D6}.Debug|Any CPU.ActiveCfg = Debug|Any CPU
		{D3D8F053-4C7F-43AC-8F31-E9D0F30687D6}.Debug|Any CPU.Build.0 = Debug|Any CPU
		{D3D8F053-4C7F-43AC-8F31-E9D0F30687D6}.Debug|Any CPU.Deploy.0 = Debug|Any CPU
		{D3D8F053-4C7F-43AC-8F31-E9D0F30687D6}.Debug|ARM.ActiveCfg = Debug|Any CPU
		{D3D8F053-4C7F-43AC-8F31-E9D0F30687D6}.Debug|ARM.Build.0 = Debug|Any CPU
		{D3D8F053-4C7F-43AC-8F31-E9D0F30687D6}.Debug|ARM.Deploy.0 = Debug|Any CPU
		{D3D8F053-4C7F-43AC-8F31-E9D0F30687D6}.Debug|iPhone.ActiveCfg = Debug|Any CPU
		{D3D8F053-4C7F-43AC-8F31-E9D0F30687D6}.Debug|iPhone.Build.0 = Debug|Any CPU
		{D3D8F053-4C7F-43AC-8F31-E9D0F30687D6}.Debug|iPhone.Deploy.0 = Debug|Any CPU
		{D3D8F053-4C7F-43AC-8F31-E9D0F30687D6}.Debug|iPhoneSimulator.ActiveCfg = Debug|Any CPU
		{D3D8F053-4C7F-43AC-8F31-E9D0F30687D6}.Debug|iPhoneSimulator.Build.0 = Debug|Any CPU
		{D3D8F053-4C7F-43AC-8F31-E9D0F30687D6}.Debug|iPhoneSimulator.Deploy.0 = Debug|Any CPU
		{D3D8F053-4C7F-43AC-8F31-E9D0F30687D6}.Debug|x64.ActiveCfg = Debug|Any CPU
		{D3D8F053-4C7F-43AC-8F31-E9D0F30687D6}.Debug|x64.Build.0 = Debug|Any CPU
		{D3D8F053-4C7F-43AC-8F31-E9D0F30687D6}.Debug|x64.Deploy.0 = Debug|Any CPU
		{D3D8F053-4C7F-43AC-8F31-E9D0F30687D6}.Debug|x86.ActiveCfg = Debug|Any CPU
		{D3D8F053-4C7F-43AC-8F31-E9D0F30687D6}.Debug|x86.Build.0 = Debug|Any CPU
		{D3D8F053-4C7F-43AC-8F31-E9D0F30687D6}.Debug|x86.Deploy.0 = Debug|Any CPU
		{D3D8F053-4C7F-43AC-8F31-E9D0F30687D6}.Release|Any CPU.ActiveCfg = Release|Any CPU
		{D3D8F053-4C7F-43AC-8F31-E9D0F30687D6}.Release|Any CPU.Build.0 = Release|Any CPU
		{D3D8F053-4C7F-43AC-8F31-E9D0F30687D6}.Release|Any CPU.Deploy.0 = Release|Any CPU
		{D3D8F053-4C7F-43AC-8F31-E9D0F30687D6}.Release|ARM.ActiveCfg = Release|Any CPU
		{D3D8F053-4C7F-43AC-8F31-E9D0F30687D6}.Release|ARM.Build.0 = Release|Any CPU
		{D3D8F053-4C7F-43AC-8F31-E9D0F30687D6}.Release|ARM.Deploy.0 = Release|Any CPU
		{D3D8F053-4C7F-43AC-8F31-E9D0F30687D6}.Release|iPhone.ActiveCfg = Release|Any CPU
		{D3D8F053-4C7F-43AC-8F31-E9D0F30687D6}.Release|iPhone.Build.0 = Release|Any CPU
		{D3D8F053-4C7F-43AC-8F31-E9D0F30687D6}.Release|iPhone.Deploy.0 = Release|Any CPU
		{D3D8F053-4C7F-43AC-8F31-E9D0F30687D6}.Release|iPhoneSimulator.ActiveCfg = Release|Any CPU
		{D3D8F053-4C7F-43AC-8F31-E9D0F30687D6}.Release|iPhoneSimulator.Build.0 = Release|Any CPU
		{D3D8F053-4C7F-43AC-8F31-E9D0F30687D6}.Release|iPhoneSimulator.Deploy.0 = Release|Any CPU
		{D3D8F053-4C7F-43AC-8F31-E9D0F30687D6}.Release|x64.ActiveCfg = Release|Any CPU
		{D3D8F053-4C7F-43AC-8F31-E9D0F30687D6}.Release|x64.Build.0 = Release|Any CPU
		{D3D8F053-4C7F-43AC-8F31-E9D0F30687D6}.Release|x64.Deploy.0 = Release|Any CPU
		{D3D8F053-4C7F-43AC-8F31-E9D0F30687D6}.Release|x86.ActiveCfg = Release|Any CPU
		{D3D8F053-4C7F-43AC-8F31-E9D0F30687D6}.Release|x86.Build.0 = Release|Any CPU
		{D3D8F053-4C7F-43AC-8F31-E9D0F30687D6}.Release|x86.Deploy.0 = Release|Any CPU
		{E77DC363-CB71-48FC-958A-E93FF38402BB}.Ad-Hoc|Any CPU.ActiveCfg = Ad-Hoc|iPhone
		{E77DC363-CB71-48FC-958A-E93FF38402BB}.Ad-Hoc|ARM.ActiveCfg = Ad-Hoc|iPhone
		{E77DC363-CB71-48FC-958A-E93FF38402BB}.Ad-Hoc|iPhone.ActiveCfg = Ad-Hoc|iPhone
		{E77DC363-CB71-48FC-958A-E93FF38402BB}.Ad-Hoc|iPhone.Build.0 = Ad-Hoc|iPhone
		{E77DC363-CB71-48FC-958A-E93FF38402BB}.Ad-Hoc|iPhoneSimulator.ActiveCfg = Ad-Hoc|iPhoneSimulator
		{E77DC363-CB71-48FC-958A-E93FF38402BB}.Ad-Hoc|iPhoneSimulator.Build.0 = Ad-Hoc|iPhoneSimulator
		{E77DC363-CB71-48FC-958A-E93FF38402BB}.Ad-Hoc|x64.ActiveCfg = Ad-Hoc|iPhone
		{E77DC363-CB71-48FC-958A-E93FF38402BB}.Ad-Hoc|x86.ActiveCfg = Ad-Hoc|iPhone
		{E77DC363-CB71-48FC-958A-E93FF38402BB}.AppStore|Any CPU.ActiveCfg = AppStore|iPhone
		{E77DC363-CB71-48FC-958A-E93FF38402BB}.AppStore|ARM.ActiveCfg = AppStore|iPhone
		{E77DC363-CB71-48FC-958A-E93FF38402BB}.AppStore|iPhone.ActiveCfg = AppStore|iPhone
		{E77DC363-CB71-48FC-958A-E93FF38402BB}.AppStore|iPhone.Build.0 = AppStore|iPhone
		{E77DC363-CB71-48FC-958A-E93FF38402BB}.AppStore|iPhoneSimulator.ActiveCfg = AppStore|iPhoneSimulator
		{E77DC363-CB71-48FC-958A-E93FF38402BB}.AppStore|iPhoneSimulator.Build.0 = AppStore|iPhoneSimulator
		{E77DC363-CB71-48FC-958A-E93FF38402BB}.AppStore|x64.ActiveCfg = AppStore|iPhone
		{E77DC363-CB71-48FC-958A-E93FF38402BB}.AppStore|x86.ActiveCfg = AppStore|iPhone
		{E77DC363-CB71-48FC-958A-E93FF38402BB}.Debug|Any CPU.ActiveCfg = Debug|iPhone
		{E77DC363-CB71-48FC-958A-E93FF38402BB}.Debug|ARM.ActiveCfg = Debug|iPhone
		{E77DC363-CB71-48FC-958A-E93FF38402BB}.Debug|iPhone.ActiveCfg = Debug|iPhone
		{E77DC363-CB71-48FC-958A-E93FF38402BB}.Debug|iPhone.Build.0 = Debug|iPhone
		{E77DC363-CB71-48FC-958A-E93FF38402BB}.Debug|iPhoneSimulator.ActiveCfg = Debug|iPhoneSimulator
		{E77DC363-CB71-48FC-958A-E93FF38402BB}.Debug|iPhoneSimulator.Build.0 = Debug|iPhoneSimulator
		{E77DC363-CB71-48FC-958A-E93FF38402BB}.Debug|x64.ActiveCfg = Debug|iPhone
		{E77DC363-CB71-48FC-958A-E93FF38402BB}.Debug|x86.ActiveCfg = Debug|iPhone
		{E77DC363-CB71-48FC-958A-E93FF38402BB}.Release|Any CPU.ActiveCfg = Release|iPhone
		{E77DC363-CB71-48FC-958A-E93FF38402BB}.Release|ARM.ActiveCfg = Release|iPhone
		{E77DC363-CB71-48FC-958A-E93FF38402BB}.Release|iPhone.ActiveCfg = Release|iPhone
		{E77DC363-CB71-48FC-958A-E93FF38402BB}.Release|iPhone.Build.0 = Release|iPhone
		{E77DC363-CB71-48FC-958A-E93FF38402BB}.Release|iPhoneSimulator.ActiveCfg = Release|iPhoneSimulator
		{E77DC363-CB71-48FC-958A-E93FF38402BB}.Release|iPhoneSimulator.Build.0 = Release|iPhoneSimulator
		{E77DC363-CB71-48FC-958A-E93FF38402BB}.Release|x64.ActiveCfg = Release|iPhone
		{E77DC363-CB71-48FC-958A-E93FF38402BB}.Release|x86.ActiveCfg = Release|iPhone
		{7BF691B4-45C4-4323-9143-E0217314DEC6}.Ad-Hoc|Any CPU.ActiveCfg = Release|Any CPU
		{7BF691B4-45C4-4323-9143-E0217314DEC6}.Ad-Hoc|Any CPU.Build.0 = Release|Any CPU
		{7BF691B4-45C4-4323-9143-E0217314DEC6}.Ad-Hoc|Any CPU.Deploy.0 = Release|Any CPU
		{7BF691B4-45C4-4323-9143-E0217314DEC6}.Ad-Hoc|ARM.ActiveCfg = Release|ARM
		{7BF691B4-45C4-4323-9143-E0217314DEC6}.Ad-Hoc|ARM.Build.0 = Release|ARM
		{7BF691B4-45C4-4323-9143-E0217314DEC6}.Ad-Hoc|ARM.Deploy.0 = Release|ARM
		{7BF691B4-45C4-4323-9143-E0217314DEC6}.Ad-Hoc|iPhone.ActiveCfg = Release|Any CPU
		{7BF691B4-45C4-4323-9143-E0217314DEC6}.Ad-Hoc|iPhone.Build.0 = Release|Any CPU
		{7BF691B4-45C4-4323-9143-E0217314DEC6}.Ad-Hoc|iPhone.Deploy.0 = Release|Any CPU
		{7BF691B4-45C4-4323-9143-E0217314DEC6}.Ad-Hoc|iPhoneSimulator.ActiveCfg = Release|Any CPU
		{7BF691B4-45C4-4323-9143-E0217314DEC6}.Ad-Hoc|iPhoneSimulator.Build.0 = Release|Any CPU
		{7BF691B4-45C4-4323-9143-E0217314DEC6}.Ad-Hoc|iPhoneSimulator.Deploy.0 = Release|Any CPU
		{7BF691B4-45C4-4323-9143-E0217314DEC6}.Ad-Hoc|x64.ActiveCfg = Release|Any CPU
		{7BF691B4-45C4-4323-9143-E0217314DEC6}.Ad-Hoc|x64.Build.0 = Release|Any CPU
		{7BF691B4-45C4-4323-9143-E0217314DEC6}.Ad-Hoc|x64.Deploy.0 = Release|Any CPU
		{7BF691B4-45C4-4323-9143-E0217314DEC6}.Ad-Hoc|x86.ActiveCfg = Release|x86
		{7BF691B4-45C4-4323-9143-E0217314DEC6}.Ad-Hoc|x86.Build.0 = Release|x86
		{7BF691B4-45C4-4323-9143-E0217314DEC6}.Ad-Hoc|x86.Deploy.0 = Release|x86
		{7BF691B4-45C4-4323-9143-E0217314DEC6}.AppStore|Any CPU.ActiveCfg = Release|Any CPU
		{7BF691B4-45C4-4323-9143-E0217314DEC6}.AppStore|Any CPU.Build.0 = Release|Any CPU
		{7BF691B4-45C4-4323-9143-E0217314DEC6}.AppStore|Any CPU.Deploy.0 = Release|Any CPU
		{7BF691B4-45C4-4323-9143-E0217314DEC6}.AppStore|ARM.ActiveCfg = Release|ARM
		{7BF691B4-45C4-4323-9143-E0217314DEC6}.AppStore|ARM.Build.0 = Release|ARM
		{7BF691B4-45C4-4323-9143-E0217314DEC6}.AppStore|ARM.Deploy.0 = Release|ARM
		{7BF691B4-45C4-4323-9143-E0217314DEC6}.AppStore|iPhone.ActiveCfg = Release|Any CPU
		{7BF691B4-45C4-4323-9143-E0217314DEC6}.AppStore|iPhone.Build.0 = Release|Any CPU
		{7BF691B4-45C4-4323-9143-E0217314DEC6}.AppStore|iPhone.Deploy.0 = Release|Any CPU
		{7BF691B4-45C4-4323-9143-E0217314DEC6}.AppStore|iPhoneSimulator.ActiveCfg = Release|Any CPU
		{7BF691B4-45C4-4323-9143-E0217314DEC6}.AppStore|iPhoneSimulator.Build.0 = Release|Any CPU
		{7BF691B4-45C4-4323-9143-E0217314DEC6}.AppStore|iPhoneSimulator.Deploy.0 = Release|Any CPU
		{7BF691B4-45C4-4323-9143-E0217314DEC6}.AppStore|x64.ActiveCfg = Release|Any CPU
		{7BF691B4-45C4-4323-9143-E0217314DEC6}.AppStore|x64.Build.0 = Release|Any CPU
		{7BF691B4-45C4-4323-9143-E0217314DEC6}.AppStore|x64.Deploy.0 = Release|Any CPU
		{7BF691B4-45C4-4323-9143-E0217314DEC6}.AppStore|x86.ActiveCfg = Release|x86
		{7BF691B4-45C4-4323-9143-E0217314DEC6}.AppStore|x86.Build.0 = Release|x86
		{7BF691B4-45C4-4323-9143-E0217314DEC6}.AppStore|x86.Deploy.0 = Release|x86
		{7BF691B4-45C4-4323-9143-E0217314DEC6}.Debug|Any CPU.ActiveCfg = Debug|Any CPU
		{7BF691B4-45C4-4323-9143-E0217314DEC6}.Debug|Any CPU.Build.0 = Debug|Any CPU
		{7BF691B4-45C4-4323-9143-E0217314DEC6}.Debug|Any CPU.Deploy.0 = Debug|Any CPU
		{7BF691B4-45C4-4323-9143-E0217314DEC6}.Debug|ARM.ActiveCfg = Debug|ARM
		{7BF691B4-45C4-4323-9143-E0217314DEC6}.Debug|ARM.Build.0 = Debug|ARM
		{7BF691B4-45C4-4323-9143-E0217314DEC6}.Debug|ARM.Deploy.0 = Debug|ARM
		{7BF691B4-45C4-4323-9143-E0217314DEC6}.Debug|iPhone.ActiveCfg = Debug|Any CPU
		{7BF691B4-45C4-4323-9143-E0217314DEC6}.Debug|iPhone.Build.0 = Debug|Any CPU
		{7BF691B4-45C4-4323-9143-E0217314DEC6}.Debug|iPhone.Deploy.0 = Debug|Any CPU
		{7BF691B4-45C4-4323-9143-E0217314DEC6}.Debug|iPhoneSimulator.ActiveCfg = Debug|Any CPU
		{7BF691B4-45C4-4323-9143-E0217314DEC6}.Debug|iPhoneSimulator.Build.0 = Debug|Any CPU
		{7BF691B4-45C4-4323-9143-E0217314DEC6}.Debug|iPhoneSimulator.Deploy.0 = Debug|Any CPU
		{7BF691B4-45C4-4323-9143-E0217314DEC6}.Debug|x64.ActiveCfg = Debug|Any CPU
		{7BF691B4-45C4-4323-9143-E0217314DEC6}.Debug|x64.Build.0 = Debug|Any CPU
		{7BF691B4-45C4-4323-9143-E0217314DEC6}.Debug|x64.Deploy.0 = Debug|Any CPU
		{7BF691B4-45C4-4323-9143-E0217314DEC6}.Debug|x86.ActiveCfg = Debug|x86
		{7BF691B4-45C4-4323-9143-E0217314DEC6}.Debug|x86.Build.0 = Debug|x86
		{7BF691B4-45C4-4323-9143-E0217314DEC6}.Debug|x86.Deploy.0 = Debug|x86
		{7BF691B4-45C4-4323-9143-E0217314DEC6}.Release|Any CPU.ActiveCfg = Release|Any CPU
		{7BF691B4-45C4-4323-9143-E0217314DEC6}.Release|Any CPU.Build.0 = Release|Any CPU
		{7BF691B4-45C4-4323-9143-E0217314DEC6}.Release|Any CPU.Deploy.0 = Release|Any CPU
		{7BF691B4-45C4-4323-9143-E0217314DEC6}.Release|ARM.ActiveCfg = Release|ARM
		{7BF691B4-45C4-4323-9143-E0217314DEC6}.Release|ARM.Build.0 = Release|ARM
		{7BF691B4-45C4-4323-9143-E0217314DEC6}.Release|ARM.Deploy.0 = Release|ARM
		{7BF691B4-45C4-4323-9143-E0217314DEC6}.Release|iPhone.ActiveCfg = Release|Any CPU
		{7BF691B4-45C4-4323-9143-E0217314DEC6}.Release|iPhone.Build.0 = Release|Any CPU
		{7BF691B4-45C4-4323-9143-E0217314DEC6}.Release|iPhone.Deploy.0 = Release|Any CPU
		{7BF691B4-45C4-4323-9143-E0217314DEC6}.Release|iPhoneSimulator.ActiveCfg = Release|Any CPU
		{7BF691B4-45C4-4323-9143-E0217314DEC6}.Release|iPhoneSimulator.Build.0 = Release|Any CPU
		{7BF691B4-45C4-4323-9143-E0217314DEC6}.Release|iPhoneSimulator.Deploy.0 = Release|Any CPU
		{7BF691B4-45C4-4323-9143-E0217314DEC6}.Release|x64.ActiveCfg = Release|Any CPU
		{7BF691B4-45C4-4323-9143-E0217314DEC6}.Release|x64.Build.0 = Release|Any CPU
		{7BF691B4-45C4-4323-9143-E0217314DEC6}.Release|x64.Deploy.0 = Release|Any CPU
		{7BF691B4-45C4-4323-9143-E0217314DEC6}.Release|x86.ActiveCfg = Release|x86
		{7BF691B4-45C4-4323-9143-E0217314DEC6}.Release|x86.Build.0 = Release|x86
		{7BF691B4-45C4-4323-9143-E0217314DEC6}.Release|x86.Deploy.0 = Release|x86
		{4AAC81B3-AC39-45D4-897B-41DED782B21D}.Ad-Hoc|Any CPU.ActiveCfg = Release|x86
		{4AAC81B3-AC39-45D4-897B-41DED782B21D}.Ad-Hoc|Any CPU.Build.0 = Release|x86
		{4AAC81B3-AC39-45D4-897B-41DED782B21D}.Ad-Hoc|Any CPU.Deploy.0 = Release|x86
		{4AAC81B3-AC39-45D4-897B-41DED782B21D}.Ad-Hoc|ARM.ActiveCfg = Release|ARM
		{4AAC81B3-AC39-45D4-897B-41DED782B21D}.Ad-Hoc|ARM.Build.0 = Release|ARM
		{4AAC81B3-AC39-45D4-897B-41DED782B21D}.Ad-Hoc|ARM.Deploy.0 = Release|ARM
		{4AAC81B3-AC39-45D4-897B-41DED782B21D}.Ad-Hoc|iPhone.ActiveCfg = Release|x86
		{4AAC81B3-AC39-45D4-897B-41DED782B21D}.Ad-Hoc|iPhone.Build.0 = Release|x86
		{4AAC81B3-AC39-45D4-897B-41DED782B21D}.Ad-Hoc|iPhone.Deploy.0 = Release|x86
		{4AAC81B3-AC39-45D4-897B-41DED782B21D}.Ad-Hoc|iPhoneSimulator.ActiveCfg = Release|x86
		{4AAC81B3-AC39-45D4-897B-41DED782B21D}.Ad-Hoc|iPhoneSimulator.Build.0 = Release|x86
		{4AAC81B3-AC39-45D4-897B-41DED782B21D}.Ad-Hoc|iPhoneSimulator.Deploy.0 = Release|x86
		{4AAC81B3-AC39-45D4-897B-41DED782B21D}.Ad-Hoc|x64.ActiveCfg = Release|x64
		{4AAC81B3-AC39-45D4-897B-41DED782B21D}.Ad-Hoc|x64.Build.0 = Release|x64
		{4AAC81B3-AC39-45D4-897B-41DED782B21D}.Ad-Hoc|x64.Deploy.0 = Release|x64
		{4AAC81B3-AC39-45D4-897B-41DED782B21D}.Ad-Hoc|x86.ActiveCfg = Release|x86
		{4AAC81B3-AC39-45D4-897B-41DED782B21D}.Ad-Hoc|x86.Build.0 = Release|x86
		{4AAC81B3-AC39-45D4-897B-41DED782B21D}.Ad-Hoc|x86.Deploy.0 = Release|x86
		{4AAC81B3-AC39-45D4-897B-41DED782B21D}.AppStore|Any CPU.ActiveCfg = Release|x86
		{4AAC81B3-AC39-45D4-897B-41DED782B21D}.AppStore|Any CPU.Build.0 = Release|x86
		{4AAC81B3-AC39-45D4-897B-41DED782B21D}.AppStore|Any CPU.Deploy.0 = Release|x86
		{4AAC81B3-AC39-45D4-897B-41DED782B21D}.AppStore|ARM.ActiveCfg = Release|ARM
		{4AAC81B3-AC39-45D4-897B-41DED782B21D}.AppStore|ARM.Build.0 = Release|ARM
		{4AAC81B3-AC39-45D4-897B-41DED782B21D}.AppStore|ARM.Deploy.0 = Release|ARM
		{4AAC81B3-AC39-45D4-897B-41DED782B21D}.AppStore|iPhone.ActiveCfg = Release|x86
		{4AAC81B3-AC39-45D4-897B-41DED782B21D}.AppStore|iPhone.Build.0 = Release|x86
		{4AAC81B3-AC39-45D4-897B-41DED782B21D}.AppStore|iPhone.Deploy.0 = Release|x86
		{4AAC81B3-AC39-45D4-897B-41DED782B21D}.AppStore|iPhoneSimulator.ActiveCfg = Release|x86
		{4AAC81B3-AC39-45D4-897B-41DED782B21D}.AppStore|iPhoneSimulator.Build.0 = Release|x86
		{4AAC81B3-AC39-45D4-897B-41DED782B21D}.AppStore|iPhoneSimulator.Deploy.0 = Release|x86
		{4AAC81B3-AC39-45D4-897B-41DED782B21D}.AppStore|x64.ActiveCfg = Release|x64
		{4AAC81B3-AC39-45D4-897B-41DED782B21D}.AppStore|x64.Build.0 = Release|x64
		{4AAC81B3-AC39-45D4-897B-41DED782B21D}.AppStore|x64.Deploy.0 = Release|x64
		{4AAC81B3-AC39-45D4-897B-41DED782B21D}.AppStore|x86.ActiveCfg = Release|x86
		{4AAC81B3-AC39-45D4-897B-41DED782B21D}.AppStore|x86.Build.0 = Release|x86
		{4AAC81B3-AC39-45D4-897B-41DED782B21D}.AppStore|x86.Deploy.0 = Release|x86
		{4AAC81B3-AC39-45D4-897B-41DED782B21D}.Debug|Any CPU.ActiveCfg = Debug|x86
		{4AAC81B3-AC39-45D4-897B-41DED782B21D}.Debug|ARM.ActiveCfg = Debug|ARM
		{4AAC81B3-AC39-45D4-897B-41DED782B21D}.Debug|ARM.Build.0 = Debug|ARM
		{4AAC81B3-AC39-45D4-897B-41DED782B21D}.Debug|ARM.Deploy.0 = Debug|ARM
		{4AAC81B3-AC39-45D4-897B-41DED782B21D}.Debug|iPhone.ActiveCfg = Debug|x86
		{4AAC81B3-AC39-45D4-897B-41DED782B21D}.Debug|iPhoneSimulator.ActiveCfg = Debug|x86
		{4AAC81B3-AC39-45D4-897B-41DED782B21D}.Debug|x64.ActiveCfg = Debug|x64
		{4AAC81B3-AC39-45D4-897B-41DED782B21D}.Debug|x64.Build.0 = Debug|x64
		{4AAC81B3-AC39-45D4-897B-41DED782B21D}.Debug|x64.Deploy.0 = Debug|x64
		{4AAC81B3-AC39-45D4-897B-41DED782B21D}.Debug|x86.ActiveCfg = Debug|x86
		{4AAC81B3-AC39-45D4-897B-41DED782B21D}.Debug|x86.Build.0 = Debug|x86
		{4AAC81B3-AC39-45D4-897B-41DED782B21D}.Debug|x86.Deploy.0 = Debug|x86
		{4AAC81B3-AC39-45D4-897B-41DED782B21D}.Release|Any CPU.ActiveCfg = Release|x86
		{4AAC81B3-AC39-45D4-897B-41DED782B21D}.Release|ARM.ActiveCfg = Release|ARM
		{4AAC81B3-AC39-45D4-897B-41DED782B21D}.Release|ARM.Build.0 = Release|ARM
		{4AAC81B3-AC39-45D4-897B-41DED782B21D}.Release|ARM.Deploy.0 = Release|ARM
		{4AAC81B3-AC39-45D4-897B-41DED782B21D}.Release|iPhone.ActiveCfg = Release|x86
		{4AAC81B3-AC39-45D4-897B-41DED782B21D}.Release|iPhoneSimulator.ActiveCfg = Release|x86
		{4AAC81B3-AC39-45D4-897B-41DED782B21D}.Release|x64.ActiveCfg = Release|x64
		{4AAC81B3-AC39-45D4-897B-41DED782B21D}.Release|x64.Build.0 = Release|x64
		{4AAC81B3-AC39-45D4-897B-41DED782B21D}.Release|x64.Deploy.0 = Release|x64
		{4AAC81B3-AC39-45D4-897B-41DED782B21D}.Release|x86.ActiveCfg = Release|x86
		{4AAC81B3-AC39-45D4-897B-41DED782B21D}.Release|x86.Build.0 = Release|x86
		{4AAC81B3-AC39-45D4-897B-41DED782B21D}.Release|x86.Deploy.0 = Release|x86
		{5DA03E5B-08A2-450A-BB37-4260974A9ADE}.Ad-Hoc|Any CPU.ActiveCfg = Release|Any CPU
		{5DA03E5B-08A2-450A-BB37-4260974A9ADE}.Ad-Hoc|Any CPU.Build.0 = Release|Any CPU
		{5DA03E5B-08A2-450A-BB37-4260974A9ADE}.Ad-Hoc|Any CPU.Deploy.0 = Release|Any CPU
		{5DA03E5B-08A2-450A-BB37-4260974A9ADE}.Ad-Hoc|ARM.ActiveCfg = Release|ARM
		{5DA03E5B-08A2-450A-BB37-4260974A9ADE}.Ad-Hoc|ARM.Build.0 = Release|ARM
		{5DA03E5B-08A2-450A-BB37-4260974A9ADE}.Ad-Hoc|ARM.Deploy.0 = Release|ARM
		{5DA03E5B-08A2-450A-BB37-4260974A9ADE}.Ad-Hoc|iPhone.ActiveCfg = Release|Any CPU
		{5DA03E5B-08A2-450A-BB37-4260974A9ADE}.Ad-Hoc|iPhone.Build.0 = Release|Any CPU
		{5DA03E5B-08A2-450A-BB37-4260974A9ADE}.Ad-Hoc|iPhone.Deploy.0 = Release|Any CPU
		{5DA03E5B-08A2-450A-BB37-4260974A9ADE}.Ad-Hoc|iPhoneSimulator.ActiveCfg = Release|Any CPU
		{5DA03E5B-08A2-450A-BB37-4260974A9ADE}.Ad-Hoc|iPhoneSimulator.Build.0 = Release|Any CPU
		{5DA03E5B-08A2-450A-BB37-4260974A9ADE}.Ad-Hoc|iPhoneSimulator.Deploy.0 = Release|Any CPU
		{5DA03E5B-08A2-450A-BB37-4260974A9ADE}.Ad-Hoc|x64.ActiveCfg = Release|x64
		{5DA03E5B-08A2-450A-BB37-4260974A9ADE}.Ad-Hoc|x64.Build.0 = Release|x64
		{5DA03E5B-08A2-450A-BB37-4260974A9ADE}.Ad-Hoc|x64.Deploy.0 = Release|x64
		{5DA03E5B-08A2-450A-BB37-4260974A9ADE}.Ad-Hoc|x86.ActiveCfg = Release|x86
		{5DA03E5B-08A2-450A-BB37-4260974A9ADE}.Ad-Hoc|x86.Build.0 = Release|x86
		{5DA03E5B-08A2-450A-BB37-4260974A9ADE}.Ad-Hoc|x86.Deploy.0 = Release|x86
		{5DA03E5B-08A2-450A-BB37-4260974A9ADE}.AppStore|Any CPU.ActiveCfg = Release|Any CPU
		{5DA03E5B-08A2-450A-BB37-4260974A9ADE}.AppStore|Any CPU.Build.0 = Release|Any CPU
		{5DA03E5B-08A2-450A-BB37-4260974A9ADE}.AppStore|Any CPU.Deploy.0 = Release|Any CPU
		{5DA03E5B-08A2-450A-BB37-4260974A9ADE}.AppStore|ARM.ActiveCfg = Release|ARM
		{5DA03E5B-08A2-450A-BB37-4260974A9ADE}.AppStore|ARM.Build.0 = Release|ARM
		{5DA03E5B-08A2-450A-BB37-4260974A9ADE}.AppStore|ARM.Deploy.0 = Release|ARM
		{5DA03E5B-08A2-450A-BB37-4260974A9ADE}.AppStore|iPhone.ActiveCfg = Release|Any CPU
		{5DA03E5B-08A2-450A-BB37-4260974A9ADE}.AppStore|iPhone.Build.0 = Release|Any CPU
		{5DA03E5B-08A2-450A-BB37-4260974A9ADE}.AppStore|iPhone.Deploy.0 = Release|Any CPU
		{5DA03E5B-08A2-450A-BB37-4260974A9ADE}.AppStore|iPhoneSimulator.ActiveCfg = Release|Any CPU
		{5DA03E5B-08A2-450A-BB37-4260974A9ADE}.AppStore|iPhoneSimulator.Build.0 = Release|Any CPU
		{5DA03E5B-08A2-450A-BB37-4260974A9ADE}.AppStore|iPhoneSimulator.Deploy.0 = Release|Any CPU
		{5DA03E5B-08A2-450A-BB37-4260974A9ADE}.AppStore|x64.ActiveCfg = Release|x64
		{5DA03E5B-08A2-450A-BB37-4260974A9ADE}.AppStore|x64.Build.0 = Release|x64
		{5DA03E5B-08A2-450A-BB37-4260974A9ADE}.AppStore|x64.Deploy.0 = Release|x64
		{5DA03E5B-08A2-450A-BB37-4260974A9ADE}.AppStore|x86.ActiveCfg = Release|x86
		{5DA03E5B-08A2-450A-BB37-4260974A9ADE}.AppStore|x86.Build.0 = Release|x86
		{5DA03E5B-08A2-450A-BB37-4260974A9ADE}.AppStore|x86.Deploy.0 = Release|x86
		{5DA03E5B-08A2-450A-BB37-4260974A9ADE}.Debug|Any CPU.ActiveCfg = Debug|Any CPU
		{5DA03E5B-08A2-450A-BB37-4260974A9ADE}.Debug|Any CPU.Build.0 = Debug|Any CPU
		{5DA03E5B-08A2-450A-BB37-4260974A9ADE}.Debug|Any CPU.Deploy.0 = Debug|Any CPU
		{5DA03E5B-08A2-450A-BB37-4260974A9ADE}.Debug|ARM.ActiveCfg = Debug|ARM
		{5DA03E5B-08A2-450A-BB37-4260974A9ADE}.Debug|ARM.Build.0 = Debug|ARM
		{5DA03E5B-08A2-450A-BB37-4260974A9ADE}.Debug|ARM.Deploy.0 = Debug|ARM
		{5DA03E5B-08A2-450A-BB37-4260974A9ADE}.Debug|iPhone.ActiveCfg = Debug|Any CPU
		{5DA03E5B-08A2-450A-BB37-4260974A9ADE}.Debug|iPhone.Build.0 = Debug|Any CPU
		{5DA03E5B-08A2-450A-BB37-4260974A9ADE}.Debug|iPhone.Deploy.0 = Debug|Any CPU
		{5DA03E5B-08A2-450A-BB37-4260974A9ADE}.Debug|iPhoneSimulator.ActiveCfg = Debug|Any CPU
		{5DA03E5B-08A2-450A-BB37-4260974A9ADE}.Debug|iPhoneSimulator.Build.0 = Debug|Any CPU
		{5DA03E5B-08A2-450A-BB37-4260974A9ADE}.Debug|iPhoneSimulator.Deploy.0 = Debug|Any CPU
		{5DA03E5B-08A2-450A-BB37-4260974A9ADE}.Debug|x64.ActiveCfg = Debug|x64
		{5DA03E5B-08A2-450A-BB37-4260974A9ADE}.Debug|x64.Build.0 = Debug|x64
		{5DA03E5B-08A2-450A-BB37-4260974A9ADE}.Debug|x64.Deploy.0 = Debug|x64
		{5DA03E5B-08A2-450A-BB37-4260974A9ADE}.Debug|x86.ActiveCfg = Debug|x86
		{5DA03E5B-08A2-450A-BB37-4260974A9ADE}.Debug|x86.Build.0 = Debug|x86
		{5DA03E5B-08A2-450A-BB37-4260974A9ADE}.Debug|x86.Deploy.0 = Debug|x86
		{5DA03E5B-08A2-450A-BB37-4260974A9ADE}.Release|Any CPU.ActiveCfg = Release|Any CPU
		{5DA03E5B-08A2-450A-BB37-4260974A9ADE}.Release|Any CPU.Build.0 = Release|Any CPU
		{5DA03E5B-08A2-450A-BB37-4260974A9ADE}.Release|Any CPU.Deploy.0 = Release|Any CPU
		{5DA03E5B-08A2-450A-BB37-4260974A9ADE}.Release|ARM.ActiveCfg = Release|ARM
		{5DA03E5B-08A2-450A-BB37-4260974A9ADE}.Release|ARM.Build.0 = Release|ARM
		{5DA03E5B-08A2-450A-BB37-4260974A9ADE}.Release|ARM.Deploy.0 = Release|ARM
		{5DA03E5B-08A2-450A-BB37-4260974A9ADE}.Release|iPhone.ActiveCfg = Release|Any CPU
		{5DA03E5B-08A2-450A-BB37-4260974A9ADE}.Release|iPhone.Build.0 = Release|Any CPU
		{5DA03E5B-08A2-450A-BB37-4260974A9ADE}.Release|iPhone.Deploy.0 = Release|Any CPU
		{5DA03E5B-08A2-450A-BB37-4260974A9ADE}.Release|iPhoneSimulator.ActiveCfg = Release|Any CPU
		{5DA03E5B-08A2-450A-BB37-4260974A9ADE}.Release|iPhoneSimulator.Build.0 = Release|Any CPU
		{5DA03E5B-08A2-450A-BB37-4260974A9ADE}.Release|iPhoneSimulator.Deploy.0 = Release|Any CPU
		{5DA03E5B-08A2-450A-BB37-4260974A9ADE}.Release|x64.ActiveCfg = Release|x64
		{5DA03E5B-08A2-450A-BB37-4260974A9ADE}.Release|x64.Build.0 = Release|x64
		{5DA03E5B-08A2-450A-BB37-4260974A9ADE}.Release|x64.Deploy.0 = Release|x64
		{5DA03E5B-08A2-450A-BB37-4260974A9ADE}.Release|x86.ActiveCfg = Release|x86
		{5DA03E5B-08A2-450A-BB37-4260974A9ADE}.Release|x86.Build.0 = Release|x86
		{5DA03E5B-08A2-450A-BB37-4260974A9ADE}.Release|x86.Deploy.0 = Release|x86
		{23E785E4-700F-40E0-B0F3-637404C2ED6C}.Ad-Hoc|Any CPU.ActiveCfg = Release|Any CPU
		{23E785E4-700F-40E0-B0F3-637404C2ED6C}.Ad-Hoc|Any CPU.Build.0 = Release|Any CPU
		{23E785E4-700F-40E0-B0F3-637404C2ED6C}.Ad-Hoc|ARM.ActiveCfg = Release|Any CPU
		{23E785E4-700F-40E0-B0F3-637404C2ED6C}.Ad-Hoc|ARM.Build.0 = Release|Any CPU
		{23E785E4-700F-40E0-B0F3-637404C2ED6C}.Ad-Hoc|iPhone.ActiveCfg = Release|Any CPU
		{23E785E4-700F-40E0-B0F3-637404C2ED6C}.Ad-Hoc|iPhone.Build.0 = Release|Any CPU
		{23E785E4-700F-40E0-B0F3-637404C2ED6C}.Ad-Hoc|iPhoneSimulator.ActiveCfg = Release|Any CPU
		{23E785E4-700F-40E0-B0F3-637404C2ED6C}.Ad-Hoc|iPhoneSimulator.Build.0 = Release|Any CPU
		{23E785E4-700F-40E0-B0F3-637404C2ED6C}.Ad-Hoc|x64.ActiveCfg = Release|Any CPU
		{23E785E4-700F-40E0-B0F3-637404C2ED6C}.Ad-Hoc|x64.Build.0 = Release|Any CPU
		{23E785E4-700F-40E0-B0F3-637404C2ED6C}.Ad-Hoc|x86.ActiveCfg = Release|Any CPU
		{23E785E4-700F-40E0-B0F3-637404C2ED6C}.Ad-Hoc|x86.Build.0 = Release|Any CPU
		{23E785E4-700F-40E0-B0F3-637404C2ED6C}.AppStore|Any CPU.ActiveCfg = Release|Any CPU
		{23E785E4-700F-40E0-B0F3-637404C2ED6C}.AppStore|Any CPU.Build.0 = Release|Any CPU
		{23E785E4-700F-40E0-B0F3-637404C2ED6C}.AppStore|ARM.ActiveCfg = Release|Any CPU
		{23E785E4-700F-40E0-B0F3-637404C2ED6C}.AppStore|ARM.Build.0 = Release|Any CPU
		{23E785E4-700F-40E0-B0F3-637404C2ED6C}.AppStore|iPhone.ActiveCfg = Release|Any CPU
		{23E785E4-700F-40E0-B0F3-637404C2ED6C}.AppStore|iPhone.Build.0 = Release|Any CPU
		{23E785E4-700F-40E0-B0F3-637404C2ED6C}.AppStore|iPhoneSimulator.ActiveCfg = Release|Any CPU
		{23E785E4-700F-40E0-B0F3-637404C2ED6C}.AppStore|iPhoneSimulator.Build.0 = Release|Any CPU
		{23E785E4-700F-40E0-B0F3-637404C2ED6C}.AppStore|x64.ActiveCfg = Release|Any CPU
		{23E785E4-700F-40E0-B0F3-637404C2ED6C}.AppStore|x64.Build.0 = Release|Any CPU
		{23E785E4-700F-40E0-B0F3-637404C2ED6C}.AppStore|x86.ActiveCfg = Release|Any CPU
		{23E785E4-700F-40E0-B0F3-637404C2ED6C}.AppStore|x86.Build.0 = Release|Any CPU
		{23E785E4-700F-40E0-B0F3-637404C2ED6C}.Debug|Any CPU.ActiveCfg = Debug|Any CPU
		{23E785E4-700F-40E0-B0F3-637404C2ED6C}.Debug|Any CPU.Build.0 = Debug|Any CPU
		{23E785E4-700F-40E0-B0F3-637404C2ED6C}.Debug|ARM.ActiveCfg = Debug|Any CPU
		{23E785E4-700F-40E0-B0F3-637404C2ED6C}.Debug|ARM.Build.0 = Debug|Any CPU
		{23E785E4-700F-40E0-B0F3-637404C2ED6C}.Debug|iPhone.ActiveCfg = Debug|Any CPU
		{23E785E4-700F-40E0-B0F3-637404C2ED6C}.Debug|iPhone.Build.0 = Debug|Any CPU
		{23E785E4-700F-40E0-B0F3-637404C2ED6C}.Debug|iPhoneSimulator.ActiveCfg = Debug|Any CPU
		{23E785E4-700F-40E0-B0F3-637404C2ED6C}.Debug|iPhoneSimulator.Build.0 = Debug|Any CPU
		{23E785E4-700F-40E0-B0F3-637404C2ED6C}.Debug|x64.ActiveCfg = Debug|Any CPU
		{23E785E4-700F-40E0-B0F3-637404C2ED6C}.Debug|x64.Build.0 = Debug|Any CPU
		{23E785E4-700F-40E0-B0F3-637404C2ED6C}.Debug|x86.ActiveCfg = Debug|Any CPU
		{23E785E4-700F-40E0-B0F3-637404C2ED6C}.Debug|x86.Build.0 = Debug|Any CPU
		{23E785E4-700F-40E0-B0F3-637404C2ED6C}.Release|Any CPU.ActiveCfg = Release|Any CPU
		{23E785E4-700F-40E0-B0F3-637404C2ED6C}.Release|Any CPU.Build.0 = Release|Any CPU
		{23E785E4-700F-40E0-B0F3-637404C2ED6C}.Release|ARM.ActiveCfg = Release|Any CPU
		{23E785E4-700F-40E0-B0F3-637404C2ED6C}.Release|ARM.Build.0 = Release|Any CPU
		{23E785E4-700F-40E0-B0F3-637404C2ED6C}.Release|iPhone.ActiveCfg = Release|Any CPU
		{23E785E4-700F-40E0-B0F3-637404C2ED6C}.Release|iPhone.Build.0 = Release|Any CPU
		{23E785E4-700F-40E0-B0F3-637404C2ED6C}.Release|iPhoneSimulator.ActiveCfg = Release|Any CPU
		{23E785E4-700F-40E0-B0F3-637404C2ED6C}.Release|iPhoneSimulator.Build.0 = Release|Any CPU
		{23E785E4-700F-40E0-B0F3-637404C2ED6C}.Release|x64.ActiveCfg = Release|Any CPU
		{23E785E4-700F-40E0-B0F3-637404C2ED6C}.Release|x64.Build.0 = Release|Any CPU
		{23E785E4-700F-40E0-B0F3-637404C2ED6C}.Release|x86.ActiveCfg = Release|Any CPU
		{23E785E4-700F-40E0-B0F3-637404C2ED6C}.Release|x86.Build.0 = Release|Any CPU
	EndGlobalSection
	GlobalSection(SolutionProperties) = preSolution
		HideSolutionNode = FALSE
	EndGlobalSection
EndGlobal
