
Microsoft Visual Studio Solution File, Format Version 12.00
# Visual Studio 14
VisualStudioVersion = 14.0.25123.0
MinimumVisualStudioVersion = 10.0.40219.1
Project("{FAE04EC0-301F-11D3-BF4B-00C04F79EFBC}") = "Interviewer", "Interviewer\Interviewer.csproj", "{3459DCB6-A000-400D-9AEA-F4B5698E5FF1}"
EndProject
Project("{FAE04EC0-301F-11D3-BF4B-00C04F79EFBC}") = "Interviewer.App.Common", "Interviewer.App.Common\Interviewer.App.Common.csproj", "{715F1455-52AB-4783-9A29-46659B89030A}"
EndProject
Project("{FAE04EC0-301F-11D3-BF4B-00C04F79EFBC}") = "Interviewer.Common", "Interviewer.Common\Interviewer.Common.csproj", "{F1EAC94B-F09D-4C06-A875-4F3D37878255}"
EndProject
Project("{FAE04EC0-301F-11D3-BF4B-00C04F79EFBC}") = "Interviewer.Data", "Interviewer.Data\Interviewer.Data.csproj", "{8E0FBB1F-7C1F-4430-A392-251BC9118137}"
EndProject
Project("{FAE04EC0-301F-11D3-BF4B-00C04F79EFBC}") = "Interviewer.Services.Web", "Interviewer.Services.Web\Interviewer.Services.Web.csproj", "{B5E6C595-AF2F-488B-BDAF-64C78989BBA5}"
EndProject
Project("{FAE04EC0-301F-11D3-BF4B-00C04F79EFBC}") = "Interviewer.Services.Web.Tests", "Interviewer.Services.Web.Tests\Interviewer.Services.Web.Tests.csproj", "{FE6B1FD8-FF66-4637-ADF0-BA38A911C2D9}"
EndProject
Project("{FAE04EC0-301F-11D3-BF4B-00C04F79EFBC}") = "WpfInterviewer", "WpfInterviewer\WpfInterviewer.csproj", "{7D20A5A0-19E3-4BAC-A510-E0FD59A165DC}"
EndProject
Project("{888888A0-9F3D-457C-B088-3A5042F75D52}") = "PythonLabs", "PythonLabs\PythonLabs.pyproj", "{5DB62245-D469-4186-B967-E003E353F0E4}"
EndProject
Project("{D954291E-2A0B-460D-934E-DC6B0785DB48}") = "InterviewerHubApp.Shared", "InterviewerHubApp\InterviewerHubApp.Shared\InterviewerHubApp.Shared.shproj", "{E52DC726-B95A-4957-9729-D03F32231A1B}"
EndProject
Project("{FAE04EC0-301F-11D3-BF4B-00C04F79EFBC}") = "InterviewerHubApp.Windows", "InterviewerHubApp\InterviewerHubApp.Windows\InterviewerHubApp.Windows.csproj", "{D9D5F38B-1542-4330-A26D-C7FA9FDA5AC5}"
EndProject
Project("{FAE04EC0-301F-11D3-BF4B-00C04F79EFBC}") = "InterviewerHubApp.WindowsPhone", "InterviewerHubApp\InterviewerHubApp.WindowsPhone\InterviewerHubApp.WindowsPhone.csproj", "{52BA175E-59E6-4F86-A5F5-A2BD2B9C7839}"
EndProject
Global
	GlobalSection(SharedMSBuildProjectFiles) = preSolution
		InterviewerHubApp\InterviewerHubApp.Shared\InterviewerHubApp.Shared.projitems*{e52dc726-b95a-4957-9729-d03f32231a1b}*SharedItemsImports = 13
		InterviewerHubApp\InterviewerHubApp.Shared\InterviewerHubApp.Shared.projitems*{52ba175e-59e6-4f86-a5f5-a2bd2b9c7839}*SharedItemsImports = 4
		InterviewerHubApp\InterviewerHubApp.Shared\InterviewerHubApp.Shared.projitems*{d9d5f38b-1542-4330-a26d-c7fa9fda5ac5}*SharedItemsImports = 4
	EndGlobalSection
	GlobalSection(SolutionConfigurationPlatforms) = preSolution
		Debug|Any CPU = Debug|Any CPU
		Debug|ARM = Debug|ARM
		Debug|x64 = Debug|x64
		Debug|x86 = Debug|x86
		Release|Any CPU = Release|Any CPU
		Release|ARM = Release|ARM
		Release|x64 = Release|x64
		Release|x86 = Release|x86
	EndGlobalSection
	GlobalSection(ProjectConfigurationPlatforms) = postSolution
		{3459DCB6-A000-400D-9AEA-F4B5698E5FF1}.Debug|Any CPU.ActiveCfg = Debug|x86
		{3459DCB6-A000-400D-9AEA-F4B5698E5FF1}.Debug|Any CPU.Build.0 = Debug|x86
		{3459DCB6-A000-400D-9AEA-F4B5698E5FF1}.Debug|Any CPU.Deploy.0 = Debug|x86
		{3459DCB6-A000-400D-9AEA-F4B5698E5FF1}.Debug|ARM.ActiveCfg = Debug|ARM
		{3459DCB6-A000-400D-9AEA-F4B5698E5FF1}.Debug|ARM.Build.0 = Debug|ARM
		{3459DCB6-A000-400D-9AEA-F4B5698E5FF1}.Debug|ARM.Deploy.0 = Debug|ARM
		{3459DCB6-A000-400D-9AEA-F4B5698E5FF1}.Debug|x64.ActiveCfg = Debug|x64
		{3459DCB6-A000-400D-9AEA-F4B5698E5FF1}.Debug|x64.Build.0 = Debug|x64
		{3459DCB6-A000-400D-9AEA-F4B5698E5FF1}.Debug|x64.Deploy.0 = Debug|x64
		{3459DCB6-A000-400D-9AEA-F4B5698E5FF1}.Debug|x86.ActiveCfg = Debug|x86
		{3459DCB6-A000-400D-9AEA-F4B5698E5FF1}.Debug|x86.Build.0 = Debug|x86
		{3459DCB6-A000-400D-9AEA-F4B5698E5FF1}.Debug|x86.Deploy.0 = Debug|x86
		{3459DCB6-A000-400D-9AEA-F4B5698E5FF1}.Release|Any CPU.ActiveCfg = Release|x86
		{3459DCB6-A000-400D-9AEA-F4B5698E5FF1}.Release|ARM.ActiveCfg = Release|ARM
		{3459DCB6-A000-400D-9AEA-F4B5698E5FF1}.Release|ARM.Build.0 = Release|ARM
		{3459DCB6-A000-400D-9AEA-F4B5698E5FF1}.Release|ARM.Deploy.0 = Release|ARM
		{3459DCB6-A000-400D-9AEA-F4B5698E5FF1}.Release|x64.ActiveCfg = Release|x64
		{3459DCB6-A000-400D-9AEA-F4B5698E5FF1}.Release|x64.Build.0 = Release|x64
		{3459DCB6-A000-400D-9AEA-F4B5698E5FF1}.Release|x64.Deploy.0 = Release|x64
		{3459DCB6-A000-400D-9AEA-F4B5698E5FF1}.Release|x86.ActiveCfg = Release|x86
		{3459DCB6-A000-400D-9AEA-F4B5698E5FF1}.Release|x86.Build.0 = Release|x86
		{3459DCB6-A000-400D-9AEA-F4B5698E5FF1}.Release|x86.Deploy.0 = Release|x86
		{715F1455-52AB-4783-9A29-46659B89030A}.Debug|Any CPU.ActiveCfg = Debug|Any CPU
		{715F1455-52AB-4783-9A29-46659B89030A}.Debug|Any CPU.Build.0 = Debug|Any CPU
		{715F1455-52AB-4783-9A29-46659B89030A}.Debug|ARM.ActiveCfg = Debug|ARM
		{715F1455-52AB-4783-9A29-46659B89030A}.Debug|ARM.Build.0 = Debug|ARM
		{715F1455-52AB-4783-9A29-46659B89030A}.Debug|x64.ActiveCfg = Debug|x64
		{715F1455-52AB-4783-9A29-46659B89030A}.Debug|x64.Build.0 = Debug|x64
		{715F1455-52AB-4783-9A29-46659B89030A}.Debug|x86.ActiveCfg = Debug|x86
		{715F1455-52AB-4783-9A29-46659B89030A}.Debug|x86.Build.0 = Debug|x86
		{715F1455-52AB-4783-9A29-46659B89030A}.Release|Any CPU.ActiveCfg = Release|Any CPU
		{715F1455-52AB-4783-9A29-46659B89030A}.Release|Any CPU.Build.0 = Release|Any CPU
		{715F1455-52AB-4783-9A29-46659B89030A}.Release|ARM.ActiveCfg = Release|ARM
		{715F1455-52AB-4783-9A29-46659B89030A}.Release|ARM.Build.0 = Release|ARM
		{715F1455-52AB-4783-9A29-46659B89030A}.Release|x64.ActiveCfg = Release|x64
		{715F1455-52AB-4783-9A29-46659B89030A}.Release|x64.Build.0 = Release|x64
		{715F1455-52AB-4783-9A29-46659B89030A}.Release|x86.ActiveCfg = Release|x86
		{715F1455-52AB-4783-9A29-46659B89030A}.Release|x86.Build.0 = Release|x86
		{F1EAC94B-F09D-4C06-A875-4F3D37878255}.Debug|Any CPU.ActiveCfg = Debug|Any CPU
		{F1EAC94B-F09D-4C06-A875-4F3D37878255}.Debug|Any CPU.Build.0 = Debug|Any CPU
		{F1EAC94B-F09D-4C06-A875-4F3D37878255}.Debug|ARM.ActiveCfg = Debug|Any CPU
		{F1EAC94B-F09D-4C06-A875-4F3D37878255}.Debug|ARM.Build.0 = Debug|Any CPU
		{F1EAC94B-F09D-4C06-A875-4F3D37878255}.Debug|x64.ActiveCfg = Debug|Any CPU
		{F1EAC94B-F09D-4C06-A875-4F3D37878255}.Debug|x64.Build.0 = Debug|Any CPU
		{F1EAC94B-F09D-4C06-A875-4F3D37878255}.Debug|x86.ActiveCfg = Debug|Any CPU
		{F1EAC94B-F09D-4C06-A875-4F3D37878255}.Debug|x86.Build.0 = Debug|Any CPU
		{F1EAC94B-F09D-4C06-A875-4F3D37878255}.Release|Any CPU.ActiveCfg = Release|Any CPU
		{F1EAC94B-F09D-4C06-A875-4F3D37878255}.Release|Any CPU.Build.0 = Release|Any CPU
		{F1EAC94B-F09D-4C06-A875-4F3D37878255}.Release|ARM.ActiveCfg = Release|Any CPU
		{F1EAC94B-F09D-4C06-A875-4F3D37878255}.Release|ARM.Build.0 = Release|Any CPU
		{F1EAC94B-F09D-4C06-A875-4F3D37878255}.Release|x64.ActiveCfg = Release|Any CPU
		{F1EAC94B-F09D-4C06-A875-4F3D37878255}.Release|x64.Build.0 = Release|Any CPU
		{F1EAC94B-F09D-4C06-A875-4F3D37878255}.Release|x86.ActiveCfg = Release|Any CPU
		{F1EAC94B-F09D-4C06-A875-4F3D37878255}.Release|x86.Build.0 = Release|Any CPU
		{8E0FBB1F-7C1F-4430-A392-251BC9118137}.Debug|Any CPU.ActiveCfg = Debug|Any CPU
		{8E0FBB1F-7C1F-4430-A392-251BC9118137}.Debug|Any CPU.Build.0 = Debug|Any CPU
		{8E0FBB1F-7C1F-4430-A392-251BC9118137}.Debug|ARM.ActiveCfg = Debug|Any CPU
		{8E0FBB1F-7C1F-4430-A392-251BC9118137}.Debug|ARM.Build.0 = Debug|Any CPU
		{8E0FBB1F-7C1F-4430-A392-251BC9118137}.Debug|x64.ActiveCfg = Debug|Any CPU
		{8E0FBB1F-7C1F-4430-A392-251BC9118137}.Debug|x64.Build.0 = Debug|Any CPU
		{8E0FBB1F-7C1F-4430-A392-251BC9118137}.Debug|x86.ActiveCfg = Debug|Any CPU
		{8E0FBB1F-7C1F-4430-A392-251BC9118137}.Debug|x86.Build.0 = Debug|Any CPU
		{8E0FBB1F-7C1F-4430-A392-251BC9118137}.Release|Any CPU.ActiveCfg = Release|Any CPU
		{8E0FBB1F-7C1F-4430-A392-251BC9118137}.Release|Any CPU.Build.0 = Release|Any CPU
		{8E0FBB1F-7C1F-4430-A392-251BC9118137}.Release|ARM.ActiveCfg = Release|Any CPU
		{8E0FBB1F-7C1F-4430-A392-251BC9118137}.Release|ARM.Build.0 = Release|Any CPU
		{8E0FBB1F-7C1F-4430-A392-251BC9118137}.Release|x64.ActiveCfg = Release|Any CPU
		{8E0FBB1F-7C1F-4430-A392-251BC9118137}.Release|x64.Build.0 = Release|Any CPU
		{8E0FBB1F-7C1F-4430-A392-251BC9118137}.Release|x86.ActiveCfg = Release|Any CPU
		{8E0FBB1F-7C1F-4430-A392-251BC9118137}.Release|x86.Build.0 = Release|Any CPU
		{B5E6C595-AF2F-488B-BDAF-64C78989BBA5}.Debug|Any CPU.ActiveCfg = Debug|Any CPU
		{B5E6C595-AF2F-488B-BDAF-64C78989BBA5}.Debug|Any CPU.Build.0 = Debug|Any CPU
		{B5E6C595-AF2F-488B-BDAF-64C78989BBA5}.Debug|ARM.ActiveCfg = Debug|Any CPU
		{B5E6C595-AF2F-488B-BDAF-64C78989BBA5}.Debug|ARM.Build.0 = Debug|Any CPU
		{B5E6C595-AF2F-488B-BDAF-64C78989BBA5}.Debug|x64.ActiveCfg = Debug|Any CPU
		{B5E6C595-AF2F-488B-BDAF-64C78989BBA5}.Debug|x64.Build.0 = Debug|Any CPU
		{B5E6C595-AF2F-488B-BDAF-64C78989BBA5}.Debug|x86.ActiveCfg = Debug|Any CPU
		{B5E6C595-AF2F-488B-BDAF-64C78989BBA5}.Debug|x86.Build.0 = Debug|Any CPU
		{B5E6C595-AF2F-488B-BDAF-64C78989BBA5}.Release|Any CPU.ActiveCfg = Release|Any CPU
		{B5E6C595-AF2F-488B-BDAF-64C78989BBA5}.Release|Any CPU.Build.0 = Release|Any CPU
		{B5E6C595-AF2F-488B-BDAF-64C78989BBA5}.Release|ARM.ActiveCfg = Release|Any CPU
		{B5E6C595-AF2F-488B-BDAF-64C78989BBA5}.Release|ARM.Build.0 = Release|Any CPU
		{B5E6C595-AF2F-488B-BDAF-64C78989BBA5}.Release|x64.ActiveCfg = Release|Any CPU
		{B5E6C595-AF2F-488B-BDAF-64C78989BBA5}.Release|x64.Build.0 = Release|Any CPU
		{B5E6C595-AF2F-488B-BDAF-64C78989BBA5}.Release|x86.ActiveCfg = Release|Any CPU
		{B5E6C595-AF2F-488B-BDAF-64C78989BBA5}.Release|x86.Build.0 = Release|Any CPU
		{FE6B1FD8-FF66-4637-ADF0-BA38A911C2D9}.Debug|Any CPU.ActiveCfg = Debug|Any CPU
		{FE6B1FD8-FF66-4637-ADF0-BA38A911C2D9}.Debug|Any CPU.Build.0 = Debug|Any CPU
		{FE6B1FD8-FF66-4637-ADF0-BA38A911C2D9}.Debug|ARM.ActiveCfg = Debug|Any CPU
		{FE6B1FD8-FF66-4637-ADF0-BA38A911C2D9}.Debug|ARM.Build.0 = Debug|Any CPU
		{FE6B1FD8-FF66-4637-ADF0-BA38A911C2D9}.Debug|x64.ActiveCfg = Debug|Any CPU
		{FE6B1FD8-FF66-4637-ADF0-BA38A911C2D9}.Debug|x64.Build.0 = Debug|Any CPU
		{FE6B1FD8-FF66-4637-ADF0-BA38A911C2D9}.Debug|x86.ActiveCfg = Debug|Any CPU
		{FE6B1FD8-FF66-4637-ADF0-BA38A911C2D9}.Debug|x86.Build.0 = Debug|Any CPU
		{FE6B1FD8-FF66-4637-ADF0-BA38A911C2D9}.Release|Any CPU.ActiveCfg = Release|Any CPU
		{FE6B1FD8-FF66-4637-ADF0-BA38A911C2D9}.Release|Any CPU.Build.0 = Release|Any CPU
		{FE6B1FD8-FF66-4637-ADF0-BA38A911C2D9}.Release|ARM.ActiveCfg = Release|Any CPU
		{FE6B1FD8-FF66-4637-ADF0-BA38A911C2D9}.Release|ARM.Build.0 = Release|Any CPU
		{FE6B1FD8-FF66-4637-ADF0-BA38A911C2D9}.Release|x64.ActiveCfg = Release|Any CPU
		{FE6B1FD8-FF66-4637-ADF0-BA38A911C2D9}.Release|x64.Build.0 = Release|Any CPU
		{FE6B1FD8-FF66-4637-ADF0-BA38A911C2D9}.Release|x86.ActiveCfg = Release|Any CPU
		{FE6B1FD8-FF66-4637-ADF0-BA38A911C2D9}.Release|x86.Build.0 = Release|Any CPU
		{7D20A5A0-19E3-4BAC-A510-E0FD59A165DC}.Debug|Any CPU.ActiveCfg = Debug|Any CPU
		{7D20A5A0-19E3-4BAC-A510-E0FD59A165DC}.Debug|Any CPU.Build.0 = Debug|Any CPU
		{7D20A5A0-19E3-4BAC-A510-E0FD59A165DC}.Debug|ARM.ActiveCfg = Debug|Any CPU
		{7D20A5A0-19E3-4BAC-A510-E0FD59A165DC}.Debug|ARM.Build.0 = Debug|Any CPU
		{7D20A5A0-19E3-4BAC-A510-E0FD59A165DC}.Debug|x64.ActiveCfg = Debug|Any CPU
		{7D20A5A0-19E3-4BAC-A510-E0FD59A165DC}.Debug|x64.Build.0 = Debug|Any CPU
		{7D20A5A0-19E3-4BAC-A510-E0FD59A165DC}.Debug|x86.ActiveCfg = Debug|Any CPU
		{7D20A5A0-19E3-4BAC-A510-E0FD59A165DC}.Debug|x86.Build.0 = Debug|Any CPU
		{7D20A5A0-19E3-4BAC-A510-E0FD59A165DC}.Release|Any CPU.ActiveCfg = Release|Any CPU
		{7D20A5A0-19E3-4BAC-A510-E0FD59A165DC}.Release|Any CPU.Build.0 = Release|Any CPU
		{7D20A5A0-19E3-4BAC-A510-E0FD59A165DC}.Release|ARM.ActiveCfg = Release|Any CPU
		{7D20A5A0-19E3-4BAC-A510-E0FD59A165DC}.Release|ARM.Build.0 = Release|Any CPU
		{7D20A5A0-19E3-4BAC-A510-E0FD59A165DC}.Release|x64.ActiveCfg = Release|Any CPU
		{7D20A5A0-19E3-4BAC-A510-E0FD59A165DC}.Release|x64.Build.0 = Release|Any CPU
		{7D20A5A0-19E3-4BAC-A510-E0FD59A165DC}.Release|x86.ActiveCfg = Release|Any CPU
		{7D20A5A0-19E3-4BAC-A510-E0FD59A165DC}.Release|x86.Build.0 = Release|Any CPU
		{5DB62245-D469-4186-B967-E003E353F0E4}.Debug|Any CPU.ActiveCfg = Debug|Any CPU
		{5DB62245-D469-4186-B967-E003E353F0E4}.Debug|ARM.ActiveCfg = Debug|Any CPU
		{5DB62245-D469-4186-B967-E003E353F0E4}.Debug|x64.ActiveCfg = Debug|Any CPU
		{5DB62245-D469-4186-B967-E003E353F0E4}.Debug|x86.ActiveCfg = Debug|Any CPU
		{5DB62245-D469-4186-B967-E003E353F0E4}.Release|Any CPU.ActiveCfg = Release|Any CPU
		{5DB62245-D469-4186-B967-E003E353F0E4}.Release|ARM.ActiveCfg = Release|Any CPU
		{5DB62245-D469-4186-B967-E003E353F0E4}.Release|x64.ActiveCfg = Release|Any CPU
		{5DB62245-D469-4186-B967-E003E353F0E4}.Release|x86.ActiveCfg = Release|Any CPU
		{D9D5F38B-1542-4330-A26D-C7FA9FDA5AC5}.Debug|Any CPU.ActiveCfg = Debug|Any CPU
		{D9D5F38B-1542-4330-A26D-C7FA9FDA5AC5}.Debug|Any CPU.Build.0 = Debug|Any CPU
		{D9D5F38B-1542-4330-A26D-C7FA9FDA5AC5}.Debug|Any CPU.Deploy.0 = Debug|Any CPU
		{D9D5F38B-1542-4330-A26D-C7FA9FDA5AC5}.Debug|ARM.ActiveCfg = Debug|ARM
		{D9D5F38B-1542-4330-A26D-C7FA9FDA5AC5}.Debug|ARM.Build.0 = Debug|ARM
		{D9D5F38B-1542-4330-A26D-C7FA9FDA5AC5}.Debug|ARM.Deploy.0 = Debug|ARM
		{D9D5F38B-1542-4330-A26D-C7FA9FDA5AC5}.Debug|x64.ActiveCfg = Debug|x64
		{D9D5F38B-1542-4330-A26D-C7FA9FDA5AC5}.Debug|x64.Build.0 = Debug|x64
		{D9D5F38B-1542-4330-A26D-C7FA9FDA5AC5}.Debug|x64.Deploy.0 = Debug|x64
		{D9D5F38B-1542-4330-A26D-C7FA9FDA5AC5}.Debug|x86.ActiveCfg = Debug|x86
		{D9D5F38B-1542-4330-A26D-C7FA9FDA5AC5}.Debug|x86.Build.0 = Debug|x86
		{D9D5F38B-1542-4330-A26D-C7FA9FDA5AC5}.Debug|x86.Deploy.0 = Debug|x86
		{D9D5F38B-1542-4330-A26D-C7FA9FDA5AC5}.Release|Any CPU.ActiveCfg = Release|Any CPU
		{D9D5F38B-1542-4330-A26D-C7FA9FDA5AC5}.Release|Any CPU.Build.0 = Release|Any CPU
		{D9D5F38B-1542-4330-A26D-C7FA9FDA5AC5}.Release|Any CPU.Deploy.0 = Release|Any CPU
		{D9D5F38B-1542-4330-A26D-C7FA9FDA5AC5}.Release|ARM.ActiveCfg = Release|ARM
		{D9D5F38B-1542-4330-A26D-C7FA9FDA5AC5}.Release|ARM.Build.0 = Release|ARM
		{D9D5F38B-1542-4330-A26D-C7FA9FDA5AC5}.Release|ARM.Deploy.0 = Release|ARM
		{D9D5F38B-1542-4330-A26D-C7FA9FDA5AC5}.Release|x64.ActiveCfg = Release|x64
		{D9D5F38B-1542-4330-A26D-C7FA9FDA5AC5}.Release|x64.Build.0 = Release|x64
		{D9D5F38B-1542-4330-A26D-C7FA9FDA5AC5}.Release|x64.Deploy.0 = Release|x64
		{D9D5F38B-1542-4330-A26D-C7FA9FDA5AC5}.Release|x86.ActiveCfg = Release|x86
		{D9D5F38B-1542-4330-A26D-C7FA9FDA5AC5}.Release|x86.Build.0 = Release|x86
		{D9D5F38B-1542-4330-A26D-C7FA9FDA5AC5}.Release|x86.Deploy.0 = Release|x86
		{52BA175E-59E6-4F86-A5F5-A2BD2B9C7839}.Debug|Any CPU.ActiveCfg = Debug|Any CPU
		{52BA175E-59E6-4F86-A5F5-A2BD2B9C7839}.Debug|Any CPU.Build.0 = Debug|Any CPU
		{52BA175E-59E6-4F86-A5F5-A2BD2B9C7839}.Debug|Any CPU.Deploy.0 = Debug|Any CPU
		{52BA175E-59E6-4F86-A5F5-A2BD2B9C7839}.Debug|ARM.ActiveCfg = Debug|ARM
		{52BA175E-59E6-4F86-A5F5-A2BD2B9C7839}.Debug|ARM.Build.0 = Debug|ARM
		{52BA175E-59E6-4F86-A5F5-A2BD2B9C7839}.Debug|ARM.Deploy.0 = Debug|ARM
		{52BA175E-59E6-4F86-A5F5-A2BD2B9C7839}.Debug|x64.ActiveCfg = Debug|Any CPU
		{52BA175E-59E6-4F86-A5F5-A2BD2B9C7839}.Debug|x64.Build.0 = Debug|Any CPU
		{52BA175E-59E6-4F86-A5F5-A2BD2B9C7839}.Debug|x64.Deploy.0 = Debug|Any CPU
		{52BA175E-59E6-4F86-A5F5-A2BD2B9C7839}.Debug|x86.ActiveCfg = Debug|x86
		{52BA175E-59E6-4F86-A5F5-A2BD2B9C7839}.Debug|x86.Build.0 = Debug|x86
		{52BA175E-59E6-4F86-A5F5-A2BD2B9C7839}.Debug|x86.Deploy.0 = Debug|x86
		{52BA175E-59E6-4F86-A5F5-A2BD2B9C7839}.Release|Any CPU.ActiveCfg = Release|Any CPU
		{52BA175E-59E6-4F86-A5F5-A2BD2B9C7839}.Release|Any CPU.Build.0 = Release|Any CPU
		{52BA175E-59E6-4F86-A5F5-A2BD2B9C7839}.Release|Any CPU.Deploy.0 = Release|Any CPU
		{52BA175E-59E6-4F86-A5F5-A2BD2B9C7839}.Release|ARM.ActiveCfg = Release|ARM
		{52BA175E-59E6-4F86-A5F5-A2BD2B9C7839}.Release|ARM.Build.0 = Release|ARM
		{52BA175E-59E6-4F86-A5F5-A2BD2B9C7839}.Release|ARM.Deploy.0 = Release|ARM
		{52BA175E-59E6-4F86-A5F5-A2BD2B9C7839}.Release|x64.ActiveCfg = Release|Any CPU
		{52BA175E-59E6-4F86-A5F5-A2BD2B9C7839}.Release|x64.Build.0 = Release|Any CPU
		{52BA175E-59E6-4F86-A5F5-A2BD2B9C7839}.Release|x64.Deploy.0 = Release|Any CPU
		{52BA175E-59E6-4F86-A5F5-A2BD2B9C7839}.Release|x86.ActiveCfg = Release|x86
		{52BA175E-59E6-4F86-A5F5-A2BD2B9C7839}.Release|x86.Build.0 = Release|x86
		{52BA175E-59E6-4F86-A5F5-A2BD2B9C7839}.Release|x86.Deploy.0 = Release|x86
	EndGlobalSection
	GlobalSection(SolutionProperties) = preSolution
		HideSolutionNode = FALSE
	EndGlobalSection
EndGlobal
