
Microsoft Visual Studio Solution File, Format Version 12.00
# Visual Studio 14
VisualStudioVersion = 14.0.23107.0
MinimumVisualStudioVersion = 10.0.40219.1
Project("{FAE04EC0-301F-11D3-BF4B-00C04F79EFBC}") = "RelatedRecords.Tests", "RelatedRecords.Tests\RelatedRecords.Tests.csproj", "{63290898-005D-4E23-963B-8AEFA440D5BC}"
EndProject
Project("{FAE04EC0-301F-11D3-BF4B-00C04F79EFBC}") = "RelatedRecords", "RelatedRecords\RelatedRecords.csproj", "{33BFD3DA-4E0D-4E39-833A-13757B645D86}"
EndProject
Project("{FAE04EC0-301F-11D3-BF4B-00C04F79EFBC}") = "RelatedRecords.Wpf", "RelatedRecords.Wpf\RelatedRecords.Wpf.csproj", "{CC43B992-7845-4012-BD6F-FAA7FFFCBA39}"
EndProject
Project("{FAE04EC0-301F-11D3-BF4B-00C04F79EFBC}") = "FluentTesting", "FluentTesting\FluentTesting.csproj", "{3813CDFF-94EF-4A71-BD83-C69F43B029B0}"
EndProject
Project("{FAE04EC0-301F-11D3-BF4B-00C04F79EFBC}") = "FluentTesting.Tests", "FluentTesting.Tests\FluentTesting.Tests.csproj", "{0EE766D9-4055-4679-A277-54EE7AD08E30}"
EndProject
Project("{2150E333-8FDC-42A3-9474-1A3956D46DE8}") = "Support Documents", "Support Documents", "{0335E72F-FA14-41E9-A7D2-DA7AD2ECA2A2}"
	ProjectSection(SolutionItems) = preProject
		LICENSE = LICENSE
		README.md = README.md
		ToDo.txt = ToDo.txt
	EndProjectSection
EndProject
Project("{FAE04EC0-301F-11D3-BF4B-00C04F79EFBC}") = "WebApi.Example", "WebApi.Example\WebApi.Example.csproj", "{88430C33-1702-4E8C-8F4C-392007BA21E1}"
EndProject
Project("{FAE04EC0-301F-11D3-BF4B-00C04F79EFBC}") = "WebApi.Example.Tests", "WebApi.Example.Tests\WebApi.Example.Tests.csproj", "{53AF9F2D-51FE-409B-A0C5-E0F19A0B0499}"
EndProject
Project("{FAE04EC0-301F-11D3-BF4B-00C04F79EFBC}") = "Reflector", "Reflector\Reflector.csproj", "{23FC911A-61F6-4345-A0D2-AAB6FCE0043F}"
EndProject
Project("{FAE04EC0-301F-11D3-BF4B-00C04F79EFBC}") = "Reflector.Console", "Reflector.Console\Reflector.Console.csproj", "{8BD5E2C9-0E29-4F1B-8B29-15F8BCBB06C8}"
EndProject
Project("{FAE04EC0-301F-11D3-BF4B-00C04F79EFBC}") = "Common", "Common\Common.csproj", "{4D5ECA11-0727-485D-985A-7FCADCFB25C7}"
EndProject
Project("{FAE04EC0-301F-11D3-BF4B-00C04F79EFBC}") = "Common.Data", "Common.Data\Common.Data.csproj", "{7E864A0D-402F-4D90-8A9D-A2D309E8BA08}"
EndProject
Project("{FAE04EC0-301F-11D3-BF4B-00C04F79EFBC}") = "ApiTester", "ApiTester\ApiTester.csproj", "{80BC2F72-3596-4F15-970C-F1012EE074D2}"
EndProject
Project("{FAE04EC0-301F-11D3-BF4B-00C04F79EFBC}") = "ApiTester.Wpf", "ApiTester.Wpf\ApiTester.Wpf.csproj", "{47EFEE67-305A-4672-BAAA-165BA8EBFC39}"
EndProject
Project("{FAE04EC0-301F-11D3-BF4B-00C04F79EFBC}") = "ApiTester.Console", "ApiTester.Console\ApiTester.Console.csproj", "{B90BA7DE-E7E2-4DF9-AC93-20C0546F28B8}"
EndProject
Project("{FAE04EC0-301F-11D3-BF4B-00C04F79EFBC}") = "RelatedRecords.Parser", "RelatedRecords.Parser\RelatedRecords.Parser.csproj", "{5443780E-3F66-421F-ACEE-E7F6821C216E}"
EndProject
Project("{FAE04EC0-301F-11D3-BF4B-00C04F79EFBC}") = "RelatedRecords.Parser.Tests", "RelatedRecords.Parser.Tests\RelatedRecords.Parser.Tests.csproj", "{89DF4AB5-70B3-467F-916E-0BE93E073351}"
EndProject
Global
	GlobalSection(SolutionConfigurationPlatforms) = preSolution
		Debug|Any CPU = Debug|Any CPU
		Documentation|Any CPU = Documentation|Any CPU
		Release|Any CPU = Release|Any CPU
		StronglyNamedAssembly|Any CPU = StronglyNamedAssembly|Any CPU
	EndGlobalSection
	GlobalSection(ProjectConfigurationPlatforms) = postSolution
		{63290898-005D-4E23-963B-8AEFA440D5BC}.Debug|Any CPU.ActiveCfg = Debug|Any CPU
		{63290898-005D-4E23-963B-8AEFA440D5BC}.Debug|Any CPU.Build.0 = Debug|Any CPU
		{63290898-005D-4E23-963B-8AEFA440D5BC}.Documentation|Any CPU.ActiveCfg = Debug|Any CPU
		{63290898-005D-4E23-963B-8AEFA440D5BC}.Release|Any CPU.ActiveCfg = Release|Any CPU
		{63290898-005D-4E23-963B-8AEFA440D5BC}.Release|Any CPU.Build.0 = Release|Any CPU
		{63290898-005D-4E23-963B-8AEFA440D5BC}.StronglyNamedAssembly|Any CPU.ActiveCfg = Release|Any CPU
		{33BFD3DA-4E0D-4E39-833A-13757B645D86}.Debug|Any CPU.ActiveCfg = Debug|Any CPU
		{33BFD3DA-4E0D-4E39-833A-13757B645D86}.Debug|Any CPU.Build.0 = Debug|Any CPU
		{33BFD3DA-4E0D-4E39-833A-13757B645D86}.Documentation|Any CPU.ActiveCfg = Debug|Any CPU
		{33BFD3DA-4E0D-4E39-833A-13757B645D86}.Release|Any CPU.ActiveCfg = Release|Any CPU
		{33BFD3DA-4E0D-4E39-833A-13757B645D86}.Release|Any CPU.Build.0 = Release|Any CPU
		{33BFD3DA-4E0D-4E39-833A-13757B645D86}.StronglyNamedAssembly|Any CPU.ActiveCfg = Release|Any CPU
		{CC43B992-7845-4012-BD6F-FAA7FFFCBA39}.Debug|Any CPU.ActiveCfg = Debug|Any CPU
		{CC43B992-7845-4012-BD6F-FAA7FFFCBA39}.Debug|Any CPU.Build.0 = Debug|Any CPU
		{CC43B992-7845-4012-BD6F-FAA7FFFCBA39}.Documentation|Any CPU.ActiveCfg = Debug|Any CPU
		{CC43B992-7845-4012-BD6F-FAA7FFFCBA39}.Release|Any CPU.ActiveCfg = Release|Any CPU
		{CC43B992-7845-4012-BD6F-FAA7FFFCBA39}.Release|Any CPU.Build.0 = Release|Any CPU
		{CC43B992-7845-4012-BD6F-FAA7FFFCBA39}.StronglyNamedAssembly|Any CPU.ActiveCfg = Release|Any CPU
		{3813CDFF-94EF-4A71-BD83-C69F43B029B0}.Debug|Any CPU.ActiveCfg = Debug|Any CPU
		{3813CDFF-94EF-4A71-BD83-C69F43B029B0}.Debug|Any CPU.Build.0 = Debug|Any CPU
		{3813CDFF-94EF-4A71-BD83-C69F43B029B0}.Documentation|Any CPU.ActiveCfg = Debug|Any CPU
		{3813CDFF-94EF-4A71-BD83-C69F43B029B0}.Release|Any CPU.ActiveCfg = Release|Any CPU
		{3813CDFF-94EF-4A71-BD83-C69F43B029B0}.Release|Any CPU.Build.0 = Release|Any CPU
		{3813CDFF-94EF-4A71-BD83-C69F43B029B0}.StronglyNamedAssembly|Any CPU.ActiveCfg = Release|Any CPU
		{0EE766D9-4055-4679-A277-54EE7AD08E30}.Debug|Any CPU.ActiveCfg = Debug|Any CPU
		{0EE766D9-4055-4679-A277-54EE7AD08E30}.Debug|Any CPU.Build.0 = Debug|Any CPU
		{0EE766D9-4055-4679-A277-54EE7AD08E30}.Documentation|Any CPU.ActiveCfg = Debug|Any CPU
		{0EE766D9-4055-4679-A277-54EE7AD08E30}.Release|Any CPU.ActiveCfg = Release|Any CPU
		{0EE766D9-4055-4679-A277-54EE7AD08E30}.Release|Any CPU.Build.0 = Release|Any CPU
		{0EE766D9-4055-4679-A277-54EE7AD08E30}.StronglyNamedAssembly|Any CPU.ActiveCfg = Release|Any CPU
		{88430C33-1702-4E8C-8F4C-392007BA21E1}.Debug|Any CPU.ActiveCfg = Debug|Any CPU
		{88430C33-1702-4E8C-8F4C-392007BA21E1}.Debug|Any CPU.Build.0 = Debug|Any CPU
		{88430C33-1702-4E8C-8F4C-392007BA21E1}.Documentation|Any CPU.ActiveCfg = Debug|Any CPU
		{88430C33-1702-4E8C-8F4C-392007BA21E1}.Release|Any CPU.ActiveCfg = Release|Any CPU
		{88430C33-1702-4E8C-8F4C-392007BA21E1}.Release|Any CPU.Build.0 = Release|Any CPU
		{88430C33-1702-4E8C-8F4C-392007BA21E1}.StronglyNamedAssembly|Any CPU.ActiveCfg = Release|Any CPU
		{53AF9F2D-51FE-409B-A0C5-E0F19A0B0499}.Debug|Any CPU.ActiveCfg = Debug|Any CPU
		{53AF9F2D-51FE-409B-A0C5-E0F19A0B0499}.Debug|Any CPU.Build.0 = Debug|Any CPU
		{53AF9F2D-51FE-409B-A0C5-E0F19A0B0499}.Documentation|Any CPU.ActiveCfg = Debug|Any CPU
		{53AF9F2D-51FE-409B-A0C5-E0F19A0B0499}.Release|Any CPU.ActiveCfg = Release|Any CPU
		{53AF9F2D-51FE-409B-A0C5-E0F19A0B0499}.Release|Any CPU.Build.0 = Release|Any CPU
		{53AF9F2D-51FE-409B-A0C5-E0F19A0B0499}.StronglyNamedAssembly|Any CPU.ActiveCfg = Release|Any CPU
		{23FC911A-61F6-4345-A0D2-AAB6FCE0043F}.Debug|Any CPU.ActiveCfg = Debug|Any CPU
		{23FC911A-61F6-4345-A0D2-AAB6FCE0043F}.Debug|Any CPU.Build.0 = Debug|Any CPU
		{23FC911A-61F6-4345-A0D2-AAB6FCE0043F}.Documentation|Any CPU.ActiveCfg = Debug|Any CPU
		{23FC911A-61F6-4345-A0D2-AAB6FCE0043F}.Release|Any CPU.ActiveCfg = Release|Any CPU
		{23FC911A-61F6-4345-A0D2-AAB6FCE0043F}.Release|Any CPU.Build.0 = Release|Any CPU
		{23FC911A-61F6-4345-A0D2-AAB6FCE0043F}.StronglyNamedAssembly|Any CPU.ActiveCfg = Release|Any CPU
		{8BD5E2C9-0E29-4F1B-8B29-15F8BCBB06C8}.Debug|Any CPU.ActiveCfg = Debug|Any CPU
		{8BD5E2C9-0E29-4F1B-8B29-15F8BCBB06C8}.Debug|Any CPU.Build.0 = Debug|Any CPU
		{8BD5E2C9-0E29-4F1B-8B29-15F8BCBB06C8}.Documentation|Any CPU.ActiveCfg = Debug|Any CPU
		{8BD5E2C9-0E29-4F1B-8B29-15F8BCBB06C8}.Release|Any CPU.ActiveCfg = Release|Any CPU
		{8BD5E2C9-0E29-4F1B-8B29-15F8BCBB06C8}.Release|Any CPU.Build.0 = Release|Any CPU
		{8BD5E2C9-0E29-4F1B-8B29-15F8BCBB06C8}.StronglyNamedAssembly|Any CPU.ActiveCfg = Release|Any CPU
		{4D5ECA11-0727-485D-985A-7FCADCFB25C7}.Debug|Any CPU.ActiveCfg = Debug|Any CPU
		{4D5ECA11-0727-485D-985A-7FCADCFB25C7}.Debug|Any CPU.Build.0 = Debug|Any CPU
		{4D5ECA11-0727-485D-985A-7FCADCFB25C7}.Documentation|Any CPU.ActiveCfg = Debug|Any CPU
		{4D5ECA11-0727-485D-985A-7FCADCFB25C7}.Release|Any CPU.ActiveCfg = Release|Any CPU
		{4D5ECA11-0727-485D-985A-7FCADCFB25C7}.Release|Any CPU.Build.0 = Release|Any CPU
		{4D5ECA11-0727-485D-985A-7FCADCFB25C7}.StronglyNamedAssembly|Any CPU.ActiveCfg = Release|Any CPU
		{7E864A0D-402F-4D90-8A9D-A2D309E8BA08}.Debug|Any CPU.ActiveCfg = Debug|Any CPU
		{7E864A0D-402F-4D90-8A9D-A2D309E8BA08}.Debug|Any CPU.Build.0 = Debug|Any CPU
		{7E864A0D-402F-4D90-8A9D-A2D309E8BA08}.Documentation|Any CPU.ActiveCfg = Debug|Any CPU
		{7E864A0D-402F-4D90-8A9D-A2D309E8BA08}.Release|Any CPU.ActiveCfg = Release|Any CPU
		{7E864A0D-402F-4D90-8A9D-A2D309E8BA08}.Release|Any CPU.Build.0 = Release|Any CPU
		{7E864A0D-402F-4D90-8A9D-A2D309E8BA08}.StronglyNamedAssembly|Any CPU.ActiveCfg = Release|Any CPU
		{80BC2F72-3596-4F15-970C-F1012EE074D2}.Debug|Any CPU.ActiveCfg = Debug|Any CPU
		{80BC2F72-3596-4F15-970C-F1012EE074D2}.Debug|Any CPU.Build.0 = Debug|Any CPU
		{80BC2F72-3596-4F15-970C-F1012EE074D2}.Documentation|Any CPU.ActiveCfg = Debug|Any CPU
		{80BC2F72-3596-4F15-970C-F1012EE074D2}.Release|Any CPU.ActiveCfg = Release|Any CPU
		{80BC2F72-3596-4F15-970C-F1012EE074D2}.Release|Any CPU.Build.0 = Release|Any CPU
		{80BC2F72-3596-4F15-970C-F1012EE074D2}.StronglyNamedAssembly|Any CPU.ActiveCfg = Release|Any CPU
		{47EFEE67-305A-4672-BAAA-165BA8EBFC39}.Debug|Any CPU.ActiveCfg = Debug|Any CPU
		{47EFEE67-305A-4672-BAAA-165BA8EBFC39}.Debug|Any CPU.Build.0 = Debug|Any CPU
		{47EFEE67-305A-4672-BAAA-165BA8EBFC39}.Documentation|Any CPU.ActiveCfg = Debug|Any CPU
		{47EFEE67-305A-4672-BAAA-165BA8EBFC39}.Release|Any CPU.ActiveCfg = Release|Any CPU
		{47EFEE67-305A-4672-BAAA-165BA8EBFC39}.Release|Any CPU.Build.0 = Release|Any CPU
		{47EFEE67-305A-4672-BAAA-165BA8EBFC39}.StronglyNamedAssembly|Any CPU.ActiveCfg = Release|Any CPU
		{B90BA7DE-E7E2-4DF9-AC93-20C0546F28B8}.Debug|Any CPU.ActiveCfg = Debug|Any CPU
		{B90BA7DE-E7E2-4DF9-AC93-20C0546F28B8}.Debug|Any CPU.Build.0 = Debug|Any CPU
		{B90BA7DE-E7E2-4DF9-AC93-20C0546F28B8}.Documentation|Any CPU.ActiveCfg = Debug|Any CPU
		{B90BA7DE-E7E2-4DF9-AC93-20C0546F28B8}.Release|Any CPU.ActiveCfg = Release|Any CPU
		{B90BA7DE-E7E2-4DF9-AC93-20C0546F28B8}.Release|Any CPU.Build.0 = Release|Any CPU
		{B90BA7DE-E7E2-4DF9-AC93-20C0546F28B8}.StronglyNamedAssembly|Any CPU.ActiveCfg = Release|Any CPU
		{5443780E-3F66-421F-ACEE-E7F6821C216E}.Debug|Any CPU.ActiveCfg = Debug|Any CPU
		{5443780E-3F66-421F-ACEE-E7F6821C216E}.Debug|Any CPU.Build.0 = Debug|Any CPU
		{5443780E-3F66-421F-ACEE-E7F6821C216E}.Documentation|Any CPU.ActiveCfg = Debug|Any CPU
		{5443780E-3F66-421F-ACEE-E7F6821C216E}.Documentation|Any CPU.Build.0 = Debug|Any CPU
		{5443780E-3F66-421F-ACEE-E7F6821C216E}.Release|Any CPU.ActiveCfg = Release|Any CPU
		{5443780E-3F66-421F-ACEE-E7F6821C216E}.Release|Any CPU.Build.0 = Release|Any CPU
		{5443780E-3F66-421F-ACEE-E7F6821C216E}.StronglyNamedAssembly|Any CPU.ActiveCfg = Release|Any CPU
		{5443780E-3F66-421F-ACEE-E7F6821C216E}.StronglyNamedAssembly|Any CPU.Build.0 = Release|Any CPU
		{89DF4AB5-70B3-467F-916E-0BE93E073351}.Debug|Any CPU.ActiveCfg = Debug|Any CPU
		{89DF4AB5-70B3-467F-916E-0BE93E073351}.Debug|Any CPU.Build.0 = Debug|Any CPU
		{89DF4AB5-70B3-467F-916E-0BE93E073351}.Documentation|Any CPU.ActiveCfg = Debug|Any CPU
		{89DF4AB5-70B3-467F-916E-0BE93E073351}.Documentation|Any CPU.Build.0 = Debug|Any CPU
		{89DF4AB5-70B3-467F-916E-0BE93E073351}.Release|Any CPU.ActiveCfg = Release|Any CPU
		{89DF4AB5-70B3-467F-916E-0BE93E073351}.Release|Any CPU.Build.0 = Release|Any CPU
		{89DF4AB5-70B3-467F-916E-0BE93E073351}.StronglyNamedAssembly|Any CPU.ActiveCfg = Release|Any CPU
		{89DF4AB5-70B3-467F-916E-0BE93E073351}.StronglyNamedAssembly|Any CPU.Build.0 = Release|Any CPU
	EndGlobalSection
	GlobalSection(SolutionProperties) = preSolution
		HideSolutionNode = FALSE
	EndGlobalSection
EndGlobal
