
Microsoft Visual Studio Solution File, Format Version 12.00
# Visual Studio 14
VisualStudioVersion = 14.0.24720.0
MinimumVisualStudioVersion = 10.0.40219.1
Project("{FAE04EC0-301F-11D3-BF4B-00C04F79EFBC}") = "RelatedRecords.Tests", "RelatedRecords.Tests\RelatedRecords.Tests.csproj", "{63290898-005D-4E23-963B-8AEFA440D5BC}"
EndProject
Project("{FAE04EC0-301F-11D3-BF4B-00C04F79EFBC}") = "RelatedRecords", "RelatedRecords\RelatedRecords.csproj", "{33BFD3DA-4E0D-4E39-833A-13757B645D86}"
EndProject
Project("{FAE04EC0-301F-11D3-BF4B-00C04F79EFBC}") = "RelatedRecords.Wpf", "RelatedRecords.Wpf\RelatedRecords.Wpf.csproj", "{CC43B992-7845-4012-BD6F-FAA7FFFCBA39}"
EndProject
Project("{FAE04EC0-301F-11D3-BF4B-00C04F79EFBC}") = "FluentTesting", "FluentTesting\FluentTesting.csproj", "{3813CDFF-94EF-4A71-BD83-C69F43B029B0}"
EndProject
Project("{FAE04EC0-301F-11D3-BF4B-00C04F79EFBC}") = "FluentTesting.Tests", "FluentTesting.Tests\FluentTesting.Tests.csproj", "{0EE766D9-4055-4679-A277-54EE7AD08E30}"
EndProject
Project("{2150E333-8FDC-42A3-9474-1A3956D46DE8}") = "Support Documents", "Support Documents", "{0335E72F-FA14-41E9-A7D2-DA7AD2ECA2A2}"
	ProjectSection(SolutionItems) = preProject
		LICENSE = LICENSE
		README.md = README.md
		ToDo.txt = ToDo.txt
	EndProjectSection
EndProject
Project("{FAE04EC0-301F-11D3-BF4B-00C04F79EFBC}") = "WebApi.Example", "WebApi.Example\WebApi.Example.csproj", "{88430C33-1702-4E8C-8F4C-392007BA21E1}"
EndProject
Project("{FAE04EC0-301F-11D3-BF4B-00C04F79EFBC}") = "WebApi.Example.Tests", "WebApi.Example.Tests\WebApi.Example.Tests.csproj", "{53AF9F2D-51FE-409B-A0C5-E0F19A0B0499}"
EndProject
Project("{FAE04EC0-301F-11D3-BF4B-00C04F79EFBC}") = "Reflector", "Reflector\Reflector.csproj", "{23FC911A-61F6-4345-A0D2-AAB6FCE0043F}"
EndProject
Project("{FAE04EC0-301F-11D3-BF4B-00C04F79EFBC}") = "Reflector.Console", "Reflector.Console\Reflector.Console.csproj", "{8BD5E2C9-0E29-4F1B-8B29-15F8BCBB06C8}"
EndProject
Project("{FAE04EC0-301F-11D3-BF4B-00C04F79EFBC}") = "Common", "Common\Common.csproj", "{4D5ECA11-0727-485D-985A-7FCADCFB25C7}"
EndProject
Project("{FAE04EC0-301F-11D3-BF4B-00C04F79EFBC}") = "Common.Data", "Common.Data\Common.Data.csproj", "{7E864A0D-402F-4D90-8A9D-A2D309E8BA08}"
EndProject
Project("{FAE04EC0-301F-11D3-BF4B-00C04F79EFBC}") = "ApiTester", "ApiTester\ApiTester.csproj", "{80BC2F72-3596-4F15-970C-F1012EE074D2}"
EndProject
Project("{FAE04EC0-301F-11D3-BF4B-00C04F79EFBC}") = "ApiTester.Wpf", "ApiTester.Wpf\ApiTester.Wpf.csproj", "{47EFEE67-305A-4672-BAAA-165BA8EBFC39}"
EndProject
Project("{FAE04EC0-301F-11D3-BF4B-00C04F79EFBC}") = "ApiTester.Console", "ApiTester.Console\ApiTester.Console.csproj", "{B90BA7DE-E7E2-4DF9-AC93-20C0546F28B8}"
EndProject
Project("{FAE04EC0-301F-11D3-BF4B-00C04F79EFBC}") = "RelatedRecords.Parser", "RelatedRecords.Parser\RelatedRecords.Parser.csproj", "{5443780E-3F66-421F-ACEE-E7F6821C216E}"
EndProject
Project("{FAE04EC0-301F-11D3-BF4B-00C04F79EFBC}") = "RelatedRecords.Parser.Tests", "RelatedRecords.Parser.Tests\RelatedRecords.Parser.Tests.csproj", "{89DF4AB5-70B3-467F-916E-0BE93E073351}"
EndProject
Project("{FAE04EC0-301F-11D3-BF4B-00C04F79EFBC}") = "RelatedRecords.Data", "RelatedRecords.Data\RelatedRecords.Data.csproj", "{E40145B0-B5C3-4CD6-B1C2-185893EDF425}"
EndProject
Project("{FAE04EC0-301F-11D3-BF4B-00C04F79EFBC}") = "RelatedRecords.Client", "RelatedRecords.Client\RelatedRecords.Client.csproj", "{9F934C41-3D0F-4D0C-BF1A-EC4C3D4C40B4}"
EndProject
Project("{FAE04EC0-301F-11D3-BF4B-00C04F79EFBC}") = "RelatedRecords.Data.Tests", "RelatedRecords.Data.Tests\RelatedRecords.Data.Tests.csproj", "{6545FE0B-13FE-42A9-9DE3-387D2E8934D7}"
EndProject
Project("{888888A0-9F3D-457C-B088-3A5042F75D52}") = "PythonLabs", "PythonLabs\PythonLabs.pyproj", "{5DB62245-D469-4186-B967-E003E353F0E4}"
EndProject
Project("{D954291E-2A0B-460D-934E-DC6B0785DB48}") = "InterviewerHubApp.Shared", "InterviewerHubApp\InterviewerHubApp.Shared\InterviewerHubApp.Shared.shproj", "{E52DC726-B95A-4957-9729-D03F32231A1B}"
EndProject
Project("{FAE04EC0-301F-11D3-BF4B-00C04F79EFBC}") = "InterviewerHubApp.Windows", "InterviewerHubApp\InterviewerHubApp.Windows\InterviewerHubApp.Windows.csproj", "{D9D5F38B-1542-4330-A26D-C7FA9FDA5AC5}"
EndProject
Project("{FAE04EC0-301F-11D3-BF4B-00C04F79EFBC}") = "WpfInterviewer", "WpfInterviewer\WpfInterviewer.csproj", "{7D20A5A0-19E3-4BAC-A510-E0FD59A165DC}"
EndProject
Project("{FAE04EC0-301F-11D3-BF4B-00C04F79EFBC}") = "InterviewerHubApp.WindowsPhone", "InterviewerHubApp\InterviewerHubApp.WindowsPhone\InterviewerHubApp.WindowsPhone.csproj", "{52BA175E-59E6-4F86-A5F5-A2BD2B9C7839}"
EndProject
Project("{FAE04EC0-301F-11D3-BF4B-00C04F79EFBC}") = "Resume", "Resume\Resume.csproj", "{7A578E65-3710-4EAA-939E-FCFF0156E092}"
EndProject
Project("{FAE04EC0-301F-11D3-BF4B-00C04F79EFBC}") = "Resume.Tests", "Resume.Tests\Resume.Tests.csproj", "{B7F8EEC3-C9DA-41D7-BB16-D3F573AB6495}"
EndProject
Project("{FAE04EC0-301F-11D3-BF4B-00C04F79EFBC}") = "Interviewer.Data", "Interviewer.Data\Interviewer.Data.csproj", "{8E0FBB1F-7C1F-4430-A392-251BC9118137}"
EndProject
Project("{FAE04EC0-301F-11D3-BF4B-00C04F79EFBC}") = "Interviewer.Services.Web", "Interviewer.Services.Web\Interviewer.Services.Web.csproj", "{B5E6C595-AF2F-488B-BDAF-64C78989BBA5}"
EndProject
Project("{FAE04EC0-301F-11D3-BF4B-00C04F79EFBC}") = "Interviewer.Services.Web.Tests", "Interviewer.Services.Web.Tests\Interviewer.Services.Web.Tests.csproj", "{FE6B1FD8-FF66-4637-ADF0-BA38A911C2D9}"
EndProject
Global
	GlobalSection(SharedMSBuildProjectFiles) = preSolution
		InterviewerHubApp\InterviewerHubApp.Shared\InterviewerHubApp.Shared.projitems*{e52dc726-b95a-4957-9729-d03f32231a1b}*SharedItemsImports = 13
		InterviewerHubApp\InterviewerHubApp.Shared\InterviewerHubApp.Shared.projitems*{52ba175e-59e6-4f86-a5f5-a2bd2b9c7839}*SharedItemsImports = 4
		InterviewerHubApp\InterviewerHubApp.Shared\InterviewerHubApp.Shared.projitems*{d9d5f38b-1542-4330-a26d-c7fa9fda5ac5}*SharedItemsImports = 4
	EndGlobalSection
	GlobalSection(SolutionConfigurationPlatforms) = preSolution
		Debug|Any CPU = Debug|Any CPU
		Debug|ARM = Debug|ARM
		Debug|x64 = Debug|x64
		Debug|x86 = Debug|x86
		Documentation|Any CPU = Documentation|Any CPU
		Documentation|ARM = Documentation|ARM
		Documentation|x64 = Documentation|x64
		Documentation|x86 = Documentation|x86
		Release|Any CPU = Release|Any CPU
		Release|ARM = Release|ARM
		Release|x64 = Release|x64
		Release|x86 = Release|x86
		StronglyNamedAssembly|Any CPU = StronglyNamedAssembly|Any CPU
		StronglyNamedAssembly|ARM = StronglyNamedAssembly|ARM
		StronglyNamedAssembly|x64 = StronglyNamedAssembly|x64
		StronglyNamedAssembly|x86 = StronglyNamedAssembly|x86
	EndGlobalSection
	GlobalSection(ProjectConfigurationPlatforms) = postSolution
		{63290898-005D-4E23-963B-8AEFA440D5BC}.Debug|Any CPU.ActiveCfg = Debug|Any CPU
		{63290898-005D-4E23-963B-8AEFA440D5BC}.Debug|Any CPU.Build.0 = Debug|Any CPU
		{63290898-005D-4E23-963B-8AEFA440D5BC}.Debug|ARM.ActiveCfg = Debug|Any CPU
		{63290898-005D-4E23-963B-8AEFA440D5BC}.Debug|ARM.Build.0 = Debug|Any CPU
		{63290898-005D-4E23-963B-8AEFA440D5BC}.Debug|x64.ActiveCfg = Debug|Any CPU
		{63290898-005D-4E23-963B-8AEFA440D5BC}.Debug|x64.Build.0 = Debug|Any CPU
		{63290898-005D-4E23-963B-8AEFA440D5BC}.Debug|x86.ActiveCfg = Debug|Any CPU
		{63290898-005D-4E23-963B-8AEFA440D5BC}.Debug|x86.Build.0 = Debug|Any CPU
		{63290898-005D-4E23-963B-8AEFA440D5BC}.Documentation|Any CPU.ActiveCfg = Debug|Any CPU
		{63290898-005D-4E23-963B-8AEFA440D5BC}.Documentation|ARM.ActiveCfg = Debug|Any CPU
		{63290898-005D-4E23-963B-8AEFA440D5BC}.Documentation|ARM.Build.0 = Debug|Any CPU
		{63290898-005D-4E23-963B-8AEFA440D5BC}.Documentation|x64.ActiveCfg = Debug|Any CPU
		{63290898-005D-4E23-963B-8AEFA440D5BC}.Documentation|x64.Build.0 = Debug|Any CPU
		{63290898-005D-4E23-963B-8AEFA440D5BC}.Documentation|x86.ActiveCfg = Debug|Any CPU
		{63290898-005D-4E23-963B-8AEFA440D5BC}.Documentation|x86.Build.0 = Debug|Any CPU
		{63290898-005D-4E23-963B-8AEFA440D5BC}.Release|Any CPU.ActiveCfg = Release|Any CPU
		{63290898-005D-4E23-963B-8AEFA440D5BC}.Release|Any CPU.Build.0 = Release|Any CPU
		{63290898-005D-4E23-963B-8AEFA440D5BC}.Release|ARM.ActiveCfg = Release|Any CPU
		{63290898-005D-4E23-963B-8AEFA440D5BC}.Release|ARM.Build.0 = Release|Any CPU
		{63290898-005D-4E23-963B-8AEFA440D5BC}.Release|x64.ActiveCfg = Release|Any CPU
		{63290898-005D-4E23-963B-8AEFA440D5BC}.Release|x64.Build.0 = Release|Any CPU
		{63290898-005D-4E23-963B-8AEFA440D5BC}.Release|x86.ActiveCfg = Release|Any CPU
		{63290898-005D-4E23-963B-8AEFA440D5BC}.Release|x86.Build.0 = Release|Any CPU
		{63290898-005D-4E23-963B-8AEFA440D5BC}.StronglyNamedAssembly|Any CPU.ActiveCfg = Release|Any CPU
		{63290898-005D-4E23-963B-8AEFA440D5BC}.StronglyNamedAssembly|ARM.ActiveCfg = Release|Any CPU
		{63290898-005D-4E23-963B-8AEFA440D5BC}.StronglyNamedAssembly|ARM.Build.0 = Release|Any CPU
		{63290898-005D-4E23-963B-8AEFA440D5BC}.StronglyNamedAssembly|x64.ActiveCfg = Release|Any CPU
		{63290898-005D-4E23-963B-8AEFA440D5BC}.StronglyNamedAssembly|x64.Build.0 = Release|Any CPU
		{63290898-005D-4E23-963B-8AEFA440D5BC}.StronglyNamedAssembly|x86.ActiveCfg = Release|Any CPU
		{63290898-005D-4E23-963B-8AEFA440D5BC}.StronglyNamedAssembly|x86.Build.0 = Release|Any CPU
		{33BFD3DA-4E0D-4E39-833A-13757B645D86}.Debug|Any CPU.ActiveCfg = Debug|Any CPU
		{33BFD3DA-4E0D-4E39-833A-13757B645D86}.Debug|Any CPU.Build.0 = Debug|Any CPU
		{33BFD3DA-4E0D-4E39-833A-13757B645D86}.Debug|ARM.ActiveCfg = Debug|Any CPU
		{33BFD3DA-4E0D-4E39-833A-13757B645D86}.Debug|ARM.Build.0 = Debug|Any CPU
		{33BFD3DA-4E0D-4E39-833A-13757B645D86}.Debug|x64.ActiveCfg = Debug|Any CPU
		{33BFD3DA-4E0D-4E39-833A-13757B645D86}.Debug|x64.Build.0 = Debug|Any CPU
		{33BFD3DA-4E0D-4E39-833A-13757B645D86}.Debug|x86.ActiveCfg = Debug|Any CPU
		{33BFD3DA-4E0D-4E39-833A-13757B645D86}.Debug|x86.Build.0 = Debug|Any CPU
		{33BFD3DA-4E0D-4E39-833A-13757B645D86}.Documentation|Any CPU.ActiveCfg = Debug|Any CPU
		{33BFD3DA-4E0D-4E39-833A-13757B645D86}.Documentation|ARM.ActiveCfg = Debug|Any CPU
		{33BFD3DA-4E0D-4E39-833A-13757B645D86}.Documentation|ARM.Build.0 = Debug|Any CPU
		{33BFD3DA-4E0D-4E39-833A-13757B645D86}.Documentation|x64.ActiveCfg = Debug|Any CPU
		{33BFD3DA-4E0D-4E39-833A-13757B645D86}.Documentation|x64.Build.0 = Debug|Any CPU
		{33BFD3DA-4E0D-4E39-833A-13757B645D86}.Documentation|x86.ActiveCfg = Debug|Any CPU
		{33BFD3DA-4E0D-4E39-833A-13757B645D86}.Documentation|x86.Build.0 = Debug|Any CPU
		{33BFD3DA-4E0D-4E39-833A-13757B645D86}.Release|Any CPU.ActiveCfg = Release|Any CPU
		{33BFD3DA-4E0D-4E39-833A-13757B645D86}.Release|Any CPU.Build.0 = Release|Any CPU
		{33BFD3DA-4E0D-4E39-833A-13757B645D86}.Release|ARM.ActiveCfg = Release|Any CPU
		{33BFD3DA-4E0D-4E39-833A-13757B645D86}.Release|ARM.Build.0 = Release|Any CPU
		{33BFD3DA-4E0D-4E39-833A-13757B645D86}.Release|x64.ActiveCfg = Release|Any CPU
		{33BFD3DA-4E0D-4E39-833A-13757B645D86}.Release|x64.Build.0 = Release|Any CPU
		{33BFD3DA-4E0D-4E39-833A-13757B645D86}.Release|x86.ActiveCfg = Release|Any CPU
		{33BFD3DA-4E0D-4E39-833A-13757B645D86}.Release|x86.Build.0 = Release|Any CPU
		{33BFD3DA-4E0D-4E39-833A-13757B645D86}.StronglyNamedAssembly|Any CPU.ActiveCfg = Release|Any CPU
		{33BFD3DA-4E0D-4E39-833A-13757B645D86}.StronglyNamedAssembly|ARM.ActiveCfg = Release|Any CPU
		{33BFD3DA-4E0D-4E39-833A-13757B645D86}.StronglyNamedAssembly|ARM.Build.0 = Release|Any CPU
		{33BFD3DA-4E0D-4E39-833A-13757B645D86}.StronglyNamedAssembly|x64.ActiveCfg = Release|Any CPU
		{33BFD3DA-4E0D-4E39-833A-13757B645D86}.StronglyNamedAssembly|x64.Build.0 = Release|Any CPU
		{33BFD3DA-4E0D-4E39-833A-13757B645D86}.StronglyNamedAssembly|x86.ActiveCfg = Release|Any CPU
		{33BFD3DA-4E0D-4E39-833A-13757B645D86}.StronglyNamedAssembly|x86.Build.0 = Release|Any CPU
		{CC43B992-7845-4012-BD6F-FAA7FFFCBA39}.Debug|Any CPU.ActiveCfg = Debug|Any CPU
		{CC43B992-7845-4012-BD6F-FAA7FFFCBA39}.Debug|Any CPU.Build.0 = Debug|Any CPU
		{CC43B992-7845-4012-BD6F-FAA7FFFCBA39}.Debug|ARM.ActiveCfg = Debug|Any CPU
		{CC43B992-7845-4012-BD6F-FAA7FFFCBA39}.Debug|ARM.Build.0 = Debug|Any CPU
		{CC43B992-7845-4012-BD6F-FAA7FFFCBA39}.Debug|x64.ActiveCfg = Debug|Any CPU
		{CC43B992-7845-4012-BD6F-FAA7FFFCBA39}.Debug|x64.Build.0 = Debug|Any CPU
		{CC43B992-7845-4012-BD6F-FAA7FFFCBA39}.Debug|x86.ActiveCfg = Debug|Any CPU
		{CC43B992-7845-4012-BD6F-FAA7FFFCBA39}.Debug|x86.Build.0 = Debug|Any CPU
		{CC43B992-7845-4012-BD6F-FAA7FFFCBA39}.Documentation|Any CPU.ActiveCfg = Debug|Any CPU
		{CC43B992-7845-4012-BD6F-FAA7FFFCBA39}.Documentation|ARM.ActiveCfg = Debug|Any CPU
		{CC43B992-7845-4012-BD6F-FAA7FFFCBA39}.Documentation|ARM.Build.0 = Debug|Any CPU
		{CC43B992-7845-4012-BD6F-FAA7FFFCBA39}.Documentation|x64.ActiveCfg = Debug|Any CPU
		{CC43B992-7845-4012-BD6F-FAA7FFFCBA39}.Documentation|x64.Build.0 = Debug|Any CPU
		{CC43B992-7845-4012-BD6F-FAA7FFFCBA39}.Documentation|x86.ActiveCfg = Debug|Any CPU
		{CC43B992-7845-4012-BD6F-FAA7FFFCBA39}.Documentation|x86.Build.0 = Debug|Any CPU
		{CC43B992-7845-4012-BD6F-FAA7FFFCBA39}.Release|Any CPU.ActiveCfg = Release|Any CPU
		{CC43B992-7845-4012-BD6F-FAA7FFFCBA39}.Release|Any CPU.Build.0 = Release|Any CPU
		{CC43B992-7845-4012-BD6F-FAA7FFFCBA39}.Release|ARM.ActiveCfg = Release|Any CPU
		{CC43B992-7845-4012-BD6F-FAA7FFFCBA39}.Release|ARM.Build.0 = Release|Any CPU
		{CC43B992-7845-4012-BD6F-FAA7FFFCBA39}.Release|x64.ActiveCfg = Release|Any CPU
		{CC43B992-7845-4012-BD6F-FAA7FFFCBA39}.Release|x64.Build.0 = Release|Any CPU
		{CC43B992-7845-4012-BD6F-FAA7FFFCBA39}.Release|x86.ActiveCfg = Release|Any CPU
		{CC43B992-7845-4012-BD6F-FAA7FFFCBA39}.Release|x86.Build.0 = Release|Any CPU
		{CC43B992-7845-4012-BD6F-FAA7FFFCBA39}.StronglyNamedAssembly|Any CPU.ActiveCfg = Release|Any CPU
		{CC43B992-7845-4012-BD6F-FAA7FFFCBA39}.StronglyNamedAssembly|ARM.ActiveCfg = Release|Any CPU
		{CC43B992-7845-4012-BD6F-FAA7FFFCBA39}.StronglyNamedAssembly|ARM.Build.0 = Release|Any CPU
		{CC43B992-7845-4012-BD6F-FAA7FFFCBA39}.StronglyNamedAssembly|x64.ActiveCfg = Release|Any CPU
		{CC43B992-7845-4012-BD6F-FAA7FFFCBA39}.StronglyNamedAssembly|x64.Build.0 = Release|Any CPU
		{CC43B992-7845-4012-BD6F-FAA7FFFCBA39}.StronglyNamedAssembly|x86.ActiveCfg = Release|Any CPU
		{CC43B992-7845-4012-BD6F-FAA7FFFCBA39}.StronglyNamedAssembly|x86.Build.0 = Release|Any CPU
		{3813CDFF-94EF-4A71-BD83-C69F43B029B0}.Debug|Any CPU.ActiveCfg = Debug|Any CPU
		{3813CDFF-94EF-4A71-BD83-C69F43B029B0}.Debug|Any CPU.Build.0 = Debug|Any CPU
		{3813CDFF-94EF-4A71-BD83-C69F43B029B0}.Debug|ARM.ActiveCfg = Debug|Any CPU
		{3813CDFF-94EF-4A71-BD83-C69F43B029B0}.Debug|ARM.Build.0 = Debug|Any CPU
		{3813CDFF-94EF-4A71-BD83-C69F43B029B0}.Debug|x64.ActiveCfg = Debug|Any CPU
		{3813CDFF-94EF-4A71-BD83-C69F43B029B0}.Debug|x64.Build.0 = Debug|Any CPU
		{3813CDFF-94EF-4A71-BD83-C69F43B029B0}.Debug|x86.ActiveCfg = Debug|Any CPU
		{3813CDFF-94EF-4A71-BD83-C69F43B029B0}.Debug|x86.Build.0 = Debug|Any CPU
		{3813CDFF-94EF-4A71-BD83-C69F43B029B0}.Documentation|Any CPU.ActiveCfg = Debug|Any CPU
		{3813CDFF-94EF-4A71-BD83-C69F43B029B0}.Documentation|ARM.ActiveCfg = Debug|Any CPU
		{3813CDFF-94EF-4A71-BD83-C69F43B029B0}.Documentation|ARM.Build.0 = Debug|Any CPU
		{3813CDFF-94EF-4A71-BD83-C69F43B029B0}.Documentation|x64.ActiveCfg = Debug|Any CPU
		{3813CDFF-94EF-4A71-BD83-C69F43B029B0}.Documentation|x64.Build.0 = Debug|Any CPU
		{3813CDFF-94EF-4A71-BD83-C69F43B029B0}.Documentation|x86.ActiveCfg = Debug|Any CPU
		{3813CDFF-94EF-4A71-BD83-C69F43B029B0}.Documentation|x86.Build.0 = Debug|Any CPU
		{3813CDFF-94EF-4A71-BD83-C69F43B029B0}.Release|Any CPU.ActiveCfg = Release|Any CPU
		{3813CDFF-94EF-4A71-BD83-C69F43B029B0}.Release|Any CPU.Build.0 = Release|Any CPU
		{3813CDFF-94EF-4A71-BD83-C69F43B029B0}.Release|ARM.ActiveCfg = Release|Any CPU
		{3813CDFF-94EF-4A71-BD83-C69F43B029B0}.Release|ARM.Build.0 = Release|Any CPU
		{3813CDFF-94EF-4A71-BD83-C69F43B029B0}.Release|x64.ActiveCfg = Release|Any CPU
		{3813CDFF-94EF-4A71-BD83-C69F43B029B0}.Release|x64.Build.0 = Release|Any CPU
		{3813CDFF-94EF-4A71-BD83-C69F43B029B0}.Release|x86.ActiveCfg = Release|Any CPU
		{3813CDFF-94EF-4A71-BD83-C69F43B029B0}.Release|x86.Build.0 = Release|Any CPU
		{3813CDFF-94EF-4A71-BD83-C69F43B029B0}.StronglyNamedAssembly|Any CPU.ActiveCfg = Release|Any CPU
		{3813CDFF-94EF-4A71-BD83-C69F43B029B0}.StronglyNamedAssembly|ARM.ActiveCfg = Release|Any CPU
		{3813CDFF-94EF-4A71-BD83-C69F43B029B0}.StronglyNamedAssembly|ARM.Build.0 = Release|Any CPU
		{3813CDFF-94EF-4A71-BD83-C69F43B029B0}.StronglyNamedAssembly|x64.ActiveCfg = Release|Any CPU
		{3813CDFF-94EF-4A71-BD83-C69F43B029B0}.StronglyNamedAssembly|x64.Build.0 = Release|Any CPU
		{3813CDFF-94EF-4A71-BD83-C69F43B029B0}.StronglyNamedAssembly|x86.ActiveCfg = Release|Any CPU
		{3813CDFF-94EF-4A71-BD83-C69F43B029B0}.StronglyNamedAssembly|x86.Build.0 = Release|Any CPU
		{0EE766D9-4055-4679-A277-54EE7AD08E30}.Debug|Any CPU.ActiveCfg = Debug|Any CPU
		{0EE766D9-4055-4679-A277-54EE7AD08E30}.Debug|Any CPU.Build.0 = Debug|Any CPU
		{0EE766D9-4055-4679-A277-54EE7AD08E30}.Debug|ARM.ActiveCfg = Debug|Any CPU
		{0EE766D9-4055-4679-A277-54EE7AD08E30}.Debug|ARM.Build.0 = Debug|Any CPU
		{0EE766D9-4055-4679-A277-54EE7AD08E30}.Debug|x64.ActiveCfg = Debug|Any CPU
		{0EE766D9-4055-4679-A277-54EE7AD08E30}.Debug|x64.Build.0 = Debug|Any CPU
		{0EE766D9-4055-4679-A277-54EE7AD08E30}.Debug|x86.ActiveCfg = Debug|Any CPU
		{0EE766D9-4055-4679-A277-54EE7AD08E30}.Debug|x86.Build.0 = Debug|Any CPU
		{0EE766D9-4055-4679-A277-54EE7AD08E30}.Documentation|Any CPU.ActiveCfg = Debug|Any CPU
		{0EE766D9-4055-4679-A277-54EE7AD08E30}.Documentation|ARM.ActiveCfg = Debug|Any CPU
		{0EE766D9-4055-4679-A277-54EE7AD08E30}.Documentation|ARM.Build.0 = Debug|Any CPU
		{0EE766D9-4055-4679-A277-54EE7AD08E30}.Documentation|x64.ActiveCfg = Debug|Any CPU
		{0EE766D9-4055-4679-A277-54EE7AD08E30}.Documentation|x64.Build.0 = Debug|Any CPU
		{0EE766D9-4055-4679-A277-54EE7AD08E30}.Documentation|x86.ActiveCfg = Debug|Any CPU
		{0EE766D9-4055-4679-A277-54EE7AD08E30}.Documentation|x86.Build.0 = Debug|Any CPU
		{0EE766D9-4055-4679-A277-54EE7AD08E30}.Release|Any CPU.ActiveCfg = Release|Any CPU
		{0EE766D9-4055-4679-A277-54EE7AD08E30}.Release|Any CPU.Build.0 = Release|Any CPU
		{0EE766D9-4055-4679-A277-54EE7AD08E30}.Release|ARM.ActiveCfg = Release|Any CPU
		{0EE766D9-4055-4679-A277-54EE7AD08E30}.Release|ARM.Build.0 = Release|Any CPU
		{0EE766D9-4055-4679-A277-54EE7AD08E30}.Release|x64.ActiveCfg = Release|Any CPU
		{0EE766D9-4055-4679-A277-54EE7AD08E30}.Release|x64.Build.0 = Release|Any CPU
		{0EE766D9-4055-4679-A277-54EE7AD08E30}.Release|x86.ActiveCfg = Release|Any CPU
		{0EE766D9-4055-4679-A277-54EE7AD08E30}.Release|x86.Build.0 = Release|Any CPU
		{0EE766D9-4055-4679-A277-54EE7AD08E30}.StronglyNamedAssembly|Any CPU.ActiveCfg = Release|Any CPU
		{0EE766D9-4055-4679-A277-54EE7AD08E30}.StronglyNamedAssembly|ARM.ActiveCfg = Release|Any CPU
		{0EE766D9-4055-4679-A277-54EE7AD08E30}.StronglyNamedAssembly|ARM.Build.0 = Release|Any CPU
		{0EE766D9-4055-4679-A277-54EE7AD08E30}.StronglyNamedAssembly|x64.ActiveCfg = Release|Any CPU
		{0EE766D9-4055-4679-A277-54EE7AD08E30}.StronglyNamedAssembly|x64.Build.0 = Release|Any CPU
		{0EE766D9-4055-4679-A277-54EE7AD08E30}.StronglyNamedAssembly|x86.ActiveCfg = Release|Any CPU
		{0EE766D9-4055-4679-A277-54EE7AD08E30}.StronglyNamedAssembly|x86.Build.0 = Release|Any CPU
		{88430C33-1702-4E8C-8F4C-392007BA21E1}.Debug|Any CPU.ActiveCfg = Debug|Any CPU
		{88430C33-1702-4E8C-8F4C-392007BA21E1}.Debug|Any CPU.Build.0 = Debug|Any CPU
		{88430C33-1702-4E8C-8F4C-392007BA21E1}.Debug|ARM.ActiveCfg = Debug|Any CPU
		{88430C33-1702-4E8C-8F4C-392007BA21E1}.Debug|ARM.Build.0 = Debug|Any CPU
		{88430C33-1702-4E8C-8F4C-392007BA21E1}.Debug|x64.ActiveCfg = Debug|Any CPU
		{88430C33-1702-4E8C-8F4C-392007BA21E1}.Debug|x64.Build.0 = Debug|Any CPU
		{88430C33-1702-4E8C-8F4C-392007BA21E1}.Debug|x86.ActiveCfg = Debug|Any CPU
		{88430C33-1702-4E8C-8F4C-392007BA21E1}.Debug|x86.Build.0 = Debug|Any CPU
		{88430C33-1702-4E8C-8F4C-392007BA21E1}.Documentation|Any CPU.ActiveCfg = Debug|Any CPU
		{88430C33-1702-4E8C-8F4C-392007BA21E1}.Documentation|ARM.ActiveCfg = Debug|Any CPU
		{88430C33-1702-4E8C-8F4C-392007BA21E1}.Documentation|ARM.Build.0 = Debug|Any CPU
		{88430C33-1702-4E8C-8F4C-392007BA21E1}.Documentation|x64.ActiveCfg = Debug|Any CPU
		{88430C33-1702-4E8C-8F4C-392007BA21E1}.Documentation|x64.Build.0 = Debug|Any CPU
		{88430C33-1702-4E8C-8F4C-392007BA21E1}.Documentation|x86.ActiveCfg = Debug|Any CPU
		{88430C33-1702-4E8C-8F4C-392007BA21E1}.Documentation|x86.Build.0 = Debug|Any CPU
		{88430C33-1702-4E8C-8F4C-392007BA21E1}.Release|Any CPU.ActiveCfg = Release|Any CPU
		{88430C33-1702-4E8C-8F4C-392007BA21E1}.Release|Any CPU.Build.0 = Release|Any CPU
		{88430C33-1702-4E8C-8F4C-392007BA21E1}.Release|ARM.ActiveCfg = Release|Any CPU
		{88430C33-1702-4E8C-8F4C-392007BA21E1}.Release|ARM.Build.0 = Release|Any CPU
		{88430C33-1702-4E8C-8F4C-392007BA21E1}.Release|x64.ActiveCfg = Release|Any CPU
		{88430C33-1702-4E8C-8F4C-392007BA21E1}.Release|x64.Build.0 = Release|Any CPU
		{88430C33-1702-4E8C-8F4C-392007BA21E1}.Release|x86.ActiveCfg = Release|Any CPU
		{88430C33-1702-4E8C-8F4C-392007BA21E1}.Release|x86.Build.0 = Release|Any CPU
		{88430C33-1702-4E8C-8F4C-392007BA21E1}.StronglyNamedAssembly|Any CPU.ActiveCfg = Release|Any CPU
		{88430C33-1702-4E8C-8F4C-392007BA21E1}.StronglyNamedAssembly|ARM.ActiveCfg = Release|Any CPU
		{88430C33-1702-4E8C-8F4C-392007BA21E1}.StronglyNamedAssembly|ARM.Build.0 = Release|Any CPU
		{88430C33-1702-4E8C-8F4C-392007BA21E1}.StronglyNamedAssembly|x64.ActiveCfg = Release|Any CPU
		{88430C33-1702-4E8C-8F4C-392007BA21E1}.StronglyNamedAssembly|x64.Build.0 = Release|Any CPU
		{88430C33-1702-4E8C-8F4C-392007BA21E1}.StronglyNamedAssembly|x86.ActiveCfg = Release|Any CPU
		{88430C33-1702-4E8C-8F4C-392007BA21E1}.StronglyNamedAssembly|x86.Build.0 = Release|Any CPU
		{53AF9F2D-51FE-409B-A0C5-E0F19A0B0499}.Debug|Any CPU.ActiveCfg = Debug|Any CPU
		{53AF9F2D-51FE-409B-A0C5-E0F19A0B0499}.Debug|Any CPU.Build.0 = Debug|Any CPU
		{53AF9F2D-51FE-409B-A0C5-E0F19A0B0499}.Debug|ARM.ActiveCfg = Debug|Any CPU
		{53AF9F2D-51FE-409B-A0C5-E0F19A0B0499}.Debug|ARM.Build.0 = Debug|Any CPU
		{53AF9F2D-51FE-409B-A0C5-E0F19A0B0499}.Debug|x64.ActiveCfg = Debug|Any CPU
		{53AF9F2D-51FE-409B-A0C5-E0F19A0B0499}.Debug|x64.Build.0 = Debug|Any CPU
		{53AF9F2D-51FE-409B-A0C5-E0F19A0B0499}.Debug|x86.ActiveCfg = Debug|Any CPU
		{53AF9F2D-51FE-409B-A0C5-E0F19A0B0499}.Debug|x86.Build.0 = Debug|Any CPU
		{53AF9F2D-51FE-409B-A0C5-E0F19A0B0499}.Documentation|Any CPU.ActiveCfg = Debug|Any CPU
		{53AF9F2D-51FE-409B-A0C5-E0F19A0B0499}.Documentation|ARM.ActiveCfg = Debug|Any CPU
		{53AF9F2D-51FE-409B-A0C5-E0F19A0B0499}.Documentation|ARM.Build.0 = Debug|Any CPU
		{53AF9F2D-51FE-409B-A0C5-E0F19A0B0499}.Documentation|x64.ActiveCfg = Debug|Any CPU
		{53AF9F2D-51FE-409B-A0C5-E0F19A0B0499}.Documentation|x64.Build.0 = Debug|Any CPU
		{53AF9F2D-51FE-409B-A0C5-E0F19A0B0499}.Documentation|x86.ActiveCfg = Debug|Any CPU
		{53AF9F2D-51FE-409B-A0C5-E0F19A0B0499}.Documentation|x86.Build.0 = Debug|Any CPU
		{53AF9F2D-51FE-409B-A0C5-E0F19A0B0499}.Release|Any CPU.ActiveCfg = Release|Any CPU
		{53AF9F2D-51FE-409B-A0C5-E0F19A0B0499}.Release|Any CPU.Build.0 = Release|Any CPU
		{53AF9F2D-51FE-409B-A0C5-E0F19A0B0499}.Release|ARM.ActiveCfg = Release|Any CPU
		{53AF9F2D-51FE-409B-A0C5-E0F19A0B0499}.Release|ARM.Build.0 = Release|Any CPU
		{53AF9F2D-51FE-409B-A0C5-E0F19A0B0499}.Release|x64.ActiveCfg = Release|Any CPU
		{53AF9F2D-51FE-409B-A0C5-E0F19A0B0499}.Release|x64.Build.0 = Release|Any CPU
		{53AF9F2D-51FE-409B-A0C5-E0F19A0B0499}.Release|x86.ActiveCfg = Release|Any CPU
		{53AF9F2D-51FE-409B-A0C5-E0F19A0B0499}.Release|x86.Build.0 = Release|Any CPU
		{53AF9F2D-51FE-409B-A0C5-E0F19A0B0499}.StronglyNamedAssembly|Any CPU.ActiveCfg = Release|Any CPU
		{53AF9F2D-51FE-409B-A0C5-E0F19A0B0499}.StronglyNamedAssembly|ARM.ActiveCfg = Release|Any CPU
		{53AF9F2D-51FE-409B-A0C5-E0F19A0B0499}.StronglyNamedAssembly|ARM.Build.0 = Release|Any CPU
		{53AF9F2D-51FE-409B-A0C5-E0F19A0B0499}.StronglyNamedAssembly|x64.ActiveCfg = Release|Any CPU
		{53AF9F2D-51FE-409B-A0C5-E0F19A0B0499}.StronglyNamedAssembly|x64.Build.0 = Release|Any CPU
		{53AF9F2D-51FE-409B-A0C5-E0F19A0B0499}.StronglyNamedAssembly|x86.ActiveCfg = Release|Any CPU
		{53AF9F2D-51FE-409B-A0C5-E0F19A0B0499}.StronglyNamedAssembly|x86.Build.0 = Release|Any CPU
		{23FC911A-61F6-4345-A0D2-AAB6FCE0043F}.Debug|Any CPU.ActiveCfg = Debug|Any CPU
		{23FC911A-61F6-4345-A0D2-AAB6FCE0043F}.Debug|Any CPU.Build.0 = Debug|Any CPU
		{23FC911A-61F6-4345-A0D2-AAB6FCE0043F}.Debug|ARM.ActiveCfg = Debug|Any CPU
		{23FC911A-61F6-4345-A0D2-AAB6FCE0043F}.Debug|ARM.Build.0 = Debug|Any CPU
		{23FC911A-61F6-4345-A0D2-AAB6FCE0043F}.Debug|x64.ActiveCfg = Debug|Any CPU
		{23FC911A-61F6-4345-A0D2-AAB6FCE0043F}.Debug|x64.Build.0 = Debug|Any CPU
		{23FC911A-61F6-4345-A0D2-AAB6FCE0043F}.Debug|x86.ActiveCfg = Debug|Any CPU
		{23FC911A-61F6-4345-A0D2-AAB6FCE0043F}.Debug|x86.Build.0 = Debug|Any CPU
		{23FC911A-61F6-4345-A0D2-AAB6FCE0043F}.Documentation|Any CPU.ActiveCfg = Debug|Any CPU
		{23FC911A-61F6-4345-A0D2-AAB6FCE0043F}.Documentation|ARM.ActiveCfg = Debug|Any CPU
		{23FC911A-61F6-4345-A0D2-AAB6FCE0043F}.Documentation|ARM.Build.0 = Debug|Any CPU
		{23FC911A-61F6-4345-A0D2-AAB6FCE0043F}.Documentation|x64.ActiveCfg = Debug|Any CPU
		{23FC911A-61F6-4345-A0D2-AAB6FCE0043F}.Documentation|x64.Build.0 = Debug|Any CPU
		{23FC911A-61F6-4345-A0D2-AAB6FCE0043F}.Documentation|x86.ActiveCfg = Debug|Any CPU
		{23FC911A-61F6-4345-A0D2-AAB6FCE0043F}.Documentation|x86.Build.0 = Debug|Any CPU
		{23FC911A-61F6-4345-A0D2-AAB6FCE0043F}.Release|Any CPU.ActiveCfg = Release|Any CPU
		{23FC911A-61F6-4345-A0D2-AAB6FCE0043F}.Release|Any CPU.Build.0 = Release|Any CPU
		{23FC911A-61F6-4345-A0D2-AAB6FCE0043F}.Release|ARM.ActiveCfg = Release|Any CPU
		{23FC911A-61F6-4345-A0D2-AAB6FCE0043F}.Release|ARM.Build.0 = Release|Any CPU
		{23FC911A-61F6-4345-A0D2-AAB6FCE0043F}.Release|x64.ActiveCfg = Release|Any CPU
		{23FC911A-61F6-4345-A0D2-AAB6FCE0043F}.Release|x64.Build.0 = Release|Any CPU
		{23FC911A-61F6-4345-A0D2-AAB6FCE0043F}.Release|x86.ActiveCfg = Release|Any CPU
		{23FC911A-61F6-4345-A0D2-AAB6FCE0043F}.Release|x86.Build.0 = Release|Any CPU
		{23FC911A-61F6-4345-A0D2-AAB6FCE0043F}.StronglyNamedAssembly|Any CPU.ActiveCfg = Release|Any CPU
		{23FC911A-61F6-4345-A0D2-AAB6FCE0043F}.StronglyNamedAssembly|ARM.ActiveCfg = Release|Any CPU
		{23FC911A-61F6-4345-A0D2-AAB6FCE0043F}.StronglyNamedAssembly|ARM.Build.0 = Release|Any CPU
		{23FC911A-61F6-4345-A0D2-AAB6FCE0043F}.StronglyNamedAssembly|x64.ActiveCfg = Release|Any CPU
		{23FC911A-61F6-4345-A0D2-AAB6FCE0043F}.StronglyNamedAssembly|x64.Build.0 = Release|Any CPU
		{23FC911A-61F6-4345-A0D2-AAB6FCE0043F}.StronglyNamedAssembly|x86.ActiveCfg = Release|Any CPU
		{23FC911A-61F6-4345-A0D2-AAB6FCE0043F}.StronglyNamedAssembly|x86.Build.0 = Release|Any CPU
		{8BD5E2C9-0E29-4F1B-8B29-15F8BCBB06C8}.Debug|Any CPU.ActiveCfg = Debug|Any CPU
		{8BD5E2C9-0E29-4F1B-8B29-15F8BCBB06C8}.Debug|Any CPU.Build.0 = Debug|Any CPU
		{8BD5E2C9-0E29-4F1B-8B29-15F8BCBB06C8}.Debug|ARM.ActiveCfg = Debug|Any CPU
		{8BD5E2C9-0E29-4F1B-8B29-15F8BCBB06C8}.Debug|ARM.Build.0 = Debug|Any CPU
		{8BD5E2C9-0E29-4F1B-8B29-15F8BCBB06C8}.Debug|x64.ActiveCfg = Debug|Any CPU
		{8BD5E2C9-0E29-4F1B-8B29-15F8BCBB06C8}.Debug|x64.Build.0 = Debug|Any CPU
		{8BD5E2C9-0E29-4F1B-8B29-15F8BCBB06C8}.Debug|x86.ActiveCfg = Debug|Any CPU
		{8BD5E2C9-0E29-4F1B-8B29-15F8BCBB06C8}.Debug|x86.Build.0 = Debug|Any CPU
		{8BD5E2C9-0E29-4F1B-8B29-15F8BCBB06C8}.Documentation|Any CPU.ActiveCfg = Debug|Any CPU
		{8BD5E2C9-0E29-4F1B-8B29-15F8BCBB06C8}.Documentation|ARM.ActiveCfg = Debug|Any CPU
		{8BD5E2C9-0E29-4F1B-8B29-15F8BCBB06C8}.Documentation|ARM.Build.0 = Debug|Any CPU
		{8BD5E2C9-0E29-4F1B-8B29-15F8BCBB06C8}.Documentation|x64.ActiveCfg = Debug|Any CPU
		{8BD5E2C9-0E29-4F1B-8B29-15F8BCBB06C8}.Documentation|x64.Build.0 = Debug|Any CPU
		{8BD5E2C9-0E29-4F1B-8B29-15F8BCBB06C8}.Documentation|x86.ActiveCfg = Debug|Any CPU
		{8BD5E2C9-0E29-4F1B-8B29-15F8BCBB06C8}.Documentation|x86.Build.0 = Debug|Any CPU
		{8BD5E2C9-0E29-4F1B-8B29-15F8BCBB06C8}.Release|Any CPU.ActiveCfg = Release|Any CPU
		{8BD5E2C9-0E29-4F1B-8B29-15F8BCBB06C8}.Release|Any CPU.Build.0 = Release|Any CPU
		{8BD5E2C9-0E29-4F1B-8B29-15F8BCBB06C8}.Release|ARM.ActiveCfg = Release|Any CPU
		{8BD5E2C9-0E29-4F1B-8B29-15F8BCBB06C8}.Release|ARM.Build.0 = Release|Any CPU
		{8BD5E2C9-0E29-4F1B-8B29-15F8BCBB06C8}.Release|x64.ActiveCfg = Release|Any CPU
		{8BD5E2C9-0E29-4F1B-8B29-15F8BCBB06C8}.Release|x64.Build.0 = Release|Any CPU
		{8BD5E2C9-0E29-4F1B-8B29-15F8BCBB06C8}.Release|x86.ActiveCfg = Release|Any CPU
		{8BD5E2C9-0E29-4F1B-8B29-15F8BCBB06C8}.Release|x86.Build.0 = Release|Any CPU
		{8BD5E2C9-0E29-4F1B-8B29-15F8BCBB06C8}.StronglyNamedAssembly|Any CPU.ActiveCfg = Release|Any CPU
		{8BD5E2C9-0E29-4F1B-8B29-15F8BCBB06C8}.StronglyNamedAssembly|ARM.ActiveCfg = Release|Any CPU
		{8BD5E2C9-0E29-4F1B-8B29-15F8BCBB06C8}.StronglyNamedAssembly|ARM.Build.0 = Release|Any CPU
		{8BD5E2C9-0E29-4F1B-8B29-15F8BCBB06C8}.StronglyNamedAssembly|x64.ActiveCfg = Release|Any CPU
		{8BD5E2C9-0E29-4F1B-8B29-15F8BCBB06C8}.StronglyNamedAssembly|x64.Build.0 = Release|Any CPU
		{8BD5E2C9-0E29-4F1B-8B29-15F8BCBB06C8}.StronglyNamedAssembly|x86.ActiveCfg = Release|Any CPU
		{8BD5E2C9-0E29-4F1B-8B29-15F8BCBB06C8}.StronglyNamedAssembly|x86.Build.0 = Release|Any CPU
		{4D5ECA11-0727-485D-985A-7FCADCFB25C7}.Debug|Any CPU.ActiveCfg = Debug|Any CPU
		{4D5ECA11-0727-485D-985A-7FCADCFB25C7}.Debug|Any CPU.Build.0 = Debug|Any CPU
		{4D5ECA11-0727-485D-985A-7FCADCFB25C7}.Debug|ARM.ActiveCfg = Debug|Any CPU
		{4D5ECA11-0727-485D-985A-7FCADCFB25C7}.Debug|ARM.Build.0 = Debug|Any CPU
		{4D5ECA11-0727-485D-985A-7FCADCFB25C7}.Debug|x64.ActiveCfg = Debug|Any CPU
		{4D5ECA11-0727-485D-985A-7FCADCFB25C7}.Debug|x64.Build.0 = Debug|Any CPU
		{4D5ECA11-0727-485D-985A-7FCADCFB25C7}.Debug|x86.ActiveCfg = Debug|Any CPU
		{4D5ECA11-0727-485D-985A-7FCADCFB25C7}.Debug|x86.Build.0 = Debug|Any CPU
		{4D5ECA11-0727-485D-985A-7FCADCFB25C7}.Documentation|Any CPU.ActiveCfg = Debug|Any CPU
		{4D5ECA11-0727-485D-985A-7FCADCFB25C7}.Documentation|ARM.ActiveCfg = Debug|Any CPU
		{4D5ECA11-0727-485D-985A-7FCADCFB25C7}.Documentation|ARM.Build.0 = Debug|Any CPU
		{4D5ECA11-0727-485D-985A-7FCADCFB25C7}.Documentation|x64.ActiveCfg = Debug|Any CPU
		{4D5ECA11-0727-485D-985A-7FCADCFB25C7}.Documentation|x64.Build.0 = Debug|Any CPU
		{4D5ECA11-0727-485D-985A-7FCADCFB25C7}.Documentation|x86.ActiveCfg = Debug|Any CPU
		{4D5ECA11-0727-485D-985A-7FCADCFB25C7}.Documentation|x86.Build.0 = Debug|Any CPU
		{4D5ECA11-0727-485D-985A-7FCADCFB25C7}.Release|Any CPU.ActiveCfg = Release|Any CPU
		{4D5ECA11-0727-485D-985A-7FCADCFB25C7}.Release|Any CPU.Build.0 = Release|Any CPU
		{4D5ECA11-0727-485D-985A-7FCADCFB25C7}.Release|ARM.ActiveCfg = Release|Any CPU
		{4D5ECA11-0727-485D-985A-7FCADCFB25C7}.Release|ARM.Build.0 = Release|Any CPU
		{4D5ECA11-0727-485D-985A-7FCADCFB25C7}.Release|x64.ActiveCfg = Release|Any CPU
		{4D5ECA11-0727-485D-985A-7FCADCFB25C7}.Release|x64.Build.0 = Release|Any CPU
		{4D5ECA11-0727-485D-985A-7FCADCFB25C7}.Release|x86.ActiveCfg = Release|Any CPU
		{4D5ECA11-0727-485D-985A-7FCADCFB25C7}.Release|x86.Build.0 = Release|Any CPU
		{4D5ECA11-0727-485D-985A-7FCADCFB25C7}.StronglyNamedAssembly|Any CPU.ActiveCfg = Release|Any CPU
		{4D5ECA11-0727-485D-985A-7FCADCFB25C7}.StronglyNamedAssembly|ARM.ActiveCfg = Release|Any CPU
		{4D5ECA11-0727-485D-985A-7FCADCFB25C7}.StronglyNamedAssembly|ARM.Build.0 = Release|Any CPU
		{4D5ECA11-0727-485D-985A-7FCADCFB25C7}.StronglyNamedAssembly|x64.ActiveCfg = Release|Any CPU
		{4D5ECA11-0727-485D-985A-7FCADCFB25C7}.StronglyNamedAssembly|x64.Build.0 = Release|Any CPU
		{4D5ECA11-0727-485D-985A-7FCADCFB25C7}.StronglyNamedAssembly|x86.ActiveCfg = Release|Any CPU
		{4D5ECA11-0727-485D-985A-7FCADCFB25C7}.StronglyNamedAssembly|x86.Build.0 = Release|Any CPU
		{7E864A0D-402F-4D90-8A9D-A2D309E8BA08}.Debug|Any CPU.ActiveCfg = Debug|Any CPU
		{7E864A0D-402F-4D90-8A9D-A2D309E8BA08}.Debug|Any CPU.Build.0 = Debug|Any CPU
		{7E864A0D-402F-4D90-8A9D-A2D309E8BA08}.Debug|ARM.ActiveCfg = Debug|Any CPU
		{7E864A0D-402F-4D90-8A9D-A2D309E8BA08}.Debug|ARM.Build.0 = Debug|Any CPU
		{7E864A0D-402F-4D90-8A9D-A2D309E8BA08}.Debug|x64.ActiveCfg = Debug|Any CPU
		{7E864A0D-402F-4D90-8A9D-A2D309E8BA08}.Debug|x64.Build.0 = Debug|Any CPU
		{7E864A0D-402F-4D90-8A9D-A2D309E8BA08}.Debug|x86.ActiveCfg = Debug|Any CPU
		{7E864A0D-402F-4D90-8A9D-A2D309E8BA08}.Debug|x86.Build.0 = Debug|Any CPU
		{7E864A0D-402F-4D90-8A9D-A2D309E8BA08}.Documentation|Any CPU.ActiveCfg = Debug|Any CPU
		{7E864A0D-402F-4D90-8A9D-A2D309E8BA08}.Documentation|ARM.ActiveCfg = Debug|Any CPU
		{7E864A0D-402F-4D90-8A9D-A2D309E8BA08}.Documentation|ARM.Build.0 = Debug|Any CPU
		{7E864A0D-402F-4D90-8A9D-A2D309E8BA08}.Documentation|x64.ActiveCfg = Debug|Any CPU
		{7E864A0D-402F-4D90-8A9D-A2D309E8BA08}.Documentation|x64.Build.0 = Debug|Any CPU
		{7E864A0D-402F-4D90-8A9D-A2D309E8BA08}.Documentation|x86.ActiveCfg = Debug|Any CPU
		{7E864A0D-402F-4D90-8A9D-A2D309E8BA08}.Documentation|x86.Build.0 = Debug|Any CPU
		{7E864A0D-402F-4D90-8A9D-A2D309E8BA08}.Release|Any CPU.ActiveCfg = Release|Any CPU
		{7E864A0D-402F-4D90-8A9D-A2D309E8BA08}.Release|Any CPU.Build.0 = Release|Any CPU
		{7E864A0D-402F-4D90-8A9D-A2D309E8BA08}.Release|ARM.ActiveCfg = Release|Any CPU
		{7E864A0D-402F-4D90-8A9D-A2D309E8BA08}.Release|ARM.Build.0 = Release|Any CPU
		{7E864A0D-402F-4D90-8A9D-A2D309E8BA08}.Release|x64.ActiveCfg = Release|Any CPU
		{7E864A0D-402F-4D90-8A9D-A2D309E8BA08}.Release|x64.Build.0 = Release|Any CPU
		{7E864A0D-402F-4D90-8A9D-A2D309E8BA08}.Release|x86.ActiveCfg = Release|Any CPU
		{7E864A0D-402F-4D90-8A9D-A2D309E8BA08}.Release|x86.Build.0 = Release|Any CPU
		{7E864A0D-402F-4D90-8A9D-A2D309E8BA08}.StronglyNamedAssembly|Any CPU.ActiveCfg = Release|Any CPU
		{7E864A0D-402F-4D90-8A9D-A2D309E8BA08}.StronglyNamedAssembly|ARM.ActiveCfg = Release|Any CPU
		{7E864A0D-402F-4D90-8A9D-A2D309E8BA08}.StronglyNamedAssembly|ARM.Build.0 = Release|Any CPU
		{7E864A0D-402F-4D90-8A9D-A2D309E8BA08}.StronglyNamedAssembly|x64.ActiveCfg = Release|Any CPU
		{7E864A0D-402F-4D90-8A9D-A2D309E8BA08}.StronglyNamedAssembly|x64.Build.0 = Release|Any CPU
		{7E864A0D-402F-4D90-8A9D-A2D309E8BA08}.StronglyNamedAssembly|x86.ActiveCfg = Release|Any CPU
		{7E864A0D-402F-4D90-8A9D-A2D309E8BA08}.StronglyNamedAssembly|x86.Build.0 = Release|Any CPU
		{80BC2F72-3596-4F15-970C-F1012EE074D2}.Debug|Any CPU.ActiveCfg = Debug|Any CPU
		{80BC2F72-3596-4F15-970C-F1012EE074D2}.Debug|Any CPU.Build.0 = Debug|Any CPU
		{80BC2F72-3596-4F15-970C-F1012EE074D2}.Debug|ARM.ActiveCfg = Debug|Any CPU
		{80BC2F72-3596-4F15-970C-F1012EE074D2}.Debug|ARM.Build.0 = Debug|Any CPU
		{80BC2F72-3596-4F15-970C-F1012EE074D2}.Debug|x64.ActiveCfg = Debug|Any CPU
		{80BC2F72-3596-4F15-970C-F1012EE074D2}.Debug|x64.Build.0 = Debug|Any CPU
		{80BC2F72-3596-4F15-970C-F1012EE074D2}.Debug|x86.ActiveCfg = Debug|Any CPU
		{80BC2F72-3596-4F15-970C-F1012EE074D2}.Debug|x86.Build.0 = Debug|Any CPU
		{80BC2F72-3596-4F15-970C-F1012EE074D2}.Documentation|Any CPU.ActiveCfg = Debug|Any CPU
		{80BC2F72-3596-4F15-970C-F1012EE074D2}.Documentation|ARM.ActiveCfg = Debug|Any CPU
		{80BC2F72-3596-4F15-970C-F1012EE074D2}.Documentation|ARM.Build.0 = Debug|Any CPU
		{80BC2F72-3596-4F15-970C-F1012EE074D2}.Documentation|x64.ActiveCfg = Debug|Any CPU
		{80BC2F72-3596-4F15-970C-F1012EE074D2}.Documentation|x64.Build.0 = Debug|Any CPU
		{80BC2F72-3596-4F15-970C-F1012EE074D2}.Documentation|x86.ActiveCfg = Debug|Any CPU
		{80BC2F72-3596-4F15-970C-F1012EE074D2}.Documentation|x86.Build.0 = Debug|Any CPU
		{80BC2F72-3596-4F15-970C-F1012EE074D2}.Release|Any CPU.ActiveCfg = Release|Any CPU
		{80BC2F72-3596-4F15-970C-F1012EE074D2}.Release|Any CPU.Build.0 = Release|Any CPU
		{80BC2F72-3596-4F15-970C-F1012EE074D2}.Release|ARM.ActiveCfg = Release|Any CPU
		{80BC2F72-3596-4F15-970C-F1012EE074D2}.Release|ARM.Build.0 = Release|Any CPU
		{80BC2F72-3596-4F15-970C-F1012EE074D2}.Release|x64.ActiveCfg = Release|Any CPU
		{80BC2F72-3596-4F15-970C-F1012EE074D2}.Release|x64.Build.0 = Release|Any CPU
		{80BC2F72-3596-4F15-970C-F1012EE074D2}.Release|x86.ActiveCfg = Release|Any CPU
		{80BC2F72-3596-4F15-970C-F1012EE074D2}.Release|x86.Build.0 = Release|Any CPU
		{80BC2F72-3596-4F15-970C-F1012EE074D2}.StronglyNamedAssembly|Any CPU.ActiveCfg = Release|Any CPU
		{80BC2F72-3596-4F15-970C-F1012EE074D2}.StronglyNamedAssembly|ARM.ActiveCfg = Release|Any CPU
		{80BC2F72-3596-4F15-970C-F1012EE074D2}.StronglyNamedAssembly|ARM.Build.0 = Release|Any CPU
		{80BC2F72-3596-4F15-970C-F1012EE074D2}.StronglyNamedAssembly|x64.ActiveCfg = Release|Any CPU
		{80BC2F72-3596-4F15-970C-F1012EE074D2}.StronglyNamedAssembly|x64.Build.0 = Release|Any CPU
		{80BC2F72-3596-4F15-970C-F1012EE074D2}.StronglyNamedAssembly|x86.ActiveCfg = Release|Any CPU
		{80BC2F72-3596-4F15-970C-F1012EE074D2}.StronglyNamedAssembly|x86.Build.0 = Release|Any CPU
		{47EFEE67-305A-4672-BAAA-165BA8EBFC39}.Debug|Any CPU.ActiveCfg = Debug|Any CPU
		{47EFEE67-305A-4672-BAAA-165BA8EBFC39}.Debug|Any CPU.Build.0 = Debug|Any CPU
		{47EFEE67-305A-4672-BAAA-165BA8EBFC39}.Debug|ARM.ActiveCfg = Debug|Any CPU
		{47EFEE67-305A-4672-BAAA-165BA8EBFC39}.Debug|ARM.Build.0 = Debug|Any CPU
		{47EFEE67-305A-4672-BAAA-165BA8EBFC39}.Debug|x64.ActiveCfg = Debug|Any CPU
		{47EFEE67-305A-4672-BAAA-165BA8EBFC39}.Debug|x64.Build.0 = Debug|Any CPU
		{47EFEE67-305A-4672-BAAA-165BA8EBFC39}.Debug|x86.ActiveCfg = Debug|Any CPU
		{47EFEE67-305A-4672-BAAA-165BA8EBFC39}.Debug|x86.Build.0 = Debug|Any CPU
		{47EFEE67-305A-4672-BAAA-165BA8EBFC39}.Documentation|Any CPU.ActiveCfg = Debug|Any CPU
		{47EFEE67-305A-4672-BAAA-165BA8EBFC39}.Documentation|ARM.ActiveCfg = Debug|Any CPU
		{47EFEE67-305A-4672-BAAA-165BA8EBFC39}.Documentation|ARM.Build.0 = Debug|Any CPU
		{47EFEE67-305A-4672-BAAA-165BA8EBFC39}.Documentation|x64.ActiveCfg = Debug|Any CPU
		{47EFEE67-305A-4672-BAAA-165BA8EBFC39}.Documentation|x64.Build.0 = Debug|Any CPU
		{47EFEE67-305A-4672-BAAA-165BA8EBFC39}.Documentation|x86.ActiveCfg = Debug|Any CPU
		{47EFEE67-305A-4672-BAAA-165BA8EBFC39}.Documentation|x86.Build.0 = Debug|Any CPU
		{47EFEE67-305A-4672-BAAA-165BA8EBFC39}.Release|Any CPU.ActiveCfg = Release|Any CPU
		{47EFEE67-305A-4672-BAAA-165BA8EBFC39}.Release|Any CPU.Build.0 = Release|Any CPU
		{47EFEE67-305A-4672-BAAA-165BA8EBFC39}.Release|ARM.ActiveCfg = Release|Any CPU
		{47EFEE67-305A-4672-BAAA-165BA8EBFC39}.Release|ARM.Build.0 = Release|Any CPU
		{47EFEE67-305A-4672-BAAA-165BA8EBFC39}.Release|x64.ActiveCfg = Release|Any CPU
		{47EFEE67-305A-4672-BAAA-165BA8EBFC39}.Release|x64.Build.0 = Release|Any CPU
		{47EFEE67-305A-4672-BAAA-165BA8EBFC39}.Release|x86.ActiveCfg = Release|Any CPU
		{47EFEE67-305A-4672-BAAA-165BA8EBFC39}.Release|x86.Build.0 = Release|Any CPU
		{47EFEE67-305A-4672-BAAA-165BA8EBFC39}.StronglyNamedAssembly|Any CPU.ActiveCfg = Release|Any CPU
		{47EFEE67-305A-4672-BAAA-165BA8EBFC39}.StronglyNamedAssembly|ARM.ActiveCfg = Release|Any CPU
		{47EFEE67-305A-4672-BAAA-165BA8EBFC39}.StronglyNamedAssembly|ARM.Build.0 = Release|Any CPU
		{47EFEE67-305A-4672-BAAA-165BA8EBFC39}.StronglyNamedAssembly|x64.ActiveCfg = Release|Any CPU
		{47EFEE67-305A-4672-BAAA-165BA8EBFC39}.StronglyNamedAssembly|x64.Build.0 = Release|Any CPU
		{47EFEE67-305A-4672-BAAA-165BA8EBFC39}.StronglyNamedAssembly|x86.ActiveCfg = Release|Any CPU
		{47EFEE67-305A-4672-BAAA-165BA8EBFC39}.StronglyNamedAssembly|x86.Build.0 = Release|Any CPU
		{B90BA7DE-E7E2-4DF9-AC93-20C0546F28B8}.Debug|Any CPU.ActiveCfg = Debug|Any CPU
		{B90BA7DE-E7E2-4DF9-AC93-20C0546F28B8}.Debug|Any CPU.Build.0 = Debug|Any CPU
		{B90BA7DE-E7E2-4DF9-AC93-20C0546F28B8}.Debug|ARM.ActiveCfg = Debug|Any CPU
		{B90BA7DE-E7E2-4DF9-AC93-20C0546F28B8}.Debug|ARM.Build.0 = Debug|Any CPU
		{B90BA7DE-E7E2-4DF9-AC93-20C0546F28B8}.Debug|x64.ActiveCfg = Debug|Any CPU
		{B90BA7DE-E7E2-4DF9-AC93-20C0546F28B8}.Debug|x64.Build.0 = Debug|Any CPU
		{B90BA7DE-E7E2-4DF9-AC93-20C0546F28B8}.Debug|x86.ActiveCfg = Debug|Any CPU
		{B90BA7DE-E7E2-4DF9-AC93-20C0546F28B8}.Debug|x86.Build.0 = Debug|Any CPU
		{B90BA7DE-E7E2-4DF9-AC93-20C0546F28B8}.Documentation|Any CPU.ActiveCfg = Debug|Any CPU
		{B90BA7DE-E7E2-4DF9-AC93-20C0546F28B8}.Documentation|ARM.ActiveCfg = Debug|Any CPU
		{B90BA7DE-E7E2-4DF9-AC93-20C0546F28B8}.Documentation|ARM.Build.0 = Debug|Any CPU
		{B90BA7DE-E7E2-4DF9-AC93-20C0546F28B8}.Documentation|x64.ActiveCfg = Debug|Any CPU
		{B90BA7DE-E7E2-4DF9-AC93-20C0546F28B8}.Documentation|x64.Build.0 = Debug|Any CPU
		{B90BA7DE-E7E2-4DF9-AC93-20C0546F28B8}.Documentation|x86.ActiveCfg = Debug|Any CPU
		{B90BA7DE-E7E2-4DF9-AC93-20C0546F28B8}.Documentation|x86.Build.0 = Debug|Any CPU
		{B90BA7DE-E7E2-4DF9-AC93-20C0546F28B8}.Release|Any CPU.ActiveCfg = Release|Any CPU
		{B90BA7DE-E7E2-4DF9-AC93-20C0546F28B8}.Release|Any CPU.Build.0 = Release|Any CPU
		{B90BA7DE-E7E2-4DF9-AC93-20C0546F28B8}.Release|ARM.ActiveCfg = Release|Any CPU
		{B90BA7DE-E7E2-4DF9-AC93-20C0546F28B8}.Release|ARM.Build.0 = Release|Any CPU
		{B90BA7DE-E7E2-4DF9-AC93-20C0546F28B8}.Release|x64.ActiveCfg = Release|Any CPU
		{B90BA7DE-E7E2-4DF9-AC93-20C0546F28B8}.Release|x64.Build.0 = Release|Any CPU
		{B90BA7DE-E7E2-4DF9-AC93-20C0546F28B8}.Release|x86.ActiveCfg = Release|Any CPU
		{B90BA7DE-E7E2-4DF9-AC93-20C0546F28B8}.Release|x86.Build.0 = Release|Any CPU
		{B90BA7DE-E7E2-4DF9-AC93-20C0546F28B8}.StronglyNamedAssembly|Any CPU.ActiveCfg = Release|Any CPU
		{B90BA7DE-E7E2-4DF9-AC93-20C0546F28B8}.StronglyNamedAssembly|ARM.ActiveCfg = Release|Any CPU
		{B90BA7DE-E7E2-4DF9-AC93-20C0546F28B8}.StronglyNamedAssembly|ARM.Build.0 = Release|Any CPU
		{B90BA7DE-E7E2-4DF9-AC93-20C0546F28B8}.StronglyNamedAssembly|x64.ActiveCfg = Release|Any CPU
		{B90BA7DE-E7E2-4DF9-AC93-20C0546F28B8}.StronglyNamedAssembly|x64.Build.0 = Release|Any CPU
		{B90BA7DE-E7E2-4DF9-AC93-20C0546F28B8}.StronglyNamedAssembly|x86.ActiveCfg = Release|Any CPU
		{B90BA7DE-E7E2-4DF9-AC93-20C0546F28B8}.StronglyNamedAssembly|x86.Build.0 = Release|Any CPU
		{5443780E-3F66-421F-ACEE-E7F6821C216E}.Debug|Any CPU.ActiveCfg = Debug|Any CPU
		{5443780E-3F66-421F-ACEE-E7F6821C216E}.Debug|Any CPU.Build.0 = Debug|Any CPU
		{5443780E-3F66-421F-ACEE-E7F6821C216E}.Debug|ARM.ActiveCfg = Debug|Any CPU
		{5443780E-3F66-421F-ACEE-E7F6821C216E}.Debug|ARM.Build.0 = Debug|Any CPU
		{5443780E-3F66-421F-ACEE-E7F6821C216E}.Debug|x64.ActiveCfg = Debug|Any CPU
		{5443780E-3F66-421F-ACEE-E7F6821C216E}.Debug|x64.Build.0 = Debug|Any CPU
		{5443780E-3F66-421F-ACEE-E7F6821C216E}.Debug|x86.ActiveCfg = Debug|Any CPU
		{5443780E-3F66-421F-ACEE-E7F6821C216E}.Debug|x86.Build.0 = Debug|Any CPU
		{5443780E-3F66-421F-ACEE-E7F6821C216E}.Documentation|Any CPU.ActiveCfg = Debug|Any CPU
		{5443780E-3F66-421F-ACEE-E7F6821C216E}.Documentation|Any CPU.Build.0 = Debug|Any CPU
		{5443780E-3F66-421F-ACEE-E7F6821C216E}.Documentation|ARM.ActiveCfg = Debug|Any CPU
		{5443780E-3F66-421F-ACEE-E7F6821C216E}.Documentation|ARM.Build.0 = Debug|Any CPU
		{5443780E-3F66-421F-ACEE-E7F6821C216E}.Documentation|x64.ActiveCfg = Debug|Any CPU
		{5443780E-3F66-421F-ACEE-E7F6821C216E}.Documentation|x64.Build.0 = Debug|Any CPU
		{5443780E-3F66-421F-ACEE-E7F6821C216E}.Documentation|x86.ActiveCfg = Debug|Any CPU
		{5443780E-3F66-421F-ACEE-E7F6821C216E}.Documentation|x86.Build.0 = Debug|Any CPU
		{5443780E-3F66-421F-ACEE-E7F6821C216E}.Release|Any CPU.ActiveCfg = Release|Any CPU
		{5443780E-3F66-421F-ACEE-E7F6821C216E}.Release|Any CPU.Build.0 = Release|Any CPU
		{5443780E-3F66-421F-ACEE-E7F6821C216E}.Release|ARM.ActiveCfg = Release|Any CPU
		{5443780E-3F66-421F-ACEE-E7F6821C216E}.Release|ARM.Build.0 = Release|Any CPU
		{5443780E-3F66-421F-ACEE-E7F6821C216E}.Release|x64.ActiveCfg = Release|Any CPU
		{5443780E-3F66-421F-ACEE-E7F6821C216E}.Release|x64.Build.0 = Release|Any CPU
		{5443780E-3F66-421F-ACEE-E7F6821C216E}.Release|x86.ActiveCfg = Release|Any CPU
		{5443780E-3F66-421F-ACEE-E7F6821C216E}.Release|x86.Build.0 = Release|Any CPU
		{5443780E-3F66-421F-ACEE-E7F6821C216E}.StronglyNamedAssembly|Any CPU.ActiveCfg = Release|Any CPU
		{5443780E-3F66-421F-ACEE-E7F6821C216E}.StronglyNamedAssembly|Any CPU.Build.0 = Release|Any CPU
		{5443780E-3F66-421F-ACEE-E7F6821C216E}.StronglyNamedAssembly|ARM.ActiveCfg = Release|Any CPU
		{5443780E-3F66-421F-ACEE-E7F6821C216E}.StronglyNamedAssembly|ARM.Build.0 = Release|Any CPU
		{5443780E-3F66-421F-ACEE-E7F6821C216E}.StronglyNamedAssembly|x64.ActiveCfg = Release|Any CPU
		{5443780E-3F66-421F-ACEE-E7F6821C216E}.StronglyNamedAssembly|x64.Build.0 = Release|Any CPU
		{5443780E-3F66-421F-ACEE-E7F6821C216E}.StronglyNamedAssembly|x86.ActiveCfg = Release|Any CPU
		{5443780E-3F66-421F-ACEE-E7F6821C216E}.StronglyNamedAssembly|x86.Build.0 = Release|Any CPU
		{89DF4AB5-70B3-467F-916E-0BE93E073351}.Debug|Any CPU.ActiveCfg = Debug|Any CPU
		{89DF4AB5-70B3-467F-916E-0BE93E073351}.Debug|Any CPU.Build.0 = Debug|Any CPU
		{89DF4AB5-70B3-467F-916E-0BE93E073351}.Debug|ARM.ActiveCfg = Debug|Any CPU
		{89DF4AB5-70B3-467F-916E-0BE93E073351}.Debug|ARM.Build.0 = Debug|Any CPU
		{89DF4AB5-70B3-467F-916E-0BE93E073351}.Debug|x64.ActiveCfg = Debug|Any CPU
		{89DF4AB5-70B3-467F-916E-0BE93E073351}.Debug|x64.Build.0 = Debug|Any CPU
		{89DF4AB5-70B3-467F-916E-0BE93E073351}.Debug|x86.ActiveCfg = Debug|Any CPU
		{89DF4AB5-70B3-467F-916E-0BE93E073351}.Debug|x86.Build.0 = Debug|Any CPU
		{89DF4AB5-70B3-467F-916E-0BE93E073351}.Documentation|Any CPU.ActiveCfg = Debug|Any CPU
		{89DF4AB5-70B3-467F-916E-0BE93E073351}.Documentation|Any CPU.Build.0 = Debug|Any CPU
		{89DF4AB5-70B3-467F-916E-0BE93E073351}.Documentation|ARM.ActiveCfg = Debug|Any CPU
		{89DF4AB5-70B3-467F-916E-0BE93E073351}.Documentation|ARM.Build.0 = Debug|Any CPU
		{89DF4AB5-70B3-467F-916E-0BE93E073351}.Documentation|x64.ActiveCfg = Debug|Any CPU
		{89DF4AB5-70B3-467F-916E-0BE93E073351}.Documentation|x64.Build.0 = Debug|Any CPU
		{89DF4AB5-70B3-467F-916E-0BE93E073351}.Documentation|x86.ActiveCfg = Debug|Any CPU
		{89DF4AB5-70B3-467F-916E-0BE93E073351}.Documentation|x86.Build.0 = Debug|Any CPU
		{89DF4AB5-70B3-467F-916E-0BE93E073351}.Release|Any CPU.ActiveCfg = Release|Any CPU
		{89DF4AB5-70B3-467F-916E-0BE93E073351}.Release|Any CPU.Build.0 = Release|Any CPU
		{89DF4AB5-70B3-467F-916E-0BE93E073351}.Release|ARM.ActiveCfg = Release|Any CPU
		{89DF4AB5-70B3-467F-916E-0BE93E073351}.Release|ARM.Build.0 = Release|Any CPU
		{89DF4AB5-70B3-467F-916E-0BE93E073351}.Release|x64.ActiveCfg = Release|Any CPU
		{89DF4AB5-70B3-467F-916E-0BE93E073351}.Release|x64.Build.0 = Release|Any CPU
		{89DF4AB5-70B3-467F-916E-0BE93E073351}.Release|x86.ActiveCfg = Release|Any CPU
		{89DF4AB5-70B3-467F-916E-0BE93E073351}.Release|x86.Build.0 = Release|Any CPU
		{89DF4AB5-70B3-467F-916E-0BE93E073351}.StronglyNamedAssembly|Any CPU.ActiveCfg = Release|Any CPU
		{89DF4AB5-70B3-467F-916E-0BE93E073351}.StronglyNamedAssembly|Any CPU.Build.0 = Release|Any CPU
		{89DF4AB5-70B3-467F-916E-0BE93E073351}.StronglyNamedAssembly|ARM.ActiveCfg = Release|Any CPU
		{89DF4AB5-70B3-467F-916E-0BE93E073351}.StronglyNamedAssembly|ARM.Build.0 = Release|Any CPU
		{89DF4AB5-70B3-467F-916E-0BE93E073351}.StronglyNamedAssembly|x64.ActiveCfg = Release|Any CPU
		{89DF4AB5-70B3-467F-916E-0BE93E073351}.StronglyNamedAssembly|x64.Build.0 = Release|Any CPU
		{89DF4AB5-70B3-467F-916E-0BE93E073351}.StronglyNamedAssembly|x86.ActiveCfg = Release|Any CPU
		{89DF4AB5-70B3-467F-916E-0BE93E073351}.StronglyNamedAssembly|x86.Build.0 = Release|Any CPU
		{E40145B0-B5C3-4CD6-B1C2-185893EDF425}.Debug|Any CPU.ActiveCfg = Debug|Any CPU
		{E40145B0-B5C3-4CD6-B1C2-185893EDF425}.Debug|Any CPU.Build.0 = Debug|Any CPU
		{E40145B0-B5C3-4CD6-B1C2-185893EDF425}.Debug|ARM.ActiveCfg = Debug|Any CPU
		{E40145B0-B5C3-4CD6-B1C2-185893EDF425}.Debug|ARM.Build.0 = Debug|Any CPU
		{E40145B0-B5C3-4CD6-B1C2-185893EDF425}.Debug|x64.ActiveCfg = Debug|Any CPU
		{E40145B0-B5C3-4CD6-B1C2-185893EDF425}.Debug|x64.Build.0 = Debug|Any CPU
		{E40145B0-B5C3-4CD6-B1C2-185893EDF425}.Debug|x86.ActiveCfg = Debug|Any CPU
		{E40145B0-B5C3-4CD6-B1C2-185893EDF425}.Debug|x86.Build.0 = Debug|Any CPU
		{E40145B0-B5C3-4CD6-B1C2-185893EDF425}.Documentation|Any CPU.ActiveCfg = Debug|Any CPU
		{E40145B0-B5C3-4CD6-B1C2-185893EDF425}.Documentation|Any CPU.Build.0 = Debug|Any CPU
		{E40145B0-B5C3-4CD6-B1C2-185893EDF425}.Documentation|ARM.ActiveCfg = Debug|Any CPU
		{E40145B0-B5C3-4CD6-B1C2-185893EDF425}.Documentation|ARM.Build.0 = Debug|Any CPU
		{E40145B0-B5C3-4CD6-B1C2-185893EDF425}.Documentation|x64.ActiveCfg = Debug|Any CPU
		{E40145B0-B5C3-4CD6-B1C2-185893EDF425}.Documentation|x64.Build.0 = Debug|Any CPU
		{E40145B0-B5C3-4CD6-B1C2-185893EDF425}.Documentation|x86.ActiveCfg = Debug|Any CPU
		{E40145B0-B5C3-4CD6-B1C2-185893EDF425}.Documentation|x86.Build.0 = Debug|Any CPU
		{E40145B0-B5C3-4CD6-B1C2-185893EDF425}.Release|Any CPU.ActiveCfg = Release|Any CPU
		{E40145B0-B5C3-4CD6-B1C2-185893EDF425}.Release|Any CPU.Build.0 = Release|Any CPU
		{E40145B0-B5C3-4CD6-B1C2-185893EDF425}.Release|ARM.ActiveCfg = Release|Any CPU
		{E40145B0-B5C3-4CD6-B1C2-185893EDF425}.Release|ARM.Build.0 = Release|Any CPU
		{E40145B0-B5C3-4CD6-B1C2-185893EDF425}.Release|x64.ActiveCfg = Release|Any CPU
		{E40145B0-B5C3-4CD6-B1C2-185893EDF425}.Release|x64.Build.0 = Release|Any CPU
		{E40145B0-B5C3-4CD6-B1C2-185893EDF425}.Release|x86.ActiveCfg = Release|Any CPU
		{E40145B0-B5C3-4CD6-B1C2-185893EDF425}.Release|x86.Build.0 = Release|Any CPU
		{E40145B0-B5C3-4CD6-B1C2-185893EDF425}.StronglyNamedAssembly|Any CPU.ActiveCfg = Release|Any CPU
		{E40145B0-B5C3-4CD6-B1C2-185893EDF425}.StronglyNamedAssembly|Any CPU.Build.0 = Release|Any CPU
		{E40145B0-B5C3-4CD6-B1C2-185893EDF425}.StronglyNamedAssembly|ARM.ActiveCfg = Release|Any CPU
		{E40145B0-B5C3-4CD6-B1C2-185893EDF425}.StronglyNamedAssembly|ARM.Build.0 = Release|Any CPU
		{E40145B0-B5C3-4CD6-B1C2-185893EDF425}.StronglyNamedAssembly|x64.ActiveCfg = Release|Any CPU
		{E40145B0-B5C3-4CD6-B1C2-185893EDF425}.StronglyNamedAssembly|x64.Build.0 = Release|Any CPU
		{E40145B0-B5C3-4CD6-B1C2-185893EDF425}.StronglyNamedAssembly|x86.ActiveCfg = Release|Any CPU
		{E40145B0-B5C3-4CD6-B1C2-185893EDF425}.StronglyNamedAssembly|x86.Build.0 = Release|Any CPU
		{9F934C41-3D0F-4D0C-BF1A-EC4C3D4C40B4}.Debug|Any CPU.ActiveCfg = Debug|Any CPU
		{9F934C41-3D0F-4D0C-BF1A-EC4C3D4C40B4}.Debug|Any CPU.Build.0 = Debug|Any CPU
		{9F934C41-3D0F-4D0C-BF1A-EC4C3D4C40B4}.Debug|ARM.ActiveCfg = Debug|Any CPU
		{9F934C41-3D0F-4D0C-BF1A-EC4C3D4C40B4}.Debug|ARM.Build.0 = Debug|Any CPU
		{9F934C41-3D0F-4D0C-BF1A-EC4C3D4C40B4}.Debug|x64.ActiveCfg = Debug|Any CPU
		{9F934C41-3D0F-4D0C-BF1A-EC4C3D4C40B4}.Debug|x64.Build.0 = Debug|Any CPU
		{9F934C41-3D0F-4D0C-BF1A-EC4C3D4C40B4}.Debug|x86.ActiveCfg = Debug|Any CPU
		{9F934C41-3D0F-4D0C-BF1A-EC4C3D4C40B4}.Debug|x86.Build.0 = Debug|Any CPU
		{9F934C41-3D0F-4D0C-BF1A-EC4C3D4C40B4}.Documentation|Any CPU.ActiveCfg = Debug|Any CPU
		{9F934C41-3D0F-4D0C-BF1A-EC4C3D4C40B4}.Documentation|Any CPU.Build.0 = Debug|Any CPU
		{9F934C41-3D0F-4D0C-BF1A-EC4C3D4C40B4}.Documentation|ARM.ActiveCfg = Debug|Any CPU
		{9F934C41-3D0F-4D0C-BF1A-EC4C3D4C40B4}.Documentation|ARM.Build.0 = Debug|Any CPU
		{9F934C41-3D0F-4D0C-BF1A-EC4C3D4C40B4}.Documentation|x64.ActiveCfg = Debug|Any CPU
		{9F934C41-3D0F-4D0C-BF1A-EC4C3D4C40B4}.Documentation|x64.Build.0 = Debug|Any CPU
		{9F934C41-3D0F-4D0C-BF1A-EC4C3D4C40B4}.Documentation|x86.ActiveCfg = Debug|Any CPU
		{9F934C41-3D0F-4D0C-BF1A-EC4C3D4C40B4}.Documentation|x86.Build.0 = Debug|Any CPU
		{9F934C41-3D0F-4D0C-BF1A-EC4C3D4C40B4}.Release|Any CPU.ActiveCfg = Release|Any CPU
		{9F934C41-3D0F-4D0C-BF1A-EC4C3D4C40B4}.Release|Any CPU.Build.0 = Release|Any CPU
		{9F934C41-3D0F-4D0C-BF1A-EC4C3D4C40B4}.Release|ARM.ActiveCfg = Release|Any CPU
		{9F934C41-3D0F-4D0C-BF1A-EC4C3D4C40B4}.Release|ARM.Build.0 = Release|Any CPU
		{9F934C41-3D0F-4D0C-BF1A-EC4C3D4C40B4}.Release|x64.ActiveCfg = Release|Any CPU
		{9F934C41-3D0F-4D0C-BF1A-EC4C3D4C40B4}.Release|x64.Build.0 = Release|Any CPU
		{9F934C41-3D0F-4D0C-BF1A-EC4C3D4C40B4}.Release|x86.ActiveCfg = Release|Any CPU
		{9F934C41-3D0F-4D0C-BF1A-EC4C3D4C40B4}.Release|x86.Build.0 = Release|Any CPU
		{9F934C41-3D0F-4D0C-BF1A-EC4C3D4C40B4}.StronglyNamedAssembly|Any CPU.ActiveCfg = Release|Any CPU
		{9F934C41-3D0F-4D0C-BF1A-EC4C3D4C40B4}.StronglyNamedAssembly|Any CPU.Build.0 = Release|Any CPU
		{9F934C41-3D0F-4D0C-BF1A-EC4C3D4C40B4}.StronglyNamedAssembly|ARM.ActiveCfg = Release|Any CPU
		{9F934C41-3D0F-4D0C-BF1A-EC4C3D4C40B4}.StronglyNamedAssembly|ARM.Build.0 = Release|Any CPU
		{9F934C41-3D0F-4D0C-BF1A-EC4C3D4C40B4}.StronglyNamedAssembly|x64.ActiveCfg = Release|Any CPU
		{9F934C41-3D0F-4D0C-BF1A-EC4C3D4C40B4}.StronglyNamedAssembly|x64.Build.0 = Release|Any CPU
		{9F934C41-3D0F-4D0C-BF1A-EC4C3D4C40B4}.StronglyNamedAssembly|x86.ActiveCfg = Release|Any CPU
		{9F934C41-3D0F-4D0C-BF1A-EC4C3D4C40B4}.StronglyNamedAssembly|x86.Build.0 = Release|Any CPU
		{6545FE0B-13FE-42A9-9DE3-387D2E8934D7}.Debug|Any CPU.ActiveCfg = Debug|Any CPU
		{6545FE0B-13FE-42A9-9DE3-387D2E8934D7}.Debug|Any CPU.Build.0 = Debug|Any CPU
		{6545FE0B-13FE-42A9-9DE3-387D2E8934D7}.Debug|ARM.ActiveCfg = Debug|Any CPU
		{6545FE0B-13FE-42A9-9DE3-387D2E8934D7}.Debug|ARM.Build.0 = Debug|Any CPU
		{6545FE0B-13FE-42A9-9DE3-387D2E8934D7}.Debug|x64.ActiveCfg = Debug|Any CPU
		{6545FE0B-13FE-42A9-9DE3-387D2E8934D7}.Debug|x64.Build.0 = Debug|Any CPU
		{6545FE0B-13FE-42A9-9DE3-387D2E8934D7}.Debug|x86.ActiveCfg = Debug|Any CPU
		{6545FE0B-13FE-42A9-9DE3-387D2E8934D7}.Debug|x86.Build.0 = Debug|Any CPU
		{6545FE0B-13FE-42A9-9DE3-387D2E8934D7}.Documentation|Any CPU.ActiveCfg = Debug|Any CPU
		{6545FE0B-13FE-42A9-9DE3-387D2E8934D7}.Documentation|Any CPU.Build.0 = Debug|Any CPU
		{6545FE0B-13FE-42A9-9DE3-387D2E8934D7}.Documentation|ARM.ActiveCfg = Debug|Any CPU
		{6545FE0B-13FE-42A9-9DE3-387D2E8934D7}.Documentation|ARM.Build.0 = Debug|Any CPU
		{6545FE0B-13FE-42A9-9DE3-387D2E8934D7}.Documentation|x64.ActiveCfg = Debug|Any CPU
		{6545FE0B-13FE-42A9-9DE3-387D2E8934D7}.Documentation|x64.Build.0 = Debug|Any CPU
		{6545FE0B-13FE-42A9-9DE3-387D2E8934D7}.Documentation|x86.ActiveCfg = Debug|Any CPU
		{6545FE0B-13FE-42A9-9DE3-387D2E8934D7}.Documentation|x86.Build.0 = Debug|Any CPU
		{6545FE0B-13FE-42A9-9DE3-387D2E8934D7}.Release|Any CPU.ActiveCfg = Release|Any CPU
		{6545FE0B-13FE-42A9-9DE3-387D2E8934D7}.Release|Any CPU.Build.0 = Release|Any CPU
		{6545FE0B-13FE-42A9-9DE3-387D2E8934D7}.Release|ARM.ActiveCfg = Release|Any CPU
		{6545FE0B-13FE-42A9-9DE3-387D2E8934D7}.Release|ARM.Build.0 = Release|Any CPU
		{6545FE0B-13FE-42A9-9DE3-387D2E8934D7}.Release|x64.ActiveCfg = Release|Any CPU
		{6545FE0B-13FE-42A9-9DE3-387D2E8934D7}.Release|x64.Build.0 = Release|Any CPU
		{6545FE0B-13FE-42A9-9DE3-387D2E8934D7}.Release|x86.ActiveCfg = Release|Any CPU
		{6545FE0B-13FE-42A9-9DE3-387D2E8934D7}.Release|x86.Build.0 = Release|Any CPU
		{6545FE0B-13FE-42A9-9DE3-387D2E8934D7}.StronglyNamedAssembly|Any CPU.ActiveCfg = Release|Any CPU
		{6545FE0B-13FE-42A9-9DE3-387D2E8934D7}.StronglyNamedAssembly|Any CPU.Build.0 = Release|Any CPU
		{6545FE0B-13FE-42A9-9DE3-387D2E8934D7}.StronglyNamedAssembly|ARM.ActiveCfg = Release|Any CPU
		{6545FE0B-13FE-42A9-9DE3-387D2E8934D7}.StronglyNamedAssembly|ARM.Build.0 = Release|Any CPU
		{6545FE0B-13FE-42A9-9DE3-387D2E8934D7}.StronglyNamedAssembly|x64.ActiveCfg = Release|Any CPU
		{6545FE0B-13FE-42A9-9DE3-387D2E8934D7}.StronglyNamedAssembly|x64.Build.0 = Release|Any CPU
		{6545FE0B-13FE-42A9-9DE3-387D2E8934D7}.StronglyNamedAssembly|x86.ActiveCfg = Release|Any CPU
		{6545FE0B-13FE-42A9-9DE3-387D2E8934D7}.StronglyNamedAssembly|x86.Build.0 = Release|Any CPU
		{5DB62245-D469-4186-B967-E003E353F0E4}.Debug|Any CPU.ActiveCfg = Debug|Any CPU
		{5DB62245-D469-4186-B967-E003E353F0E4}.Debug|ARM.ActiveCfg = Debug|Any CPU
		{5DB62245-D469-4186-B967-E003E353F0E4}.Debug|x64.ActiveCfg = Debug|Any CPU
		{5DB62245-D469-4186-B967-E003E353F0E4}.Debug|x86.ActiveCfg = Debug|Any CPU
		{5DB62245-D469-4186-B967-E003E353F0E4}.Documentation|Any CPU.ActiveCfg = Debug|Any CPU
		{5DB62245-D469-4186-B967-E003E353F0E4}.Documentation|ARM.ActiveCfg = Debug|Any CPU
		{5DB62245-D469-4186-B967-E003E353F0E4}.Documentation|x64.ActiveCfg = Debug|Any CPU
		{5DB62245-D469-4186-B967-E003E353F0E4}.Documentation|x86.ActiveCfg = Debug|Any CPU
		{5DB62245-D469-4186-B967-E003E353F0E4}.Release|Any CPU.ActiveCfg = Release|Any CPU
		{5DB62245-D469-4186-B967-E003E353F0E4}.Release|ARM.ActiveCfg = Release|Any CPU
		{5DB62245-D469-4186-B967-E003E353F0E4}.Release|x64.ActiveCfg = Release|Any CPU
		{5DB62245-D469-4186-B967-E003E353F0E4}.Release|x86.ActiveCfg = Release|Any CPU
		{5DB62245-D469-4186-B967-E003E353F0E4}.StronglyNamedAssembly|Any CPU.ActiveCfg = Release|Any CPU
		{5DB62245-D469-4186-B967-E003E353F0E4}.StronglyNamedAssembly|ARM.ActiveCfg = Release|Any CPU
		{5DB62245-D469-4186-B967-E003E353F0E4}.StronglyNamedAssembly|x64.ActiveCfg = Release|Any CPU
		{5DB62245-D469-4186-B967-E003E353F0E4}.StronglyNamedAssembly|x86.ActiveCfg = Release|Any CPU
		{D9D5F38B-1542-4330-A26D-C7FA9FDA5AC5}.Debug|Any CPU.ActiveCfg = Debug|Any CPU
		{D9D5F38B-1542-4330-A26D-C7FA9FDA5AC5}.Debug|Any CPU.Build.0 = Debug|Any CPU
		{D9D5F38B-1542-4330-A26D-C7FA9FDA5AC5}.Debug|Any CPU.Deploy.0 = Debug|Any CPU
		{D9D5F38B-1542-4330-A26D-C7FA9FDA5AC5}.Debug|ARM.ActiveCfg = Debug|ARM
		{D9D5F38B-1542-4330-A26D-C7FA9FDA5AC5}.Debug|ARM.Build.0 = Debug|ARM
		{D9D5F38B-1542-4330-A26D-C7FA9FDA5AC5}.Debug|ARM.Deploy.0 = Debug|ARM
		{D9D5F38B-1542-4330-A26D-C7FA9FDA5AC5}.Debug|x64.ActiveCfg = Debug|x64
		{D9D5F38B-1542-4330-A26D-C7FA9FDA5AC5}.Debug|x64.Build.0 = Debug|x64
		{D9D5F38B-1542-4330-A26D-C7FA9FDA5AC5}.Debug|x64.Deploy.0 = Debug|x64
		{D9D5F38B-1542-4330-A26D-C7FA9FDA5AC5}.Debug|x86.ActiveCfg = Debug|x86
		{D9D5F38B-1542-4330-A26D-C7FA9FDA5AC5}.Debug|x86.Build.0 = Debug|x86
		{D9D5F38B-1542-4330-A26D-C7FA9FDA5AC5}.Debug|x86.Deploy.0 = Debug|x86
		{D9D5F38B-1542-4330-A26D-C7FA9FDA5AC5}.Documentation|Any CPU.ActiveCfg = Debug|Any CPU
		{D9D5F38B-1542-4330-A26D-C7FA9FDA5AC5}.Documentation|Any CPU.Build.0 = Debug|Any CPU
		{D9D5F38B-1542-4330-A26D-C7FA9FDA5AC5}.Documentation|Any CPU.Deploy.0 = Debug|Any CPU
		{D9D5F38B-1542-4330-A26D-C7FA9FDA5AC5}.Documentation|ARM.ActiveCfg = Debug|ARM
		{D9D5F38B-1542-4330-A26D-C7FA9FDA5AC5}.Documentation|ARM.Build.0 = Debug|ARM
		{D9D5F38B-1542-4330-A26D-C7FA9FDA5AC5}.Documentation|ARM.Deploy.0 = Debug|ARM
		{D9D5F38B-1542-4330-A26D-C7FA9FDA5AC5}.Documentation|x64.ActiveCfg = Debug|x64
		{D9D5F38B-1542-4330-A26D-C7FA9FDA5AC5}.Documentation|x64.Build.0 = Debug|x64
		{D9D5F38B-1542-4330-A26D-C7FA9FDA5AC5}.Documentation|x64.Deploy.0 = Debug|x64
		{D9D5F38B-1542-4330-A26D-C7FA9FDA5AC5}.Documentation|x86.ActiveCfg = Debug|x86
		{D9D5F38B-1542-4330-A26D-C7FA9FDA5AC5}.Documentation|x86.Build.0 = Debug|x86
		{D9D5F38B-1542-4330-A26D-C7FA9FDA5AC5}.Documentation|x86.Deploy.0 = Debug|x86
		{D9D5F38B-1542-4330-A26D-C7FA9FDA5AC5}.Release|Any CPU.ActiveCfg = Release|Any CPU
		{D9D5F38B-1542-4330-A26D-C7FA9FDA5AC5}.Release|Any CPU.Build.0 = Release|Any CPU
		{D9D5F38B-1542-4330-A26D-C7FA9FDA5AC5}.Release|Any CPU.Deploy.0 = Release|Any CPU
		{D9D5F38B-1542-4330-A26D-C7FA9FDA5AC5}.Release|ARM.ActiveCfg = Release|ARM
		{D9D5F38B-1542-4330-A26D-C7FA9FDA5AC5}.Release|ARM.Build.0 = Release|ARM
		{D9D5F38B-1542-4330-A26D-C7FA9FDA5AC5}.Release|ARM.Deploy.0 = Release|ARM
		{D9D5F38B-1542-4330-A26D-C7FA9FDA5AC5}.Release|x64.ActiveCfg = Release|x64
		{D9D5F38B-1542-4330-A26D-C7FA9FDA5AC5}.Release|x64.Build.0 = Release|x64
		{D9D5F38B-1542-4330-A26D-C7FA9FDA5AC5}.Release|x64.Deploy.0 = Release|x64
		{D9D5F38B-1542-4330-A26D-C7FA9FDA5AC5}.Release|x86.ActiveCfg = Release|x86
		{D9D5F38B-1542-4330-A26D-C7FA9FDA5AC5}.Release|x86.Build.0 = Release|x86
		{D9D5F38B-1542-4330-A26D-C7FA9FDA5AC5}.Release|x86.Deploy.0 = Release|x86
		{D9D5F38B-1542-4330-A26D-C7FA9FDA5AC5}.StronglyNamedAssembly|Any CPU.ActiveCfg = Release|Any CPU
		{D9D5F38B-1542-4330-A26D-C7FA9FDA5AC5}.StronglyNamedAssembly|Any CPU.Build.0 = Release|Any CPU
		{D9D5F38B-1542-4330-A26D-C7FA9FDA5AC5}.StronglyNamedAssembly|Any CPU.Deploy.0 = Release|Any CPU
		{D9D5F38B-1542-4330-A26D-C7FA9FDA5AC5}.StronglyNamedAssembly|ARM.ActiveCfg = Release|ARM
		{D9D5F38B-1542-4330-A26D-C7FA9FDA5AC5}.StronglyNamedAssembly|ARM.Build.0 = Release|ARM
		{D9D5F38B-1542-4330-A26D-C7FA9FDA5AC5}.StronglyNamedAssembly|ARM.Deploy.0 = Release|ARM
		{D9D5F38B-1542-4330-A26D-C7FA9FDA5AC5}.StronglyNamedAssembly|x64.ActiveCfg = Release|x64
		{D9D5F38B-1542-4330-A26D-C7FA9FDA5AC5}.StronglyNamedAssembly|x64.Build.0 = Release|x64
		{D9D5F38B-1542-4330-A26D-C7FA9FDA5AC5}.StronglyNamedAssembly|x64.Deploy.0 = Release|x64
		{D9D5F38B-1542-4330-A26D-C7FA9FDA5AC5}.StronglyNamedAssembly|x86.ActiveCfg = Release|x86
		{D9D5F38B-1542-4330-A26D-C7FA9FDA5AC5}.StronglyNamedAssembly|x86.Build.0 = Release|x86
		{D9D5F38B-1542-4330-A26D-C7FA9FDA5AC5}.StronglyNamedAssembly|x86.Deploy.0 = Release|x86
		{7D20A5A0-19E3-4BAC-A510-E0FD59A165DC}.Debug|Any CPU.ActiveCfg = Debug|Any CPU
		{7D20A5A0-19E3-4BAC-A510-E0FD59A165DC}.Debug|Any CPU.Build.0 = Debug|Any CPU
		{7D20A5A0-19E3-4BAC-A510-E0FD59A165DC}.Debug|ARM.ActiveCfg = Debug|Any CPU
		{7D20A5A0-19E3-4BAC-A510-E0FD59A165DC}.Debug|ARM.Build.0 = Debug|Any CPU
		{7D20A5A0-19E3-4BAC-A510-E0FD59A165DC}.Debug|x64.ActiveCfg = Debug|Any CPU
		{7D20A5A0-19E3-4BAC-A510-E0FD59A165DC}.Debug|x64.Build.0 = Debug|Any CPU
		{7D20A5A0-19E3-4BAC-A510-E0FD59A165DC}.Debug|x86.ActiveCfg = Debug|Any CPU
		{7D20A5A0-19E3-4BAC-A510-E0FD59A165DC}.Debug|x86.Build.0 = Debug|Any CPU
		{7D20A5A0-19E3-4BAC-A510-E0FD59A165DC}.Documentation|Any CPU.ActiveCfg = Debug|Any CPU
		{7D20A5A0-19E3-4BAC-A510-E0FD59A165DC}.Documentation|Any CPU.Build.0 = Debug|Any CPU
		{7D20A5A0-19E3-4BAC-A510-E0FD59A165DC}.Documentation|ARM.ActiveCfg = Debug|Any CPU
		{7D20A5A0-19E3-4BAC-A510-E0FD59A165DC}.Documentation|ARM.Build.0 = Debug|Any CPU
		{7D20A5A0-19E3-4BAC-A510-E0FD59A165DC}.Documentation|x64.ActiveCfg = Debug|Any CPU
		{7D20A5A0-19E3-4BAC-A510-E0FD59A165DC}.Documentation|x64.Build.0 = Debug|Any CPU
		{7D20A5A0-19E3-4BAC-A510-E0FD59A165DC}.Documentation|x86.ActiveCfg = Debug|Any CPU
		{7D20A5A0-19E3-4BAC-A510-E0FD59A165DC}.Documentation|x86.Build.0 = Debug|Any CPU
		{7D20A5A0-19E3-4BAC-A510-E0FD59A165DC}.Release|Any CPU.ActiveCfg = Release|Any CPU
		{7D20A5A0-19E3-4BAC-A510-E0FD59A165DC}.Release|Any CPU.Build.0 = Release|Any CPU
		{7D20A5A0-19E3-4BAC-A510-E0FD59A165DC}.Release|ARM.ActiveCfg = Release|Any CPU
		{7D20A5A0-19E3-4BAC-A510-E0FD59A165DC}.Release|ARM.Build.0 = Release|Any CPU
		{7D20A5A0-19E3-4BAC-A510-E0FD59A165DC}.Release|x64.ActiveCfg = Release|Any CPU
		{7D20A5A0-19E3-4BAC-A510-E0FD59A165DC}.Release|x64.Build.0 = Release|Any CPU
		{7D20A5A0-19E3-4BAC-A510-E0FD59A165DC}.Release|x86.ActiveCfg = Release|Any CPU
		{7D20A5A0-19E3-4BAC-A510-E0FD59A165DC}.Release|x86.Build.0 = Release|Any CPU
		{7D20A5A0-19E3-4BAC-A510-E0FD59A165DC}.StronglyNamedAssembly|Any CPU.ActiveCfg = Release|Any CPU
		{7D20A5A0-19E3-4BAC-A510-E0FD59A165DC}.StronglyNamedAssembly|Any CPU.Build.0 = Release|Any CPU
		{7D20A5A0-19E3-4BAC-A510-E0FD59A165DC}.StronglyNamedAssembly|ARM.ActiveCfg = Release|Any CPU
		{7D20A5A0-19E3-4BAC-A510-E0FD59A165DC}.StronglyNamedAssembly|ARM.Build.0 = Release|Any CPU
		{7D20A5A0-19E3-4BAC-A510-E0FD59A165DC}.StronglyNamedAssembly|x64.ActiveCfg = Release|Any CPU
		{7D20A5A0-19E3-4BAC-A510-E0FD59A165DC}.StronglyNamedAssembly|x64.Build.0 = Release|Any CPU
		{7D20A5A0-19E3-4BAC-A510-E0FD59A165DC}.StronglyNamedAssembly|x86.ActiveCfg = Release|Any CPU
		{7D20A5A0-19E3-4BAC-A510-E0FD59A165DC}.StronglyNamedAssembly|x86.Build.0 = Release|Any CPU
		{52BA175E-59E6-4F86-A5F5-A2BD2B9C7839}.Debug|Any CPU.ActiveCfg = Debug|Any CPU
		{52BA175E-59E6-4F86-A5F5-A2BD2B9C7839}.Debug|Any CPU.Build.0 = Debug|Any CPU
		{52BA175E-59E6-4F86-A5F5-A2BD2B9C7839}.Debug|Any CPU.Deploy.0 = Debug|Any CPU
		{52BA175E-59E6-4F86-A5F5-A2BD2B9C7839}.Debug|ARM.ActiveCfg = Debug|ARM
		{52BA175E-59E6-4F86-A5F5-A2BD2B9C7839}.Debug|ARM.Build.0 = Debug|ARM
		{52BA175E-59E6-4F86-A5F5-A2BD2B9C7839}.Debug|ARM.Deploy.0 = Debug|ARM
		{52BA175E-59E6-4F86-A5F5-A2BD2B9C7839}.Debug|x64.ActiveCfg = Debug|Any CPU
		{52BA175E-59E6-4F86-A5F5-A2BD2B9C7839}.Debug|x64.Build.0 = Debug|Any CPU
		{52BA175E-59E6-4F86-A5F5-A2BD2B9C7839}.Debug|x64.Deploy.0 = Debug|Any CPU
		{52BA175E-59E6-4F86-A5F5-A2BD2B9C7839}.Debug|x86.ActiveCfg = Debug|x86
		{52BA175E-59E6-4F86-A5F5-A2BD2B9C7839}.Debug|x86.Build.0 = Debug|x86
		{52BA175E-59E6-4F86-A5F5-A2BD2B9C7839}.Debug|x86.Deploy.0 = Debug|x86
		{52BA175E-59E6-4F86-A5F5-A2BD2B9C7839}.Documentation|Any CPU.ActiveCfg = Debug|Any CPU
		{52BA175E-59E6-4F86-A5F5-A2BD2B9C7839}.Documentation|Any CPU.Build.0 = Debug|Any CPU
		{52BA175E-59E6-4F86-A5F5-A2BD2B9C7839}.Documentation|Any CPU.Deploy.0 = Debug|Any CPU
		{52BA175E-59E6-4F86-A5F5-A2BD2B9C7839}.Documentation|ARM.ActiveCfg = Debug|ARM
		{52BA175E-59E6-4F86-A5F5-A2BD2B9C7839}.Documentation|ARM.Build.0 = Debug|ARM
		{52BA175E-59E6-4F86-A5F5-A2BD2B9C7839}.Documentation|ARM.Deploy.0 = Debug|ARM
		{52BA175E-59E6-4F86-A5F5-A2BD2B9C7839}.Documentation|x64.ActiveCfg = Debug|Any CPU
		{52BA175E-59E6-4F86-A5F5-A2BD2B9C7839}.Documentation|x64.Build.0 = Debug|Any CPU
		{52BA175E-59E6-4F86-A5F5-A2BD2B9C7839}.Documentation|x64.Deploy.0 = Debug|Any CPU
		{52BA175E-59E6-4F86-A5F5-A2BD2B9C7839}.Documentation|x86.ActiveCfg = Debug|x86
		{52BA175E-59E6-4F86-A5F5-A2BD2B9C7839}.Documentation|x86.Build.0 = Debug|x86
		{52BA175E-59E6-4F86-A5F5-A2BD2B9C7839}.Documentation|x86.Deploy.0 = Debug|x86
		{52BA175E-59E6-4F86-A5F5-A2BD2B9C7839}.Release|Any CPU.ActiveCfg = Release|Any CPU
		{52BA175E-59E6-4F86-A5F5-A2BD2B9C7839}.Release|Any CPU.Build.0 = Release|Any CPU
		{52BA175E-59E6-4F86-A5F5-A2BD2B9C7839}.Release|Any CPU.Deploy.0 = Release|Any CPU
		{52BA175E-59E6-4F86-A5F5-A2BD2B9C7839}.Release|ARM.ActiveCfg = Release|ARM
		{52BA175E-59E6-4F86-A5F5-A2BD2B9C7839}.Release|ARM.Build.0 = Release|ARM
		{52BA175E-59E6-4F86-A5F5-A2BD2B9C7839}.Release|ARM.Deploy.0 = Release|ARM
		{52BA175E-59E6-4F86-A5F5-A2BD2B9C7839}.Release|x64.ActiveCfg = Release|Any CPU
		{52BA175E-59E6-4F86-A5F5-A2BD2B9C7839}.Release|x64.Build.0 = Release|Any CPU
		{52BA175E-59E6-4F86-A5F5-A2BD2B9C7839}.Release|x64.Deploy.0 = Release|Any CPU
		{52BA175E-59E6-4F86-A5F5-A2BD2B9C7839}.Release|x86.ActiveCfg = Release|x86
		{52BA175E-59E6-4F86-A5F5-A2BD2B9C7839}.Release|x86.Build.0 = Release|x86
		{52BA175E-59E6-4F86-A5F5-A2BD2B9C7839}.Release|x86.Deploy.0 = Release|x86
		{52BA175E-59E6-4F86-A5F5-A2BD2B9C7839}.StronglyNamedAssembly|Any CPU.ActiveCfg = Release|Any CPU
		{52BA175E-59E6-4F86-A5F5-A2BD2B9C7839}.StronglyNamedAssembly|Any CPU.Build.0 = Release|Any CPU
		{52BA175E-59E6-4F86-A5F5-A2BD2B9C7839}.StronglyNamedAssembly|Any CPU.Deploy.0 = Release|Any CPU
		{52BA175E-59E6-4F86-A5F5-A2BD2B9C7839}.StronglyNamedAssembly|ARM.ActiveCfg = Release|ARM
		{52BA175E-59E6-4F86-A5F5-A2BD2B9C7839}.StronglyNamedAssembly|ARM.Build.0 = Release|ARM
		{52BA175E-59E6-4F86-A5F5-A2BD2B9C7839}.StronglyNamedAssembly|ARM.Deploy.0 = Release|ARM
		{52BA175E-59E6-4F86-A5F5-A2BD2B9C7839}.StronglyNamedAssembly|x64.ActiveCfg = Release|Any CPU
		{52BA175E-59E6-4F86-A5F5-A2BD2B9C7839}.StronglyNamedAssembly|x64.Build.0 = Release|Any CPU
		{52BA175E-59E6-4F86-A5F5-A2BD2B9C7839}.StronglyNamedAssembly|x64.Deploy.0 = Release|Any CPU
		{52BA175E-59E6-4F86-A5F5-A2BD2B9C7839}.StronglyNamedAssembly|x86.ActiveCfg = Release|x86
		{52BA175E-59E6-4F86-A5F5-A2BD2B9C7839}.StronglyNamedAssembly|x86.Build.0 = Release|x86
		{52BA175E-59E6-4F86-A5F5-A2BD2B9C7839}.StronglyNamedAssembly|x86.Deploy.0 = Release|x86
		{7A578E65-3710-4EAA-939E-FCFF0156E092}.Debug|Any CPU.ActiveCfg = Debug|Any CPU
		{7A578E65-3710-4EAA-939E-FCFF0156E092}.Debug|Any CPU.Build.0 = Debug|Any CPU
		{7A578E65-3710-4EAA-939E-FCFF0156E092}.Debug|ARM.ActiveCfg = Debug|Any CPU
		{7A578E65-3710-4EAA-939E-FCFF0156E092}.Debug|ARM.Build.0 = Debug|Any CPU
		{7A578E65-3710-4EAA-939E-FCFF0156E092}.Debug|x64.ActiveCfg = Debug|Any CPU
		{7A578E65-3710-4EAA-939E-FCFF0156E092}.Debug|x64.Build.0 = Debug|Any CPU
		{7A578E65-3710-4EAA-939E-FCFF0156E092}.Debug|x86.ActiveCfg = Debug|Any CPU
		{7A578E65-3710-4EAA-939E-FCFF0156E092}.Debug|x86.Build.0 = Debug|Any CPU
		{7A578E65-3710-4EAA-939E-FCFF0156E092}.Documentation|Any CPU.ActiveCfg = Debug|Any CPU
		{7A578E65-3710-4EAA-939E-FCFF0156E092}.Documentation|Any CPU.Build.0 = Debug|Any CPU
		{7A578E65-3710-4EAA-939E-FCFF0156E092}.Documentation|ARM.ActiveCfg = Debug|Any CPU
		{7A578E65-3710-4EAA-939E-FCFF0156E092}.Documentation|ARM.Build.0 = Debug|Any CPU
		{7A578E65-3710-4EAA-939E-FCFF0156E092}.Documentation|x64.ActiveCfg = Debug|Any CPU
		{7A578E65-3710-4EAA-939E-FCFF0156E092}.Documentation|x64.Build.0 = Debug|Any CPU
		{7A578E65-3710-4EAA-939E-FCFF0156E092}.Documentation|x86.ActiveCfg = Debug|Any CPU
		{7A578E65-3710-4EAA-939E-FCFF0156E092}.Documentation|x86.Build.0 = Debug|Any CPU
		{7A578E65-3710-4EAA-939E-FCFF0156E092}.Release|Any CPU.ActiveCfg = Release|Any CPU
		{7A578E65-3710-4EAA-939E-FCFF0156E092}.Release|Any CPU.Build.0 = Release|Any CPU
		{7A578E65-3710-4EAA-939E-FCFF0156E092}.Release|ARM.ActiveCfg = Release|Any CPU
		{7A578E65-3710-4EAA-939E-FCFF0156E092}.Release|ARM.Build.0 = Release|Any CPU
		{7A578E65-3710-4EAA-939E-FCFF0156E092}.Release|x64.ActiveCfg = Release|Any CPU
		{7A578E65-3710-4EAA-939E-FCFF0156E092}.Release|x64.Build.0 = Release|Any CPU
		{7A578E65-3710-4EAA-939E-FCFF0156E092}.Release|x86.ActiveCfg = Release|Any CPU
		{7A578E65-3710-4EAA-939E-FCFF0156E092}.Release|x86.Build.0 = Release|Any CPU
		{7A578E65-3710-4EAA-939E-FCFF0156E092}.StronglyNamedAssembly|Any CPU.ActiveCfg = Release|Any CPU
		{7A578E65-3710-4EAA-939E-FCFF0156E092}.StronglyNamedAssembly|Any CPU.Build.0 = Release|Any CPU
		{7A578E65-3710-4EAA-939E-FCFF0156E092}.StronglyNamedAssembly|ARM.ActiveCfg = Release|Any CPU
		{7A578E65-3710-4EAA-939E-FCFF0156E092}.StronglyNamedAssembly|ARM.Build.0 = Release|Any CPU
		{7A578E65-3710-4EAA-939E-FCFF0156E092}.StronglyNamedAssembly|x64.ActiveCfg = Release|Any CPU
		{7A578E65-3710-4EAA-939E-FCFF0156E092}.StronglyNamedAssembly|x64.Build.0 = Release|Any CPU
		{7A578E65-3710-4EAA-939E-FCFF0156E092}.StronglyNamedAssembly|x86.ActiveCfg = Release|Any CPU
		{7A578E65-3710-4EAA-939E-FCFF0156E092}.StronglyNamedAssembly|x86.Build.0 = Release|Any CPU
		{B7F8EEC3-C9DA-41D7-BB16-D3F573AB6495}.Debug|Any CPU.ActiveCfg = Debug|Any CPU
		{B7F8EEC3-C9DA-41D7-BB16-D3F573AB6495}.Debug|Any CPU.Build.0 = Debug|Any CPU
		{B7F8EEC3-C9DA-41D7-BB16-D3F573AB6495}.Debug|ARM.ActiveCfg = Debug|Any CPU
		{B7F8EEC3-C9DA-41D7-BB16-D3F573AB6495}.Debug|ARM.Build.0 = Debug|Any CPU
		{B7F8EEC3-C9DA-41D7-BB16-D3F573AB6495}.Debug|x64.ActiveCfg = Debug|Any CPU
		{B7F8EEC3-C9DA-41D7-BB16-D3F573AB6495}.Debug|x64.Build.0 = Debug|Any CPU
		{B7F8EEC3-C9DA-41D7-BB16-D3F573AB6495}.Debug|x86.ActiveCfg = Debug|Any CPU
		{B7F8EEC3-C9DA-41D7-BB16-D3F573AB6495}.Debug|x86.Build.0 = Debug|Any CPU
		{B7F8EEC3-C9DA-41D7-BB16-D3F573AB6495}.Documentation|Any CPU.ActiveCfg = Debug|Any CPU
		{B7F8EEC3-C9DA-41D7-BB16-D3F573AB6495}.Documentation|Any CPU.Build.0 = Debug|Any CPU
		{B7F8EEC3-C9DA-41D7-BB16-D3F573AB6495}.Documentation|ARM.ActiveCfg = Debug|Any CPU
		{B7F8EEC3-C9DA-41D7-BB16-D3F573AB6495}.Documentation|ARM.Build.0 = Debug|Any CPU
		{B7F8EEC3-C9DA-41D7-BB16-D3F573AB6495}.Documentation|x64.ActiveCfg = Debug|Any CPU
		{B7F8EEC3-C9DA-41D7-BB16-D3F573AB6495}.Documentation|x64.Build.0 = Debug|Any CPU
		{B7F8EEC3-C9DA-41D7-BB16-D3F573AB6495}.Documentation|x86.ActiveCfg = Debug|Any CPU
		{B7F8EEC3-C9DA-41D7-BB16-D3F573AB6495}.Documentation|x86.Build.0 = Debug|Any CPU
		{B7F8EEC3-C9DA-41D7-BB16-D3F573AB6495}.Release|Any CPU.ActiveCfg = Release|Any CPU
		{B7F8EEC3-C9DA-41D7-BB16-D3F573AB6495}.Release|Any CPU.Build.0 = Release|Any CPU
		{B7F8EEC3-C9DA-41D7-BB16-D3F573AB6495}.Release|ARM.ActiveCfg = Release|Any CPU
		{B7F8EEC3-C9DA-41D7-BB16-D3F573AB6495}.Release|ARM.Build.0 = Release|Any CPU
		{B7F8EEC3-C9DA-41D7-BB16-D3F573AB6495}.Release|x64.ActiveCfg = Release|Any CPU
		{B7F8EEC3-C9DA-41D7-BB16-D3F573AB6495}.Release|x64.Build.0 = Release|Any CPU
		{B7F8EEC3-C9DA-41D7-BB16-D3F573AB6495}.Release|x86.ActiveCfg = Release|Any CPU
		{B7F8EEC3-C9DA-41D7-BB16-D3F573AB6495}.Release|x86.Build.0 = Release|Any CPU
		{B7F8EEC3-C9DA-41D7-BB16-D3F573AB6495}.StronglyNamedAssembly|Any CPU.ActiveCfg = Release|Any CPU
		{B7F8EEC3-C9DA-41D7-BB16-D3F573AB6495}.StronglyNamedAssembly|Any CPU.Build.0 = Release|Any CPU
		{B7F8EEC3-C9DA-41D7-BB16-D3F573AB6495}.StronglyNamedAssembly|ARM.ActiveCfg = Release|Any CPU
		{B7F8EEC3-C9DA-41D7-BB16-D3F573AB6495}.StronglyNamedAssembly|ARM.Build.0 = Release|Any CPU
		{B7F8EEC3-C9DA-41D7-BB16-D3F573AB6495}.StronglyNamedAssembly|x64.ActiveCfg = Release|Any CPU
		{B7F8EEC3-C9DA-41D7-BB16-D3F573AB6495}.StronglyNamedAssembly|x64.Build.0 = Release|Any CPU
		{B7F8EEC3-C9DA-41D7-BB16-D3F573AB6495}.StronglyNamedAssembly|x86.ActiveCfg = Release|Any CPU
		{B7F8EEC3-C9DA-41D7-BB16-D3F573AB6495}.StronglyNamedAssembly|x86.Build.0 = Release|Any CPU
		{8E0FBB1F-7C1F-4430-A392-251BC9118137}.Debug|Any CPU.ActiveCfg = Debug|Any CPU
		{8E0FBB1F-7C1F-4430-A392-251BC9118137}.Debug|Any CPU.Build.0 = Debug|Any CPU
		{8E0FBB1F-7C1F-4430-A392-251BC9118137}.Debug|ARM.ActiveCfg = Debug|Any CPU
		{8E0FBB1F-7C1F-4430-A392-251BC9118137}.Debug|ARM.Build.0 = Debug|Any CPU
		{8E0FBB1F-7C1F-4430-A392-251BC9118137}.Debug|x64.ActiveCfg = Debug|Any CPU
		{8E0FBB1F-7C1F-4430-A392-251BC9118137}.Debug|x64.Build.0 = Debug|Any CPU
		{8E0FBB1F-7C1F-4430-A392-251BC9118137}.Debug|x86.ActiveCfg = Debug|Any CPU
		{8E0FBB1F-7C1F-4430-A392-251BC9118137}.Debug|x86.Build.0 = Debug|Any CPU
		{8E0FBB1F-7C1F-4430-A392-251BC9118137}.Documentation|Any CPU.ActiveCfg = Debug|Any CPU
		{8E0FBB1F-7C1F-4430-A392-251BC9118137}.Documentation|Any CPU.Build.0 = Debug|Any CPU
		{8E0FBB1F-7C1F-4430-A392-251BC9118137}.Documentation|ARM.ActiveCfg = Debug|Any CPU
		{8E0FBB1F-7C1F-4430-A392-251BC9118137}.Documentation|ARM.Build.0 = Debug|Any CPU
		{8E0FBB1F-7C1F-4430-A392-251BC9118137}.Documentation|x64.ActiveCfg = Debug|Any CPU
		{8E0FBB1F-7C1F-4430-A392-251BC9118137}.Documentation|x64.Build.0 = Debug|Any CPU
		{8E0FBB1F-7C1F-4430-A392-251BC9118137}.Documentation|x86.ActiveCfg = Debug|Any CPU
		{8E0FBB1F-7C1F-4430-A392-251BC9118137}.Documentation|x86.Build.0 = Debug|Any CPU
		{8E0FBB1F-7C1F-4430-A392-251BC9118137}.Release|Any CPU.ActiveCfg = Release|Any CPU
		{8E0FBB1F-7C1F-4430-A392-251BC9118137}.Release|Any CPU.Build.0 = Release|Any CPU
		{8E0FBB1F-7C1F-4430-A392-251BC9118137}.Release|ARM.ActiveCfg = Release|Any CPU
		{8E0FBB1F-7C1F-4430-A392-251BC9118137}.Release|ARM.Build.0 = Release|Any CPU
		{8E0FBB1F-7C1F-4430-A392-251BC9118137}.Release|x64.ActiveCfg = Release|Any CPU
		{8E0FBB1F-7C1F-4430-A392-251BC9118137}.Release|x64.Build.0 = Release|Any CPU
		{8E0FBB1F-7C1F-4430-A392-251BC9118137}.Release|x86.ActiveCfg = Release|Any CPU
		{8E0FBB1F-7C1F-4430-A392-251BC9118137}.Release|x86.Build.0 = Release|Any CPU
		{8E0FBB1F-7C1F-4430-A392-251BC9118137}.StronglyNamedAssembly|Any CPU.ActiveCfg = Release|Any CPU
		{8E0FBB1F-7C1F-4430-A392-251BC9118137}.StronglyNamedAssembly|Any CPU.Build.0 = Release|Any CPU
		{8E0FBB1F-7C1F-4430-A392-251BC9118137}.StronglyNamedAssembly|ARM.ActiveCfg = Release|Any CPU
		{8E0FBB1F-7C1F-4430-A392-251BC9118137}.StronglyNamedAssembly|ARM.Build.0 = Release|Any CPU
		{8E0FBB1F-7C1F-4430-A392-251BC9118137}.StronglyNamedAssembly|x64.ActiveCfg = Release|Any CPU
		{8E0FBB1F-7C1F-4430-A392-251BC9118137}.StronglyNamedAssembly|x64.Build.0 = Release|Any CPU
		{8E0FBB1F-7C1F-4430-A392-251BC9118137}.StronglyNamedAssembly|x86.ActiveCfg = Release|Any CPU
		{8E0FBB1F-7C1F-4430-A392-251BC9118137}.StronglyNamedAssembly|x86.Build.0 = Release|Any CPU
		{B5E6C595-AF2F-488B-BDAF-64C78989BBA5}.Debug|Any CPU.ActiveCfg = Debug|Any CPU
		{B5E6C595-AF2F-488B-BDAF-64C78989BBA5}.Debug|Any CPU.Build.0 = Debug|Any CPU
		{B5E6C595-AF2F-488B-BDAF-64C78989BBA5}.Debug|ARM.ActiveCfg = Debug|Any CPU
		{B5E6C595-AF2F-488B-BDAF-64C78989BBA5}.Debug|ARM.Build.0 = Debug|Any CPU
		{B5E6C595-AF2F-488B-BDAF-64C78989BBA5}.Debug|x64.ActiveCfg = Debug|Any CPU
		{B5E6C595-AF2F-488B-BDAF-64C78989BBA5}.Debug|x64.Build.0 = Debug|Any CPU
		{B5E6C595-AF2F-488B-BDAF-64C78989BBA5}.Debug|x86.ActiveCfg = Debug|Any CPU
		{B5E6C595-AF2F-488B-BDAF-64C78989BBA5}.Debug|x86.Build.0 = Debug|Any CPU
		{B5E6C595-AF2F-488B-BDAF-64C78989BBA5}.Documentation|Any CPU.ActiveCfg = Debug|Any CPU
		{B5E6C595-AF2F-488B-BDAF-64C78989BBA5}.Documentation|Any CPU.Build.0 = Debug|Any CPU
		{B5E6C595-AF2F-488B-BDAF-64C78989BBA5}.Documentation|ARM.ActiveCfg = Debug|Any CPU
		{B5E6C595-AF2F-488B-BDAF-64C78989BBA5}.Documentation|ARM.Build.0 = Debug|Any CPU
		{B5E6C595-AF2F-488B-BDAF-64C78989BBA5}.Documentation|x64.ActiveCfg = Debug|Any CPU
		{B5E6C595-AF2F-488B-BDAF-64C78989BBA5}.Documentation|x64.Build.0 = Debug|Any CPU
		{B5E6C595-AF2F-488B-BDAF-64C78989BBA5}.Documentation|x86.ActiveCfg = Debug|Any CPU
		{B5E6C595-AF2F-488B-BDAF-64C78989BBA5}.Documentation|x86.Build.0 = Debug|Any CPU
		{B5E6C595-AF2F-488B-BDAF-64C78989BBA5}.Release|Any CPU.ActiveCfg = Release|Any CPU
		{B5E6C595-AF2F-488B-BDAF-64C78989BBA5}.Release|Any CPU.Build.0 = Release|Any CPU
		{B5E6C595-AF2F-488B-BDAF-64C78989BBA5}.Release|ARM.ActiveCfg = Release|Any CPU
		{B5E6C595-AF2F-488B-BDAF-64C78989BBA5}.Release|ARM.Build.0 = Release|Any CPU
		{B5E6C595-AF2F-488B-BDAF-64C78989BBA5}.Release|x64.ActiveCfg = Release|Any CPU
		{B5E6C595-AF2F-488B-BDAF-64C78989BBA5}.Release|x64.Build.0 = Release|Any CPU
		{B5E6C595-AF2F-488B-BDAF-64C78989BBA5}.Release|x86.ActiveCfg = Release|Any CPU
		{B5E6C595-AF2F-488B-BDAF-64C78989BBA5}.Release|x86.Build.0 = Release|Any CPU
		{B5E6C595-AF2F-488B-BDAF-64C78989BBA5}.StronglyNamedAssembly|Any CPU.ActiveCfg = Release|Any CPU
		{B5E6C595-AF2F-488B-BDAF-64C78989BBA5}.StronglyNamedAssembly|Any CPU.Build.0 = Release|Any CPU
		{B5E6C595-AF2F-488B-BDAF-64C78989BBA5}.StronglyNamedAssembly|ARM.ActiveCfg = Release|Any CPU
		{B5E6C595-AF2F-488B-BDAF-64C78989BBA5}.StronglyNamedAssembly|ARM.Build.0 = Release|Any CPU
		{B5E6C595-AF2F-488B-BDAF-64C78989BBA5}.StronglyNamedAssembly|x64.ActiveCfg = Release|Any CPU
		{B5E6C595-AF2F-488B-BDAF-64C78989BBA5}.StronglyNamedAssembly|x64.Build.0 = Release|Any CPU
		{B5E6C595-AF2F-488B-BDAF-64C78989BBA5}.StronglyNamedAssembly|x86.ActiveCfg = Release|Any CPU
		{B5E6C595-AF2F-488B-BDAF-64C78989BBA5}.StronglyNamedAssembly|x86.Build.0 = Release|Any CPU
		{FE6B1FD8-FF66-4637-ADF0-BA38A911C2D9}.Debug|Any CPU.ActiveCfg = Debug|Any CPU
		{FE6B1FD8-FF66-4637-ADF0-BA38A911C2D9}.Debug|Any CPU.Build.0 = Debug|Any CPU
		{FE6B1FD8-FF66-4637-ADF0-BA38A911C2D9}.Debug|ARM.ActiveCfg = Debug|Any CPU
		{FE6B1FD8-FF66-4637-ADF0-BA38A911C2D9}.Debug|ARM.Build.0 = Debug|Any CPU
		{FE6B1FD8-FF66-4637-ADF0-BA38A911C2D9}.Debug|x64.ActiveCfg = Debug|Any CPU
		{FE6B1FD8-FF66-4637-ADF0-BA38A911C2D9}.Debug|x64.Build.0 = Debug|Any CPU
		{FE6B1FD8-FF66-4637-ADF0-BA38A911C2D9}.Debug|x86.ActiveCfg = Debug|Any CPU
		{FE6B1FD8-FF66-4637-ADF0-BA38A911C2D9}.Debug|x86.Build.0 = Debug|Any CPU
		{FE6B1FD8-FF66-4637-ADF0-BA38A911C2D9}.Documentation|Any CPU.ActiveCfg = Debug|Any CPU
		{FE6B1FD8-FF66-4637-ADF0-BA38A911C2D9}.Documentation|Any CPU.Build.0 = Debug|Any CPU
		{FE6B1FD8-FF66-4637-ADF0-BA38A911C2D9}.Documentation|ARM.ActiveCfg = Debug|Any CPU
		{FE6B1FD8-FF66-4637-ADF0-BA38A911C2D9}.Documentation|ARM.Build.0 = Debug|Any CPU
		{FE6B1FD8-FF66-4637-ADF0-BA38A911C2D9}.Documentation|x64.ActiveCfg = Debug|Any CPU
		{FE6B1FD8-FF66-4637-ADF0-BA38A911C2D9}.Documentation|x64.Build.0 = Debug|Any CPU
		{FE6B1FD8-FF66-4637-ADF0-BA38A911C2D9}.Documentation|x86.ActiveCfg = Debug|Any CPU
		{FE6B1FD8-FF66-4637-ADF0-BA38A911C2D9}.Documentation|x86.Build.0 = Debug|Any CPU
		{FE6B1FD8-FF66-4637-ADF0-BA38A911C2D9}.Release|Any CPU.ActiveCfg = Release|Any CPU
		{FE6B1FD8-FF66-4637-ADF0-BA38A911C2D9}.Release|Any CPU.Build.0 = Release|Any CPU
		{FE6B1FD8-FF66-4637-ADF0-BA38A911C2D9}.Release|ARM.ActiveCfg = Release|Any CPU
		{FE6B1FD8-FF66-4637-ADF0-BA38A911C2D9}.Release|ARM.Build.0 = Release|Any CPU
		{FE6B1FD8-FF66-4637-ADF0-BA38A911C2D9}.Release|x64.ActiveCfg = Release|Any CPU
		{FE6B1FD8-FF66-4637-ADF0-BA38A911C2D9}.Release|x64.Build.0 = Release|Any CPU
		{FE6B1FD8-FF66-4637-ADF0-BA38A911C2D9}.Release|x86.ActiveCfg = Release|Any CPU
		{FE6B1FD8-FF66-4637-ADF0-BA38A911C2D9}.Release|x86.Build.0 = Release|Any CPU
		{FE6B1FD8-FF66-4637-ADF0-BA38A911C2D9}.StronglyNamedAssembly|Any CPU.ActiveCfg = Release|Any CPU
		{FE6B1FD8-FF66-4637-ADF0-BA38A911C2D9}.StronglyNamedAssembly|Any CPU.Build.0 = Release|Any CPU
		{FE6B1FD8-FF66-4637-ADF0-BA38A911C2D9}.StronglyNamedAssembly|ARM.ActiveCfg = Release|Any CPU
		{FE6B1FD8-FF66-4637-ADF0-BA38A911C2D9}.StronglyNamedAssembly|ARM.Build.0 = Release|Any CPU
		{FE6B1FD8-FF66-4637-ADF0-BA38A911C2D9}.StronglyNamedAssembly|x64.ActiveCfg = Release|Any CPU
		{FE6B1FD8-FF66-4637-ADF0-BA38A911C2D9}.StronglyNamedAssembly|x64.Build.0 = Release|Any CPU
		{FE6B1FD8-FF66-4637-ADF0-BA38A911C2D9}.StronglyNamedAssembly|x86.ActiveCfg = Release|Any CPU
		{FE6B1FD8-FF66-4637-ADF0-BA38A911C2D9}.StronglyNamedAssembly|x86.Build.0 = Release|Any CPU
	EndGlobalSection
	GlobalSection(SolutionProperties) = preSolution
		HideSolutionNode = FALSE
	EndGlobalSection
EndGlobal
