
Microsoft Visual Studio Solution File, Format Version 12.00
# Visual Studio 14
VisualStudioVersion = 14.0.24720.0
MinimumVisualStudioVersion = 10.0.40219.1
Project("{FAE04EC0-301F-11D3-BF4B-00C04F79EFBC}") = "SoundPlayer.Xamarin.Droid", "SoundPlayer.Xamarin\SoundPlayer.Xamarin.Droid\SoundPlayer.Xamarin.Droid.csproj", "{2D512A91-D5B0-4348-A54E-FD65D314FE2D}"
EndProject
Project("{FAE04EC0-301F-11D3-BF4B-00C04F79EFBC}") = "SoundPlayer.Xamarin.iOS", "SoundPlayer.Xamarin\SoundPlayer.Xamarin.iOS\SoundPlayer.Xamarin.iOS.csproj", "{EBAA5AD7-FE2C-4C1F-A05F-358EDF0D4237}"
EndProject
Project("{FAE04EC0-301F-11D3-BF4B-00C04F79EFBC}") = "SoundPlayer.Xamarin.WinPhone", "SoundPlayer.Xamarin\SoundPlayer.Xamarin.WinPhone\SoundPlayer.Xamarin.WinPhone.csproj", "{A279C7B0-D9ED-46D0-841F-30F272D13300}"
EndProject
Project("{FAE04EC0-301F-11D3-BF4B-00C04F79EFBC}") = "SoundPlayer.Xamarin.UWP", "SoundPlayer.Xamarin\SoundPlayer.Xamarin.UWP\SoundPlayer.Xamarin.UWP.csproj", "{E27E4B07-61C5-403C-97D5-EDD13F4E9D21}"
EndProject
Project("{FAE04EC0-301F-11D3-BF4B-00C04F79EFBC}") = "SoundPlayer.Xamarin.Windows", "SoundPlayer.Xamarin\SoundPlayer.Xamarin.Windows\SoundPlayer.Xamarin.Windows.csproj", "{2FEBE012-05FF-49AB-BBB0-EE6B008190CF}"
EndProject
Project("{FAE04EC0-301F-11D3-BF4B-00C04F79EFBC}") = "SoundPlayer.Xamarin", "SoundPlayer.Xamarin\SoundPlayer.Xamarin\SoundPlayer.Xamarin.csproj", "{0CA2DA5F-D8BD-4717-A9B5-102F38DCDC7B}"
EndProject
Global
	GlobalSection(SolutionConfigurationPlatforms) = preSolution
		Ad-Hoc|Any CPU = Ad-Hoc|Any CPU
		Ad-Hoc|ARM = Ad-Hoc|ARM
		Ad-Hoc|iPhone = Ad-Hoc|iPhone
		Ad-Hoc|iPhoneSimulator = Ad-Hoc|iPhoneSimulator
		Ad-Hoc|x64 = Ad-Hoc|x64
		Ad-Hoc|x86 = Ad-Hoc|x86
		AppStore|Any CPU = AppStore|Any CPU
		AppStore|ARM = AppStore|ARM
		AppStore|iPhone = AppStore|iPhone
		AppStore|iPhoneSimulator = AppStore|iPhoneSimulator
		AppStore|x64 = AppStore|x64
		AppStore|x86 = AppStore|x86
		Debug|Any CPU = Debug|Any CPU
		Debug|ARM = Debug|ARM
		Debug|iPhone = Debug|iPhone
		Debug|iPhoneSimulator = Debug|iPhoneSimulator
		Debug|x64 = Debug|x64
		Debug|x86 = Debug|x86
		Release|Any CPU = Release|Any CPU
		Release|ARM = Release|ARM
		Release|iPhone = Release|iPhone
		Release|iPhoneSimulator = Release|iPhoneSimulator
		Release|x64 = Release|x64
		Release|x86 = Release|x86
	EndGlobalSection
	GlobalSection(ProjectConfigurationPlatforms) = postSolution
		{2D512A91-D5B0-4348-A54E-FD65D314FE2D}.Ad-Hoc|Any CPU.ActiveCfg = Release|Any CPU
		{2D512A91-D5B0-4348-A54E-FD65D314FE2D}.Ad-Hoc|Any CPU.Build.0 = Release|Any CPU
		{2D512A91-D5B0-4348-A54E-FD65D314FE2D}.Ad-Hoc|Any CPU.Deploy.0 = Release|Any CPU
		{2D512A91-D5B0-4348-A54E-FD65D314FE2D}.Ad-Hoc|ARM.ActiveCfg = Release|Any CPU
		{2D512A91-D5B0-4348-A54E-FD65D314FE2D}.Ad-Hoc|ARM.Build.0 = Release|Any CPU
		{2D512A91-D5B0-4348-A54E-FD65D314FE2D}.Ad-Hoc|ARM.Deploy.0 = Release|Any CPU
		{2D512A91-D5B0-4348-A54E-FD65D314FE2D}.Ad-Hoc|iPhone.ActiveCfg = Release|Any CPU
		{2D512A91-D5B0-4348-A54E-FD65D314FE2D}.Ad-Hoc|iPhone.Build.0 = Release|Any CPU
		{2D512A91-D5B0-4348-A54E-FD65D314FE2D}.Ad-Hoc|iPhone.Deploy.0 = Release|Any CPU
		{2D512A91-D5B0-4348-A54E-FD65D314FE2D}.Ad-Hoc|iPhoneSimulator.ActiveCfg = Release|Any CPU
		{2D512A91-D5B0-4348-A54E-FD65D314FE2D}.Ad-Hoc|iPhoneSimulator.Build.0 = Release|Any CPU
		{2D512A91-D5B0-4348-A54E-FD65D314FE2D}.Ad-Hoc|iPhoneSimulator.Deploy.0 = Release|Any CPU
		{2D512A91-D5B0-4348-A54E-FD65D314FE2D}.Ad-Hoc|x64.ActiveCfg = Release|Any CPU
		{2D512A91-D5B0-4348-A54E-FD65D314FE2D}.Ad-Hoc|x64.Build.0 = Release|Any CPU
		{2D512A91-D5B0-4348-A54E-FD65D314FE2D}.Ad-Hoc|x64.Deploy.0 = Release|Any CPU
		{2D512A91-D5B0-4348-A54E-FD65D314FE2D}.Ad-Hoc|x86.ActiveCfg = Release|Any CPU
		{2D512A91-D5B0-4348-A54E-FD65D314FE2D}.Ad-Hoc|x86.Build.0 = Release|Any CPU
		{2D512A91-D5B0-4348-A54E-FD65D314FE2D}.Ad-Hoc|x86.Deploy.0 = Release|Any CPU
		{2D512A91-D5B0-4348-A54E-FD65D314FE2D}.AppStore|Any CPU.ActiveCfg = Release|Any CPU
		{2D512A91-D5B0-4348-A54E-FD65D314FE2D}.AppStore|Any CPU.Build.0 = Release|Any CPU
		{2D512A91-D5B0-4348-A54E-FD65D314FE2D}.AppStore|Any CPU.Deploy.0 = Release|Any CPU
		{2D512A91-D5B0-4348-A54E-FD65D314FE2D}.AppStore|ARM.ActiveCfg = Release|Any CPU
		{2D512A91-D5B0-4348-A54E-FD65D314FE2D}.AppStore|ARM.Build.0 = Release|Any CPU
		{2D512A91-D5B0-4348-A54E-FD65D314FE2D}.AppStore|ARM.Deploy.0 = Release|Any CPU
		{2D512A91-D5B0-4348-A54E-FD65D314FE2D}.AppStore|iPhone.ActiveCfg = Release|Any CPU
		{2D512A91-D5B0-4348-A54E-FD65D314FE2D}.AppStore|iPhone.Build.0 = Release|Any CPU
		{2D512A91-D5B0-4348-A54E-FD65D314FE2D}.AppStore|iPhone.Deploy.0 = Release|Any CPU
		{2D512A91-D5B0-4348-A54E-FD65D314FE2D}.AppStore|iPhoneSimulator.ActiveCfg = Release|Any CPU
		{2D512A91-D5B0-4348-A54E-FD65D314FE2D}.AppStore|iPhoneSimulator.Build.0 = Release|Any CPU
		{2D512A91-D5B0-4348-A54E-FD65D314FE2D}.AppStore|iPhoneSimulator.Deploy.0 = Release|Any CPU
		{2D512A91-D5B0-4348-A54E-FD65D314FE2D}.AppStore|x64.ActiveCfg = Release|Any CPU
		{2D512A91-D5B0-4348-A54E-FD65D314FE2D}.AppStore|x64.Build.0 = Release|Any CPU
		{2D512A91-D5B0-4348-A54E-FD65D314FE2D}.AppStore|x64.Deploy.0 = Release|Any CPU
		{2D512A91-D5B0-4348-A54E-FD65D314FE2D}.AppStore|x86.ActiveCfg = Release|Any CPU
		{2D512A91-D5B0-4348-A54E-FD65D314FE2D}.AppStore|x86.Build.0 = Release|Any CPU
		{2D512A91-D5B0-4348-A54E-FD65D314FE2D}.AppStore|x86.Deploy.0 = Release|Any CPU
		{2D512A91-D5B0-4348-A54E-FD65D314FE2D}.Debug|Any CPU.ActiveCfg = Debug|Any CPU
		{2D512A91-D5B0-4348-A54E-FD65D314FE2D}.Debug|Any CPU.Build.0 = Debug|Any CPU
		{2D512A91-D5B0-4348-A54E-FD65D314FE2D}.Debug|Any CPU.Deploy.0 = Debug|Any CPU
		{2D512A91-D5B0-4348-A54E-FD65D314FE2D}.Debug|ARM.ActiveCfg = Debug|Any CPU
		{2D512A91-D5B0-4348-A54E-FD65D314FE2D}.Debug|ARM.Build.0 = Debug|Any CPU
		{2D512A91-D5B0-4348-A54E-FD65D314FE2D}.Debug|ARM.Deploy.0 = Debug|Any CPU
		{2D512A91-D5B0-4348-A54E-FD65D314FE2D}.Debug|iPhone.ActiveCfg = Debug|Any CPU
		{2D512A91-D5B0-4348-A54E-FD65D314FE2D}.Debug|iPhone.Build.0 = Debug|Any CPU
		{2D512A91-D5B0-4348-A54E-FD65D314FE2D}.Debug|iPhone.Deploy.0 = Debug|Any CPU
		{2D512A91-D5B0-4348-A54E-FD65D314FE2D}.Debug|iPhoneSimulator.ActiveCfg = Debug|Any CPU
		{2D512A91-D5B0-4348-A54E-FD65D314FE2D}.Debug|iPhoneSimulator.Build.0 = Debug|Any CPU
		{2D512A91-D5B0-4348-A54E-FD65D314FE2D}.Debug|iPhoneSimulator.Deploy.0 = Debug|Any CPU
		{2D512A91-D5B0-4348-A54E-FD65D314FE2D}.Debug|x64.ActiveCfg = Debug|Any CPU
		{2D512A91-D5B0-4348-A54E-FD65D314FE2D}.Debug|x64.Build.0 = Debug|Any CPU
		{2D512A91-D5B0-4348-A54E-FD65D314FE2D}.Debug|x64.Deploy.0 = Debug|Any CPU
		{2D512A91-D5B0-4348-A54E-FD65D314FE2D}.Debug|x86.ActiveCfg = Debug|Any CPU
		{2D512A91-D5B0-4348-A54E-FD65D314FE2D}.Debug|x86.Build.0 = Debug|Any CPU
		{2D512A91-D5B0-4348-A54E-FD65D314FE2D}.Debug|x86.Deploy.0 = Debug|Any CPU
		{2D512A91-D5B0-4348-A54E-FD65D314FE2D}.Release|Any CPU.ActiveCfg = Release|Any CPU
		{2D512A91-D5B0-4348-A54E-FD65D314FE2D}.Release|Any CPU.Build.0 = Release|Any CPU
		{2D512A91-D5B0-4348-A54E-FD65D314FE2D}.Release|Any CPU.Deploy.0 = Release|Any CPU
		{2D512A91-D5B0-4348-A54E-FD65D314FE2D}.Release|ARM.ActiveCfg = Release|Any CPU
		{2D512A91-D5B0-4348-A54E-FD65D314FE2D}.Release|ARM.Build.0 = Release|Any CPU
		{2D512A91-D5B0-4348-A54E-FD65D314FE2D}.Release|ARM.Deploy.0 = Release|Any CPU
		{2D512A91-D5B0-4348-A54E-FD65D314FE2D}.Release|iPhone.ActiveCfg = Release|Any CPU
		{2D512A91-D5B0-4348-A54E-FD65D314FE2D}.Release|iPhone.Build.0 = Release|Any CPU
		{2D512A91-D5B0-4348-A54E-FD65D314FE2D}.Release|iPhone.Deploy.0 = Release|Any CPU
		{2D512A91-D5B0-4348-A54E-FD65D314FE2D}.Release|iPhoneSimulator.ActiveCfg = Release|Any CPU
		{2D512A91-D5B0-4348-A54E-FD65D314FE2D}.Release|iPhoneSimulator.Build.0 = Release|Any CPU
		{2D512A91-D5B0-4348-A54E-FD65D314FE2D}.Release|iPhoneSimulator.Deploy.0 = Release|Any CPU
		{2D512A91-D5B0-4348-A54E-FD65D314FE2D}.Release|x64.ActiveCfg = Release|Any CPU
		{2D512A91-D5B0-4348-A54E-FD65D314FE2D}.Release|x64.Build.0 = Release|Any CPU
		{2D512A91-D5B0-4348-A54E-FD65D314FE2D}.Release|x64.Deploy.0 = Release|Any CPU
		{2D512A91-D5B0-4348-A54E-FD65D314FE2D}.Release|x86.ActiveCfg = Release|Any CPU
		{2D512A91-D5B0-4348-A54E-FD65D314FE2D}.Release|x86.Build.0 = Release|Any CPU
		{2D512A91-D5B0-4348-A54E-FD65D314FE2D}.Release|x86.Deploy.0 = Release|Any CPU
		{EBAA5AD7-FE2C-4C1F-A05F-358EDF0D4237}.Ad-Hoc|Any CPU.ActiveCfg = Ad-Hoc|iPhone
		{EBAA5AD7-FE2C-4C1F-A05F-358EDF0D4237}.Ad-Hoc|ARM.ActiveCfg = Ad-Hoc|iPhone
		{EBAA5AD7-FE2C-4C1F-A05F-358EDF0D4237}.Ad-Hoc|iPhone.ActiveCfg = Ad-Hoc|iPhone
		{EBAA5AD7-FE2C-4C1F-A05F-358EDF0D4237}.Ad-Hoc|iPhone.Build.0 = Ad-Hoc|iPhone
		{EBAA5AD7-FE2C-4C1F-A05F-358EDF0D4237}.Ad-Hoc|iPhoneSimulator.ActiveCfg = Ad-Hoc|iPhoneSimulator
		{EBAA5AD7-FE2C-4C1F-A05F-358EDF0D4237}.Ad-Hoc|iPhoneSimulator.Build.0 = Ad-Hoc|iPhoneSimulator
		{EBAA5AD7-FE2C-4C1F-A05F-358EDF0D4237}.Ad-Hoc|x64.ActiveCfg = Ad-Hoc|iPhone
		{EBAA5AD7-FE2C-4C1F-A05F-358EDF0D4237}.Ad-Hoc|x86.ActiveCfg = Ad-Hoc|iPhone
		{EBAA5AD7-FE2C-4C1F-A05F-358EDF0D4237}.AppStore|Any CPU.ActiveCfg = AppStore|iPhone
		{EBAA5AD7-FE2C-4C1F-A05F-358EDF0D4237}.AppStore|ARM.ActiveCfg = AppStore|iPhone
		{EBAA5AD7-FE2C-4C1F-A05F-358EDF0D4237}.AppStore|iPhone.ActiveCfg = AppStore|iPhone
		{EBAA5AD7-FE2C-4C1F-A05F-358EDF0D4237}.AppStore|iPhone.Build.0 = AppStore|iPhone
		{EBAA5AD7-FE2C-4C1F-A05F-358EDF0D4237}.AppStore|iPhoneSimulator.ActiveCfg = AppStore|iPhoneSimulator
		{EBAA5AD7-FE2C-4C1F-A05F-358EDF0D4237}.AppStore|iPhoneSimulator.Build.0 = AppStore|iPhoneSimulator
		{EBAA5AD7-FE2C-4C1F-A05F-358EDF0D4237}.AppStore|x64.ActiveCfg = AppStore|iPhone
		{EBAA5AD7-FE2C-4C1F-A05F-358EDF0D4237}.AppStore|x86.ActiveCfg = AppStore|iPhone
		{EBAA5AD7-FE2C-4C1F-A05F-358EDF0D4237}.Debug|Any CPU.ActiveCfg = Debug|iPhone
		{EBAA5AD7-FE2C-4C1F-A05F-358EDF0D4237}.Debug|ARM.ActiveCfg = Debug|iPhone
		{EBAA5AD7-FE2C-4C1F-A05F-358EDF0D4237}.Debug|iPhone.ActiveCfg = Debug|iPhone
		{EBAA5AD7-FE2C-4C1F-A05F-358EDF0D4237}.Debug|iPhone.Build.0 = Debug|iPhone
		{EBAA5AD7-FE2C-4C1F-A05F-358EDF0D4237}.Debug|iPhoneSimulator.ActiveCfg = Debug|iPhoneSimulator
		{EBAA5AD7-FE2C-4C1F-A05F-358EDF0D4237}.Debug|iPhoneSimulator.Build.0 = Debug|iPhoneSimulator
		{EBAA5AD7-FE2C-4C1F-A05F-358EDF0D4237}.Debug|x64.ActiveCfg = Debug|iPhone
		{EBAA5AD7-FE2C-4C1F-A05F-358EDF0D4237}.Debug|x86.ActiveCfg = Debug|iPhone
		{EBAA5AD7-FE2C-4C1F-A05F-358EDF0D4237}.Release|Any CPU.ActiveCfg = Release|iPhone
		{EBAA5AD7-FE2C-4C1F-A05F-358EDF0D4237}.Release|ARM.ActiveCfg = Release|iPhone
		{EBAA5AD7-FE2C-4C1F-A05F-358EDF0D4237}.Release|iPhone.ActiveCfg = Release|iPhone
		{EBAA5AD7-FE2C-4C1F-A05F-358EDF0D4237}.Release|iPhone.Build.0 = Release|iPhone
		{EBAA5AD7-FE2C-4C1F-A05F-358EDF0D4237}.Release|iPhoneSimulator.ActiveCfg = Release|iPhoneSimulator
		{EBAA5AD7-FE2C-4C1F-A05F-358EDF0D4237}.Release|iPhoneSimulator.Build.0 = Release|iPhoneSimulator
		{EBAA5AD7-FE2C-4C1F-A05F-358EDF0D4237}.Release|x64.ActiveCfg = Release|iPhone
		{EBAA5AD7-FE2C-4C1F-A05F-358EDF0D4237}.Release|x86.ActiveCfg = Release|iPhone
		{A279C7B0-D9ED-46D0-841F-30F272D13300}.Ad-Hoc|Any CPU.ActiveCfg = Release|Any CPU
		{A279C7B0-D9ED-46D0-841F-30F272D13300}.Ad-Hoc|Any CPU.Build.0 = Release|Any CPU
		{A279C7B0-D9ED-46D0-841F-30F272D13300}.Ad-Hoc|Any CPU.Deploy.0 = Release|Any CPU
		{A279C7B0-D9ED-46D0-841F-30F272D13300}.Ad-Hoc|ARM.ActiveCfg = Release|ARM
		{A279C7B0-D9ED-46D0-841F-30F272D13300}.Ad-Hoc|ARM.Build.0 = Release|ARM
		{A279C7B0-D9ED-46D0-841F-30F272D13300}.Ad-Hoc|ARM.Deploy.0 = Release|ARM
		{A279C7B0-D9ED-46D0-841F-30F272D13300}.Ad-Hoc|iPhone.ActiveCfg = Release|Any CPU
		{A279C7B0-D9ED-46D0-841F-30F272D13300}.Ad-Hoc|iPhone.Build.0 = Release|Any CPU
		{A279C7B0-D9ED-46D0-841F-30F272D13300}.Ad-Hoc|iPhone.Deploy.0 = Release|Any CPU
		{A279C7B0-D9ED-46D0-841F-30F272D13300}.Ad-Hoc|iPhoneSimulator.ActiveCfg = Release|Any CPU
		{A279C7B0-D9ED-46D0-841F-30F272D13300}.Ad-Hoc|iPhoneSimulator.Build.0 = Release|Any CPU
		{A279C7B0-D9ED-46D0-841F-30F272D13300}.Ad-Hoc|iPhoneSimulator.Deploy.0 = Release|Any CPU
		{A279C7B0-D9ED-46D0-841F-30F272D13300}.Ad-Hoc|x64.ActiveCfg = Release|Any CPU
		{A279C7B0-D9ED-46D0-841F-30F272D13300}.Ad-Hoc|x64.Build.0 = Release|Any CPU
		{A279C7B0-D9ED-46D0-841F-30F272D13300}.Ad-Hoc|x64.Deploy.0 = Release|Any CPU
		{A279C7B0-D9ED-46D0-841F-30F272D13300}.Ad-Hoc|x86.ActiveCfg = Release|x86
		{A279C7B0-D9ED-46D0-841F-30F272D13300}.Ad-Hoc|x86.Build.0 = Release|x86
		{A279C7B0-D9ED-46D0-841F-30F272D13300}.Ad-Hoc|x86.Deploy.0 = Release|x86
		{A279C7B0-D9ED-46D0-841F-30F272D13300}.AppStore|Any CPU.ActiveCfg = Release|Any CPU
		{A279C7B0-D9ED-46D0-841F-30F272D13300}.AppStore|Any CPU.Build.0 = Release|Any CPU
		{A279C7B0-D9ED-46D0-841F-30F272D13300}.AppStore|Any CPU.Deploy.0 = Release|Any CPU
		{A279C7B0-D9ED-46D0-841F-30F272D13300}.AppStore|ARM.ActiveCfg = Release|ARM
		{A279C7B0-D9ED-46D0-841F-30F272D13300}.AppStore|ARM.Build.0 = Release|ARM
		{A279C7B0-D9ED-46D0-841F-30F272D13300}.AppStore|ARM.Deploy.0 = Release|ARM
		{A279C7B0-D9ED-46D0-841F-30F272D13300}.AppStore|iPhone.ActiveCfg = Release|Any CPU
		{A279C7B0-D9ED-46D0-841F-30F272D13300}.AppStore|iPhone.Build.0 = Release|Any CPU
		{A279C7B0-D9ED-46D0-841F-30F272D13300}.AppStore|iPhone.Deploy.0 = Release|Any CPU
		{A279C7B0-D9ED-46D0-841F-30F272D13300}.AppStore|iPhoneSimulator.ActiveCfg = Release|Any CPU
		{A279C7B0-D9ED-46D0-841F-30F272D13300}.AppStore|iPhoneSimulator.Build.0 = Release|Any CPU
		{A279C7B0-D9ED-46D0-841F-30F272D13300}.AppStore|iPhoneSimulator.Deploy.0 = Release|Any CPU
		{A279C7B0-D9ED-46D0-841F-30F272D13300}.AppStore|x64.ActiveCfg = Release|Any CPU
		{A279C7B0-D9ED-46D0-841F-30F272D13300}.AppStore|x64.Build.0 = Release|Any CPU
		{A279C7B0-D9ED-46D0-841F-30F272D13300}.AppStore|x64.Deploy.0 = Release|Any CPU
		{A279C7B0-D9ED-46D0-841F-30F272D13300}.AppStore|x86.ActiveCfg = Release|x86
		{A279C7B0-D9ED-46D0-841F-30F272D13300}.AppStore|x86.Build.0 = Release|x86
		{A279C7B0-D9ED-46D0-841F-30F272D13300}.AppStore|x86.Deploy.0 = Release|x86
		{A279C7B0-D9ED-46D0-841F-30F272D13300}.Debug|Any CPU.ActiveCfg = Debug|Any CPU
		{A279C7B0-D9ED-46D0-841F-30F272D13300}.Debug|Any CPU.Build.0 = Debug|Any CPU
		{A279C7B0-D9ED-46D0-841F-30F272D13300}.Debug|Any CPU.Deploy.0 = Debug|Any CPU
		{A279C7B0-D9ED-46D0-841F-30F272D13300}.Debug|ARM.ActiveCfg = Debug|ARM
		{A279C7B0-D9ED-46D0-841F-30F272D13300}.Debug|ARM.Build.0 = Debug|ARM
		{A279C7B0-D9ED-46D0-841F-30F272D13300}.Debug|ARM.Deploy.0 = Debug|ARM
		{A279C7B0-D9ED-46D0-841F-30F272D13300}.Debug|iPhone.ActiveCfg = Debug|Any CPU
		{A279C7B0-D9ED-46D0-841F-30F272D13300}.Debug|iPhone.Build.0 = Debug|Any CPU
		{A279C7B0-D9ED-46D0-841F-30F272D13300}.Debug|iPhone.Deploy.0 = Debug|Any CPU
		{A279C7B0-D9ED-46D0-841F-30F272D13300}.Debug|iPhoneSimulator.ActiveCfg = Debug|Any CPU
		{A279C7B0-D9ED-46D0-841F-30F272D13300}.Debug|iPhoneSimulator.Build.0 = Debug|Any CPU
		{A279C7B0-D9ED-46D0-841F-30F272D13300}.Debug|iPhoneSimulator.Deploy.0 = Debug|Any CPU
		{A279C7B0-D9ED-46D0-841F-30F272D13300}.Debug|x64.ActiveCfg = Debug|Any CPU
		{A279C7B0-D9ED-46D0-841F-30F272D13300}.Debug|x64.Build.0 = Debug|Any CPU
		{A279C7B0-D9ED-46D0-841F-30F272D13300}.Debug|x64.Deploy.0 = Debug|Any CPU
		{A279C7B0-D9ED-46D0-841F-30F272D13300}.Debug|x86.ActiveCfg = Debug|x86
		{A279C7B0-D9ED-46D0-841F-30F272D13300}.Debug|x86.Build.0 = Debug|x86
		{A279C7B0-D9ED-46D0-841F-30F272D13300}.Debug|x86.Deploy.0 = Debug|x86
		{A279C7B0-D9ED-46D0-841F-30F272D13300}.Release|Any CPU.ActiveCfg = Release|Any CPU
		{A279C7B0-D9ED-46D0-841F-30F272D13300}.Release|Any CPU.Build.0 = Release|Any CPU
		{A279C7B0-D9ED-46D0-841F-30F272D13300}.Release|Any CPU.Deploy.0 = Release|Any CPU
		{A279C7B0-D9ED-46D0-841F-30F272D13300}.Release|ARM.ActiveCfg = Release|ARM
		{A279C7B0-D9ED-46D0-841F-30F272D13300}.Release|ARM.Build.0 = Release|ARM
		{A279C7B0-D9ED-46D0-841F-30F272D13300}.Release|ARM.Deploy.0 = Release|ARM
		{A279C7B0-D9ED-46D0-841F-30F272D13300}.Release|iPhone.ActiveCfg = Release|Any CPU
		{A279C7B0-D9ED-46D0-841F-30F272D13300}.Release|iPhone.Build.0 = Release|Any CPU
		{A279C7B0-D9ED-46D0-841F-30F272D13300}.Release|iPhone.Deploy.0 = Release|Any CPU
		{A279C7B0-D9ED-46D0-841F-30F272D13300}.Release|iPhoneSimulator.ActiveCfg = Release|Any CPU
		{A279C7B0-D9ED-46D0-841F-30F272D13300}.Release|iPhoneSimulator.Build.0 = Release|Any CPU
		{A279C7B0-D9ED-46D0-841F-30F272D13300}.Release|iPhoneSimulator.Deploy.0 = Release|Any CPU
		{A279C7B0-D9ED-46D0-841F-30F272D13300}.Release|x64.ActiveCfg = Release|Any CPU
		{A279C7B0-D9ED-46D0-841F-30F272D13300}.Release|x64.Build.0 = Release|Any CPU
		{A279C7B0-D9ED-46D0-841F-30F272D13300}.Release|x64.Deploy.0 = Release|Any CPU
		{A279C7B0-D9ED-46D0-841F-30F272D13300}.Release|x86.ActiveCfg = Release|x86
		{A279C7B0-D9ED-46D0-841F-30F272D13300}.Release|x86.Build.0 = Release|x86
		{A279C7B0-D9ED-46D0-841F-30F272D13300}.Release|x86.Deploy.0 = Release|x86
		{E27E4B07-61C5-403C-97D5-EDD13F4E9D21}.Ad-Hoc|Any CPU.ActiveCfg = Release|x86
		{E27E4B07-61C5-403C-97D5-EDD13F4E9D21}.Ad-Hoc|Any CPU.Build.0 = Release|x86
		{E27E4B07-61C5-403C-97D5-EDD13F4E9D21}.Ad-Hoc|Any CPU.Deploy.0 = Release|x86
		{E27E4B07-61C5-403C-97D5-EDD13F4E9D21}.Ad-Hoc|ARM.ActiveCfg = Release|ARM
		{E27E4B07-61C5-403C-97D5-EDD13F4E9D21}.Ad-Hoc|ARM.Build.0 = Release|ARM
		{E27E4B07-61C5-403C-97D5-EDD13F4E9D21}.Ad-Hoc|ARM.Deploy.0 = Release|ARM
		{E27E4B07-61C5-403C-97D5-EDD13F4E9D21}.Ad-Hoc|iPhone.ActiveCfg = Release|x86
		{E27E4B07-61C5-403C-97D5-EDD13F4E9D21}.Ad-Hoc|iPhone.Build.0 = Release|x86
		{E27E4B07-61C5-403C-97D5-EDD13F4E9D21}.Ad-Hoc|iPhone.Deploy.0 = Release|x86
		{E27E4B07-61C5-403C-97D5-EDD13F4E9D21}.Ad-Hoc|iPhoneSimulator.ActiveCfg = Release|x86
		{E27E4B07-61C5-403C-97D5-EDD13F4E9D21}.Ad-Hoc|iPhoneSimulator.Build.0 = Release|x86
		{E27E4B07-61C5-403C-97D5-EDD13F4E9D21}.Ad-Hoc|iPhoneSimulator.Deploy.0 = Release|x86
		{E27E4B07-61C5-403C-97D5-EDD13F4E9D21}.Ad-Hoc|x64.ActiveCfg = Release|x64
		{E27E4B07-61C5-403C-97D5-EDD13F4E9D21}.Ad-Hoc|x64.Build.0 = Release|x64
		{E27E4B07-61C5-403C-97D5-EDD13F4E9D21}.Ad-Hoc|x64.Deploy.0 = Release|x64
		{E27E4B07-61C5-403C-97D5-EDD13F4E9D21}.Ad-Hoc|x86.ActiveCfg = Release|x86
		{E27E4B07-61C5-403C-97D5-EDD13F4E9D21}.Ad-Hoc|x86.Build.0 = Release|x86
		{E27E4B07-61C5-403C-97D5-EDD13F4E9D21}.Ad-Hoc|x86.Deploy.0 = Release|x86
		{E27E4B07-61C5-403C-97D5-EDD13F4E9D21}.AppStore|Any CPU.ActiveCfg = Release|x86
		{E27E4B07-61C5-403C-97D5-EDD13F4E9D21}.AppStore|Any CPU.Build.0 = Release|x86
		{E27E4B07-61C5-403C-97D5-EDD13F4E9D21}.AppStore|Any CPU.Deploy.0 = Release|x86
		{E27E4B07-61C5-403C-97D5-EDD13F4E9D21}.AppStore|ARM.ActiveCfg = Release|ARM
		{E27E4B07-61C5-403C-97D5-EDD13F4E9D21}.AppStore|ARM.Build.0 = Release|ARM
		{E27E4B07-61C5-403C-97D5-EDD13F4E9D21}.AppStore|ARM.Deploy.0 = Release|ARM
		{E27E4B07-61C5-403C-97D5-EDD13F4E9D21}.AppStore|iPhone.ActiveCfg = Release|x86
		{E27E4B07-61C5-403C-97D5-EDD13F4E9D21}.AppStore|iPhone.Build.0 = Release|x86
		{E27E4B07-61C5-403C-97D5-EDD13F4E9D21}.AppStore|iPhone.Deploy.0 = Release|x86
		{E27E4B07-61C5-403C-97D5-EDD13F4E9D21}.AppStore|iPhoneSimulator.ActiveCfg = Release|x86
		{E27E4B07-61C5-403C-97D5-EDD13F4E9D21}.AppStore|iPhoneSimulator.Build.0 = Release|x86
		{E27E4B07-61C5-403C-97D5-EDD13F4E9D21}.AppStore|iPhoneSimulator.Deploy.0 = Release|x86
		{E27E4B07-61C5-403C-97D5-EDD13F4E9D21}.AppStore|x64.ActiveCfg = Release|x64
		{E27E4B07-61C5-403C-97D5-EDD13F4E9D21}.AppStore|x64.Build.0 = Release|x64
		{E27E4B07-61C5-403C-97D5-EDD13F4E9D21}.AppStore|x64.Deploy.0 = Release|x64
		{E27E4B07-61C5-403C-97D5-EDD13F4E9D21}.AppStore|x86.ActiveCfg = Release|x86
		{E27E4B07-61C5-403C-97D5-EDD13F4E9D21}.AppStore|x86.Build.0 = Release|x86
		{E27E4B07-61C5-403C-97D5-EDD13F4E9D21}.AppStore|x86.Deploy.0 = Release|x86
		{E27E4B07-61C5-403C-97D5-EDD13F4E9D21}.Debug|Any CPU.ActiveCfg = Debug|x86
		{E27E4B07-61C5-403C-97D5-EDD13F4E9D21}.Debug|ARM.ActiveCfg = Debug|ARM
		{E27E4B07-61C5-403C-97D5-EDD13F4E9D21}.Debug|ARM.Build.0 = Debug|ARM
		{E27E4B07-61C5-403C-97D5-EDD13F4E9D21}.Debug|ARM.Deploy.0 = Debug|ARM
		{E27E4B07-61C5-403C-97D5-EDD13F4E9D21}.Debug|iPhone.ActiveCfg = Debug|x86
		{E27E4B07-61C5-403C-97D5-EDD13F4E9D21}.Debug|iPhoneSimulator.ActiveCfg = Debug|x86
		{E27E4B07-61C5-403C-97D5-EDD13F4E9D21}.Debug|x64.ActiveCfg = Debug|x64
		{E27E4B07-61C5-403C-97D5-EDD13F4E9D21}.Debug|x64.Build.0 = Debug|x64
		{E27E4B07-61C5-403C-97D5-EDD13F4E9D21}.Debug|x64.Deploy.0 = Debug|x64
		{E27E4B07-61C5-403C-97D5-EDD13F4E9D21}.Debug|x86.ActiveCfg = Debug|x86
		{E27E4B07-61C5-403C-97D5-EDD13F4E9D21}.Debug|x86.Build.0 = Debug|x86
		{E27E4B07-61C5-403C-97D5-EDD13F4E9D21}.Debug|x86.Deploy.0 = Debug|x86
		{E27E4B07-61C5-403C-97D5-EDD13F4E9D21}.Release|Any CPU.ActiveCfg = Release|x86
		{E27E4B07-61C5-403C-97D5-EDD13F4E9D21}.Release|ARM.ActiveCfg = Release|ARM
		{E27E4B07-61C5-403C-97D5-EDD13F4E9D21}.Release|ARM.Build.0 = Release|ARM
		{E27E4B07-61C5-403C-97D5-EDD13F4E9D21}.Release|ARM.Deploy.0 = Release|ARM
		{E27E4B07-61C5-403C-97D5-EDD13F4E9D21}.Release|iPhone.ActiveCfg = Release|x86
		{E27E4B07-61C5-403C-97D5-EDD13F4E9D21}.Release|iPhoneSimulator.ActiveCfg = Release|x86
		{E27E4B07-61C5-403C-97D5-EDD13F4E9D21}.Release|x64.ActiveCfg = Release|x64
		{E27E4B07-61C5-403C-97D5-EDD13F4E9D21}.Release|x64.Build.0 = Release|x64
		{E27E4B07-61C5-403C-97D5-EDD13F4E9D21}.Release|x64.Deploy.0 = Release|x64
		{E27E4B07-61C5-403C-97D5-EDD13F4E9D21}.Release|x86.ActiveCfg = Release|x86
		{E27E4B07-61C5-403C-97D5-EDD13F4E9D21}.Release|x86.Build.0 = Release|x86
		{E27E4B07-61C5-403C-97D5-EDD13F4E9D21}.Release|x86.Deploy.0 = Release|x86
		{2FEBE012-05FF-49AB-BBB0-EE6B008190CF}.Ad-Hoc|Any CPU.ActiveCfg = Release|Any CPU
		{2FEBE012-05FF-49AB-BBB0-EE6B008190CF}.Ad-Hoc|Any CPU.Build.0 = Release|Any CPU
		{2FEBE012-05FF-49AB-BBB0-EE6B008190CF}.Ad-Hoc|Any CPU.Deploy.0 = Release|Any CPU
		{2FEBE012-05FF-49AB-BBB0-EE6B008190CF}.Ad-Hoc|ARM.ActiveCfg = Release|ARM
		{2FEBE012-05FF-49AB-BBB0-EE6B008190CF}.Ad-Hoc|ARM.Build.0 = Release|ARM
		{2FEBE012-05FF-49AB-BBB0-EE6B008190CF}.Ad-Hoc|ARM.Deploy.0 = Release|ARM
		{2FEBE012-05FF-49AB-BBB0-EE6B008190CF}.Ad-Hoc|iPhone.ActiveCfg = Release|Any CPU
		{2FEBE012-05FF-49AB-BBB0-EE6B008190CF}.Ad-Hoc|iPhone.Build.0 = Release|Any CPU
		{2FEBE012-05FF-49AB-BBB0-EE6B008190CF}.Ad-Hoc|iPhone.Deploy.0 = Release|Any CPU
		{2FEBE012-05FF-49AB-BBB0-EE6B008190CF}.Ad-Hoc|iPhoneSimulator.ActiveCfg = Release|Any CPU
		{2FEBE012-05FF-49AB-BBB0-EE6B008190CF}.Ad-Hoc|iPhoneSimulator.Build.0 = Release|Any CPU
		{2FEBE012-05FF-49AB-BBB0-EE6B008190CF}.Ad-Hoc|iPhoneSimulator.Deploy.0 = Release|Any CPU
		{2FEBE012-05FF-49AB-BBB0-EE6B008190CF}.Ad-Hoc|x64.ActiveCfg = Release|x64
		{2FEBE012-05FF-49AB-BBB0-EE6B008190CF}.Ad-Hoc|x64.Build.0 = Release|x64
		{2FEBE012-05FF-49AB-BBB0-EE6B008190CF}.Ad-Hoc|x64.Deploy.0 = Release|x64
		{2FEBE012-05FF-49AB-BBB0-EE6B008190CF}.Ad-Hoc|x86.ActiveCfg = Release|x86
		{2FEBE012-05FF-49AB-BBB0-EE6B008190CF}.Ad-Hoc|x86.Build.0 = Release|x86
		{2FEBE012-05FF-49AB-BBB0-EE6B008190CF}.Ad-Hoc|x86.Deploy.0 = Release|x86
		{2FEBE012-05FF-49AB-BBB0-EE6B008190CF}.AppStore|Any CPU.ActiveCfg = Release|Any CPU
		{2FEBE012-05FF-49AB-BBB0-EE6B008190CF}.AppStore|Any CPU.Build.0 = Release|Any CPU
		{2FEBE012-05FF-49AB-BBB0-EE6B008190CF}.AppStore|Any CPU.Deploy.0 = Release|Any CPU
		{2FEBE012-05FF-49AB-BBB0-EE6B008190CF}.AppStore|ARM.ActiveCfg = Release|ARM
		{2FEBE012-05FF-49AB-BBB0-EE6B008190CF}.AppStore|ARM.Build.0 = Release|ARM
		{2FEBE012-05FF-49AB-BBB0-EE6B008190CF}.AppStore|ARM.Deploy.0 = Release|ARM
		{2FEBE012-05FF-49AB-BBB0-EE6B008190CF}.AppStore|iPhone.ActiveCfg = Release|Any CPU
		{2FEBE012-05FF-49AB-BBB0-EE6B008190CF}.AppStore|iPhone.Build.0 = Release|Any CPU
		{2FEBE012-05FF-49AB-BBB0-EE6B008190CF}.AppStore|iPhone.Deploy.0 = Release|Any CPU
		{2FEBE012-05FF-49AB-BBB0-EE6B008190CF}.AppStore|iPhoneSimulator.ActiveCfg = Release|Any CPU
		{2FEBE012-05FF-49AB-BBB0-EE6B008190CF}.AppStore|iPhoneSimulator.Build.0 = Release|Any CPU
		{2FEBE012-05FF-49AB-BBB0-EE6B008190CF}.AppStore|iPhoneSimulator.Deploy.0 = Release|Any CPU
		{2FEBE012-05FF-49AB-BBB0-EE6B008190CF}.AppStore|x64.ActiveCfg = Release|x64
		{2FEBE012-05FF-49AB-BBB0-EE6B008190CF}.AppStore|x64.Build.0 = Release|x64
		{2FEBE012-05FF-49AB-BBB0-EE6B008190CF}.AppStore|x64.Deploy.0 = Release|x64
		{2FEBE012-05FF-49AB-BBB0-EE6B008190CF}.AppStore|x86.ActiveCfg = Release|x86
		{2FEBE012-05FF-49AB-BBB0-EE6B008190CF}.AppStore|x86.Build.0 = Release|x86
		{2FEBE012-05FF-49AB-BBB0-EE6B008190CF}.AppStore|x86.Deploy.0 = Release|x86
		{2FEBE012-05FF-49AB-BBB0-EE6B008190CF}.Debug|Any CPU.ActiveCfg = Debug|Any CPU
		{2FEBE012-05FF-49AB-BBB0-EE6B008190CF}.Debug|Any CPU.Build.0 = Debug|Any CPU
		{2FEBE012-05FF-49AB-BBB0-EE6B008190CF}.Debug|Any CPU.Deploy.0 = Debug|Any CPU
		{2FEBE012-05FF-49AB-BBB0-EE6B008190CF}.Debug|ARM.ActiveCfg = Debug|ARM
		{2FEBE012-05FF-49AB-BBB0-EE6B008190CF}.Debug|ARM.Build.0 = Debug|ARM
		{2FEBE012-05FF-49AB-BBB0-EE6B008190CF}.Debug|ARM.Deploy.0 = Debug|ARM
		{2FEBE012-05FF-49AB-BBB0-EE6B008190CF}.Debug|iPhone.ActiveCfg = Debug|Any CPU
		{2FEBE012-05FF-49AB-BBB0-EE6B008190CF}.Debug|iPhone.Build.0 = Debug|Any CPU
		{2FEBE012-05FF-49AB-BBB0-EE6B008190CF}.Debug|iPhone.Deploy.0 = Debug|Any CPU
		{2FEBE012-05FF-49AB-BBB0-EE6B008190CF}.Debug|iPhoneSimulator.ActiveCfg = Debug|Any CPU
		{2FEBE012-05FF-49AB-BBB0-EE6B008190CF}.Debug|iPhoneSimulator.Build.0 = Debug|Any CPU
		{2FEBE012-05FF-49AB-BBB0-EE6B008190CF}.Debug|iPhoneSimulator.Deploy.0 = Debug|Any CPU
		{2FEBE012-05FF-49AB-BBB0-EE6B008190CF}.Debug|x64.ActiveCfg = Debug|x64
		{2FEBE012-05FF-49AB-BBB0-EE6B008190CF}.Debug|x64.Build.0 = Debug|x64
		{2FEBE012-05FF-49AB-BBB0-EE6B008190CF}.Debug|x64.Deploy.0 = Debug|x64
		{2FEBE012-05FF-49AB-BBB0-EE6B008190CF}.Debug|x86.ActiveCfg = Debug|x86
		{2FEBE012-05FF-49AB-BBB0-EE6B008190CF}.Debug|x86.Build.0 = Debug|x86
		{2FEBE012-05FF-49AB-BBB0-EE6B008190CF}.Debug|x86.Deploy.0 = Debug|x86
		{2FEBE012-05FF-49AB-BBB0-EE6B008190CF}.Release|Any CPU.ActiveCfg = Release|Any CPU
		{2FEBE012-05FF-49AB-BBB0-EE6B008190CF}.Release|Any CPU.Build.0 = Release|Any CPU
		{2FEBE012-05FF-49AB-BBB0-EE6B008190CF}.Release|Any CPU.Deploy.0 = Release|Any CPU
		{2FEBE012-05FF-49AB-BBB0-EE6B008190CF}.Release|ARM.ActiveCfg = Release|ARM
		{2FEBE012-05FF-49AB-BBB0-EE6B008190CF}.Release|ARM.Build.0 = Release|ARM
		{2FEBE012-05FF-49AB-BBB0-EE6B008190CF}.Release|ARM.Deploy.0 = Release|ARM
		{2FEBE012-05FF-49AB-BBB0-EE6B008190CF}.Release|iPhone.ActiveCfg = Release|Any CPU
		{2FEBE012-05FF-49AB-BBB0-EE6B008190CF}.Release|iPhone.Build.0 = Release|Any CPU
		{2FEBE012-05FF-49AB-BBB0-EE6B008190CF}.Release|iPhone.Deploy.0 = Release|Any CPU
		{2FEBE012-05FF-49AB-BBB0-EE6B008190CF}.Release|iPhoneSimulator.ActiveCfg = Release|Any CPU
		{2FEBE012-05FF-49AB-BBB0-EE6B008190CF}.Release|iPhoneSimulator.Build.0 = Release|Any CPU
		{2FEBE012-05FF-49AB-BBB0-EE6B008190CF}.Release|iPhoneSimulator.Deploy.0 = Release|Any CPU
		{2FEBE012-05FF-49AB-BBB0-EE6B008190CF}.Release|x64.ActiveCfg = Release|x64
		{2FEBE012-05FF-49AB-BBB0-EE6B008190CF}.Release|x64.Build.0 = Release|x64
		{2FEBE012-05FF-49AB-BBB0-EE6B008190CF}.Release|x64.Deploy.0 = Release|x64
		{2FEBE012-05FF-49AB-BBB0-EE6B008190CF}.Release|x86.ActiveCfg = Release|x86
		{2FEBE012-05FF-49AB-BBB0-EE6B008190CF}.Release|x86.Build.0 = Release|x86
		{2FEBE012-05FF-49AB-BBB0-EE6B008190CF}.Release|x86.Deploy.0 = Release|x86
		{0CA2DA5F-D8BD-4717-A9B5-102F38DCDC7B}.Ad-Hoc|Any CPU.ActiveCfg = Release|Any CPU
		{0CA2DA5F-D8BD-4717-A9B5-102F38DCDC7B}.Ad-Hoc|Any CPU.Build.0 = Release|Any CPU
		{0CA2DA5F-D8BD-4717-A9B5-102F38DCDC7B}.Ad-Hoc|ARM.ActiveCfg = Release|Any CPU
		{0CA2DA5F-D8BD-4717-A9B5-102F38DCDC7B}.Ad-Hoc|ARM.Build.0 = Release|Any CPU
		{0CA2DA5F-D8BD-4717-A9B5-102F38DCDC7B}.Ad-Hoc|iPhone.ActiveCfg = Release|Any CPU
		{0CA2DA5F-D8BD-4717-A9B5-102F38DCDC7B}.Ad-Hoc|iPhone.Build.0 = Release|Any CPU
		{0CA2DA5F-D8BD-4717-A9B5-102F38DCDC7B}.Ad-Hoc|iPhoneSimulator.ActiveCfg = Release|Any CPU
		{0CA2DA5F-D8BD-4717-A9B5-102F38DCDC7B}.Ad-Hoc|iPhoneSimulator.Build.0 = Release|Any CPU
		{0CA2DA5F-D8BD-4717-A9B5-102F38DCDC7B}.Ad-Hoc|x64.ActiveCfg = Release|Any CPU
		{0CA2DA5F-D8BD-4717-A9B5-102F38DCDC7B}.Ad-Hoc|x64.Build.0 = Release|Any CPU
		{0CA2DA5F-D8BD-4717-A9B5-102F38DCDC7B}.Ad-Hoc|x86.ActiveCfg = Release|Any CPU
		{0CA2DA5F-D8BD-4717-A9B5-102F38DCDC7B}.Ad-Hoc|x86.Build.0 = Release|Any CPU
		{0CA2DA5F-D8BD-4717-A9B5-102F38DCDC7B}.AppStore|Any CPU.ActiveCfg = Release|Any CPU
		{0CA2DA5F-D8BD-4717-A9B5-102F38DCDC7B}.AppStore|Any CPU.Build.0 = Release|Any CPU
		{0CA2DA5F-D8BD-4717-A9B5-102F38DCDC7B}.AppStore|ARM.ActiveCfg = Release|Any CPU
		{0CA2DA5F-D8BD-4717-A9B5-102F38DCDC7B}.AppStore|ARM.Build.0 = Release|Any CPU
		{0CA2DA5F-D8BD-4717-A9B5-102F38DCDC7B}.AppStore|iPhone.ActiveCfg = Release|Any CPU
		{0CA2DA5F-D8BD-4717-A9B5-102F38DCDC7B}.AppStore|iPhone.Build.0 = Release|Any CPU
		{0CA2DA5F-D8BD-4717-A9B5-102F38DCDC7B}.AppStore|iPhoneSimulator.ActiveCfg = Release|Any CPU
		{0CA2DA5F-D8BD-4717-A9B5-102F38DCDC7B}.AppStore|iPhoneSimulator.Build.0 = Release|Any CPU
		{0CA2DA5F-D8BD-4717-A9B5-102F38DCDC7B}.AppStore|x64.ActiveCfg = Release|Any CPU
		{0CA2DA5F-D8BD-4717-A9B5-102F38DCDC7B}.AppStore|x64.Build.0 = Release|Any CPU
		{0CA2DA5F-D8BD-4717-A9B5-102F38DCDC7B}.AppStore|x86.ActiveCfg = Release|Any CPU
		{0CA2DA5F-D8BD-4717-A9B5-102F38DCDC7B}.AppStore|x86.Build.0 = Release|Any CPU
		{0CA2DA5F-D8BD-4717-A9B5-102F38DCDC7B}.Debug|Any CPU.ActiveCfg = Debug|Any CPU
		{0CA2DA5F-D8BD-4717-A9B5-102F38DCDC7B}.Debug|Any CPU.Build.0 = Debug|Any CPU
		{0CA2DA5F-D8BD-4717-A9B5-102F38DCDC7B}.Debug|ARM.ActiveCfg = Debug|Any CPU
		{0CA2DA5F-D8BD-4717-A9B5-102F38DCDC7B}.Debug|ARM.Build.0 = Debug|Any CPU
		{0CA2DA5F-D8BD-4717-A9B5-102F38DCDC7B}.Debug|iPhone.ActiveCfg = Debug|Any CPU
		{0CA2DA5F-D8BD-4717-A9B5-102F38DCDC7B}.Debug|iPhone.Build.0 = Debug|Any CPU
		{0CA2DA5F-D8BD-4717-A9B5-102F38DCDC7B}.Debug|iPhoneSimulator.ActiveCfg = Debug|Any CPU
		{0CA2DA5F-D8BD-4717-A9B5-102F38DCDC7B}.Debug|iPhoneSimulator.Build.0 = Debug|Any CPU
		{0CA2DA5F-D8BD-4717-A9B5-102F38DCDC7B}.Debug|x64.ActiveCfg = Debug|Any CPU
		{0CA2DA5F-D8BD-4717-A9B5-102F38DCDC7B}.Debug|x64.Build.0 = Debug|Any CPU
		{0CA2DA5F-D8BD-4717-A9B5-102F38DCDC7B}.Debug|x86.ActiveCfg = Debug|Any CPU
		{0CA2DA5F-D8BD-4717-A9B5-102F38DCDC7B}.Debug|x86.Build.0 = Debug|Any CPU
		{0CA2DA5F-D8BD-4717-A9B5-102F38DCDC7B}.Release|Any CPU.ActiveCfg = Release|Any CPU
		{0CA2DA5F-D8BD-4717-A9B5-102F38DCDC7B}.Release|Any CPU.Build.0 = Release|Any CPU
		{0CA2DA5F-D8BD-4717-A9B5-102F38DCDC7B}.Release|ARM.ActiveCfg = Release|Any CPU
		{0CA2DA5F-D8BD-4717-A9B5-102F38DCDC7B}.Release|ARM.Build.0 = Release|Any CPU
		{0CA2DA5F-D8BD-4717-A9B5-102F38DCDC7B}.Release|iPhone.ActiveCfg = Release|Any CPU
		{0CA2DA5F-D8BD-4717-A9B5-102F38DCDC7B}.Release|iPhone.Build.0 = Release|Any CPU
		{0CA2DA5F-D8BD-4717-A9B5-102F38DCDC7B}.Release|iPhoneSimulator.ActiveCfg = Release|Any CPU
		{0CA2DA5F-D8BD-4717-A9B5-102F38DCDC7B}.Release|iPhoneSimulator.Build.0 = Release|Any CPU
		{0CA2DA5F-D8BD-4717-A9B5-102F38DCDC7B}.Release|x64.ActiveCfg = Release|Any CPU
		{0CA2DA5F-D8BD-4717-A9B5-102F38DCDC7B}.Release|x64.Build.0 = Release|Any CPU
		{0CA2DA5F-D8BD-4717-A9B5-102F38DCDC7B}.Release|x86.ActiveCfg = Release|Any CPU
		{0CA2DA5F-D8BD-4717-A9B5-102F38DCDC7B}.Release|x86.Build.0 = Release|Any CPU
	EndGlobalSection
	GlobalSection(SolutionProperties) = preSolution
		HideSolutionNode = FALSE
	EndGlobalSection
EndGlobal
