
Microsoft Visual Studio Solution File, Format Version 12.00
# Visual Studio 15
VisualStudioVersion = 15.0.26430.6
MinimumVisualStudioVersion = 10.0.40219.1
Project("{FAE04EC0-301F-11D3-BF4B-00C04F79EFBC}") = "LifeCycle", "LifeCycle\LifeCycle.csproj", "{8E75CB1B-8AC9-42E5-B41C-48DFEB034B60}"
EndProject
Project("{FAE04EC0-301F-11D3-BF4B-00C04F79EFBC}") = "LifeCycle.DSL.Monitor", "LifeCycle.DSL.Monitor\LifeCycle.DSL.Monitor.csproj", "{2586C52D-CCB6-411E-9F9A-FD33D2D8E835}"
EndProject
Project("{FAE04EC0-301F-11D3-BF4B-00C04F79EFBC}") = "LifeCycle.DSL.Monitor.Console", "LifeCycle.DSL.Monitor.Console\LifeCycle.DSL.Monitor.Console.csproj", "{9B61A65B-A08D-452E-926A-35FA1B32C559}"
EndProject
Global
	GlobalSection(SolutionConfigurationPlatforms) = preSolution
		Debug|Any CPU = Debug|Any CPU
		Release|Any CPU = Release|Any CPU
	EndGlobalSection
	GlobalSection(ProjectConfigurationPlatforms) = postSolution
		{8E75CB1B-8AC9-42E5-B41C-48DFEB034B60}.Debug|Any CPU.ActiveCfg = Debug|Any CPU
		{8E75CB1B-8AC9-42E5-B41C-48DFEB034B60}.Debug|Any CPU.Build.0 = Debug|Any CPU
		{8E75CB1B-8AC9-42E5-B41C-48DFEB034B60}.Release|Any CPU.ActiveCfg = Release|Any CPU
		{8E75CB1B-8AC9-42E5-B41C-48DFEB034B60}.Release|Any CPU.Build.0 = Release|Any CPU
		{2586C52D-CCB6-411E-9F9A-FD33D2D8E835}.Debug|Any CPU.ActiveCfg = Debug|Any CPU
		{2586C52D-CCB6-411E-9F9A-FD33D2D8E835}.Debug|Any CPU.Build.0 = Debug|Any CPU
		{2586C52D-CCB6-411E-9F9A-FD33D2D8E835}.Release|Any CPU.ActiveCfg = Release|Any CPU
		{2586C52D-CCB6-411E-9F9A-FD33D2D8E835}.Release|Any CPU.Build.0 = Release|Any CPU
		{9B61A65B-A08D-452E-926A-35FA1B32C559}.Debug|Any CPU.ActiveCfg = Debug|Any CPU
		{9B61A65B-A08D-452E-926A-35FA1B32C559}.Debug|Any CPU.Build.0 = Debug|Any CPU
		{9B61A65B-A08D-452E-926A-35FA1B32C559}.Release|Any CPU.ActiveCfg = Release|Any CPU
		{9B61A65B-A08D-452E-926A-35FA1B32C559}.Release|Any CPU.Build.0 = Release|Any CPU
	EndGlobalSection
	GlobalSection(SolutionProperties) = preSolution
		HideSolutionNode = FALSE
	EndGlobalSection
EndGlobal
